{
  "version": 4,
  "terraform_version": "1.5.4",
  "serial": 36,
  "lineage": "52abc540-c35f-315b-5380-67eb57ba3d49",
  "outputs": {},
  "resources": [
    {
      "mode": "managed",
      "type": "azurerm_cdn_endpoint",
      "name": "cdnendpoint",
      "provider": "provider[\"registry.terraform.io/hashicorp/azurerm\"]",
      "instances": [
        {
          "schema_version": 1,
          "attributes": {
            "content_types_to_compress": [],
            "delivery_rule": [],
            "fqdn": "VastagonCDNEndpoint.azureedge.net",
            "geo_filter": [],
            "global_delivery_rule": [],
            "id": "/subscriptions/e213a1d7-ec53-43b8-8c56-637302aff6d4/resourceGroups/tf-website-rg/providers/Microsoft.Cdn/profiles/resumeCDN/endpoints/VastagonCDNEndpoint",
            "is_compression_enabled": false,
            "is_http_allowed": true,
            "is_https_allowed": true,
            "location": "eastus",
            "name": "VastagonCDNEndpoint",
            "optimization_type": "",
            "origin": [
              {
                "host_name": "tfwebsitesa.z13.web.core.windows.net",
                "http_port": 80,
                "https_port": 443,
                "name": "VastagonCDNEndpoint"
              }
            ],
            "origin_host_header": "tfwebsitesa.z13.web.core.windows.net",
            "origin_path": "",
            "probe_path": "",
            "profile_name": "resumeCDN",
            "querystring_caching_behaviour": "IgnoreQueryString",
            "resource_group_name": "tf-website-rg",
            "tags": null,
            "timeouts": null
          },
          "sensitive_attributes": [],
          "private": "eyJlMmJmYjczMC1lY2FhLTExZTYtOGY4OC0zNDM2M2JjN2M0YzAiOnsiY3JlYXRlIjoxODAwMDAwMDAwMDAwLCJkZWxldGUiOjE4MDAwMDAwMDAwMDAsInJlYWQiOjMwMDAwMDAwMDAwMCwidXBkYXRlIjoxODAwMDAwMDAwMDAwfSwic2NoZW1hX3ZlcnNpb24iOiIxIn0=",
          "dependencies": [
            "azurerm_cdn_profile.websitecdn",
            "azurerm_resource_group.tf-website-rg"
          ]
        }
      ]
    },
    {
      "mode": "managed",
      "type": "azurerm_cdn_profile",
      "name": "websitecdn",
      "provider": "provider[\"registry.terraform.io/hashicorp/azurerm\"]",
      "instances": [
        {
          "schema_version": 1,
          "attributes": {
            "id": "/subscriptions/e213a1d7-ec53-43b8-8c56-637302aff6d4/resourceGroups/tf-website-rg/providers/Microsoft.Cdn/profiles/resumeCDN",
            "location": "eastus",
            "name": "resumeCDN",
            "resource_group_name": "tf-website-rg",
            "sku": "Standard_Microsoft",
            "tags": null,
            "timeouts": null
          },
          "sensitive_attributes": [],
          "private": "eyJlMmJmYjczMC1lY2FhLTExZTYtOGY4OC0zNDM2M2JjN2M0YzAiOnsiY3JlYXRlIjoxODAwMDAwMDAwMDAwLCJkZWxldGUiOjE4MDAwMDAwMDAwMDAsInJlYWQiOjMwMDAwMDAwMDAwMCwidXBkYXRlIjoxODAwMDAwMDAwMDAwfSwic2NoZW1hX3ZlcnNpb24iOiIxIn0=",
          "dependencies": [
            "azurerm_resource_group.tf-website-rg"
          ]
        }
      ]
    },
    {
      "mode": "managed",
      "type": "azurerm_resource_group",
      "name": "tf-website-rg",
      "provider": "provider[\"registry.terraform.io/hashicorp/azurerm\"]",
      "instances": [
        {
          "schema_version": 0,
          "attributes": {
            "id": "/subscriptions/e213a1d7-ec53-43b8-8c56-637302aff6d4/resourceGroups/tf-website-rg",
            "location": "eastus",
            "name": "tf-website-rg",
            "tags": null,
            "timeouts": null
          },
          "sensitive_attributes": [],
          "private": "eyJlMmJmYjczMC1lY2FhLTExZTYtOGY4OC0zNDM2M2JjN2M0YzAiOnsiY3JlYXRlIjo1NDAwMDAwMDAwMDAwLCJkZWxldGUiOjU0MDAwMDAwMDAwMDAsInJlYWQiOjMwMDAwMDAwMDAwMCwidXBkYXRlIjo1NDAwMDAwMDAwMDAwfX0="
        }
      ]
    },
    {
      "mode": "managed",
      "type": "azurerm_storage_account",
      "name": "static-storage-account",
      "provider": "provider[\"registry.terraform.io/hashicorp/azurerm\"]",
      "instances": [
        {
          "schema_version": 3,
          "attributes": {
            "access_tier": "Hot",
            "account_kind": "StorageV2",
            "account_replication_type": "LRS",
            "account_tier": "Standard",
            "allow_nested_items_to_be_public": true,
            "azure_files_authentication": [],
            "blob_properties": [
              {
                "change_feed_enabled": false,
                "container_delete_retention_policy": [],
                "cors_rule": [],
                "default_service_version": "",
                "delete_retention_policy": [],
                "last_access_time_enabled": false,
                "versioning_enabled": false
              }
            ],
            "custom_domain": [],
            "customer_managed_key": [],
            "edge_zone": "",
            "enable_https_traffic_only": true,
            "id": "/subscriptions/e213a1d7-ec53-43b8-8c56-637302aff6d4/resourceGroups/tf-website-rg/providers/Microsoft.Storage/storageAccounts/tfwebsitesa",
            "identity": [],
            "infrastructure_encryption_enabled": false,
            "is_hns_enabled": false,
            "large_file_share_enabled": null,
            "location": "eastus",
            "min_tls_version": "TLS1_2",
            "name": "tfwebsitesa",
            "network_rules": [
              {
                "bypass": [
                  "AzureServices"
                ],
                "default_action": "Allow",
                "ip_rules": [],
                "private_link_access": [],
                "virtual_network_subnet_ids": []
              }
            ],
            "nfsv3_enabled": false,
            "primary_access_key": "T3v/CS85VqyiCCxNmotzWwaKagjmun7anPgiwd2BYpnfC0va+na8uaYmniUXyULSP9ARGexCDtSD+ASt85sH7w==",
            "primary_blob_connection_string": "DefaultEndpointsProtocol=https;BlobEndpoint=https://tfwebsitesa.blob.core.windows.net/;AccountName=tfwebsitesa;AccountKey=T3v/CS85VqyiCCxNmotzWwaKagjmun7anPgiwd2BYpnfC0va+na8uaYmniUXyULSP9ARGexCDtSD+ASt85sH7w==",
            "primary_blob_endpoint": "https://tfwebsitesa.blob.core.windows.net/",
            "primary_blob_host": "tfwebsitesa.blob.core.windows.net",
            "primary_connection_string": "DefaultEndpointsProtocol=https;AccountName=tfwebsitesa;AccountKey=T3v/CS85VqyiCCxNmotzWwaKagjmun7anPgiwd2BYpnfC0va+na8uaYmniUXyULSP9ARGexCDtSD+ASt85sH7w==;EndpointSuffix=core.windows.net",
            "primary_dfs_endpoint": "https://tfwebsitesa.dfs.core.windows.net/",
            "primary_dfs_host": "tfwebsitesa.dfs.core.windows.net",
            "primary_file_endpoint": "https://tfwebsitesa.file.core.windows.net/",
            "primary_file_host": "tfwebsitesa.file.core.windows.net",
            "primary_location": "eastus",
            "primary_queue_endpoint": "https://tfwebsitesa.queue.core.windows.net/",
            "primary_queue_host": "tfwebsitesa.queue.core.windows.net",
            "primary_table_endpoint": "https://tfwebsitesa.table.core.windows.net/",
            "primary_table_host": "tfwebsitesa.table.core.windows.net",
            "primary_web_endpoint": "https://tfwebsitesa.z13.web.core.windows.net/",
            "primary_web_host": "tfwebsitesa.z13.web.core.windows.net",
            "queue_encryption_key_type": "Service",
            "queue_properties": [
              {
                "cors_rule": [],
                "hour_metrics": [
                  {
                    "enabled": true,
                    "include_apis": true,
                    "retention_policy_days": 7,
                    "version": "1.0"
                  }
                ],
                "logging": [
                  {
                    "delete": false,
                    "read": false,
                    "retention_policy_days": 0,
                    "version": "1.0",
                    "write": false
                  }
                ],
                "minute_metrics": [
                  {
                    "enabled": false,
                    "include_apis": false,
                    "retention_policy_days": 0,
                    "version": "1.0"
                  }
                ]
              }
            ],
            "resource_group_name": "tf-website-rg",
            "routing": [],
            "secondary_access_key": "z6sMkPJZzFLtjVFGQ+Ttrh9HTL9uYGZhhbws526HYqQUdMgfwcqrAKTEmJLOO3/49DRfUBhPq0Df+AStVTP5yQ==",
            "secondary_blob_connection_string": "",
            "secondary_blob_endpoint": null,
            "secondary_blob_host": null,
            "secondary_connection_string": "DefaultEndpointsProtocol=https;AccountName=tfwebsitesa;AccountKey=z6sMkPJZzFLtjVFGQ+Ttrh9HTL9uYGZhhbws526HYqQUdMgfwcqrAKTEmJLOO3/49DRfUBhPq0Df+AStVTP5yQ==;EndpointSuffix=core.windows.net",
            "secondary_dfs_endpoint": null,
            "secondary_dfs_host": null,
            "secondary_file_endpoint": null,
            "secondary_file_host": null,
            "secondary_location": "",
            "secondary_queue_endpoint": null,
            "secondary_queue_host": null,
            "secondary_table_endpoint": null,
            "secondary_table_host": null,
            "secondary_web_endpoint": null,
            "secondary_web_host": null,
            "share_properties": [
              {
                "cors_rule": [],
                "retention_policy": [
                  {
                    "days": 7
                  }
                ],
                "smb": []
              }
            ],
            "shared_access_key_enabled": true,
            "static_website": [
              {
                "error_404_document": "",
                "index_document": "resume.html"
              }
            ],
            "table_encryption_key_type": "Service",
            "tags": null,
            "timeouts": null
          },
          "sensitive_attributes": [],
          "private": "eyJlMmJmYjczMC1lY2FhLTExZTYtOGY4OC0zNDM2M2JjN2M0YzAiOnsiY3JlYXRlIjozNjAwMDAwMDAwMDAwLCJkZWxldGUiOjM2MDAwMDAwMDAwMDAsInJlYWQiOjMwMDAwMDAwMDAwMCwidXBkYXRlIjozNjAwMDAwMDAwMDAwfSwic2NoZW1hX3ZlcnNpb24iOiIzIn0=",
          "dependencies": [
            "azurerm_resource_group.tf-website-rg"
          ]
        }
      ]
    }
  ],
  "check_results": null
}
