{
  "version": 4,
  "terraform_version": "1.5.4",
  "serial": 68,
  "lineage": "52abc540-c35f-315b-5380-67eb57ba3d49",
  "outputs": {},
  "resources": [
    {
      "mode": "managed",
      "type": "azurerm_cdn_endpoint",
      "name": "cdnendpoint",
      "provider": "provider[\"registry.terraform.io/hashicorp/azurerm\"]",
      "instances": [
        {
          "schema_version": 1,
          "attributes": {
            "content_types_to_compress": [],
            "delivery_rule": [],
            "fqdn": "VastagonCDNEndpoint.azureedge.net",
            "geo_filter": [],
            "global_delivery_rule": [],
            "id": "/subscriptions/e213a1d7-ec53-43b8-8c56-637302aff6d4/resourceGroups/tf-website-rg/providers/Microsoft.Cdn/profiles/resumeCDN/endpoints/VastagonCDNEndpoint",
            "is_compression_enabled": false,
            "is_http_allowed": true,
            "is_https_allowed": true,
            "location": "eastus",
            "name": "VastagonCDNEndpoint",
            "optimization_type": "",
            "origin": [
              {
                "host_name": "tfwebsitesa.z13.web.core.windows.net",
                "http_port": 80,
                "https_port": 443,
                "name": "VastagonCDNEndpoint"
              }
            ],
            "origin_host_header": "tfwebsitesa.z13.web.core.windows.net",
            "origin_path": "",
            "probe_path": "",
            "profile_name": "resumeCDN",
            "querystring_caching_behaviour": "IgnoreQueryString",
            "resource_group_name": "tf-website-rg",
            "tags": null,
            "timeouts": null
          },
          "sensitive_attributes": [],
          "private": "eyJlMmJmYjczMC1lY2FhLTExZTYtOGY4OC0zNDM2M2JjN2M0YzAiOnsiY3JlYXRlIjoxODAwMDAwMDAwMDAwLCJkZWxldGUiOjE4MDAwMDAwMDAwMDAsInJlYWQiOjMwMDAwMDAwMDAwMCwidXBkYXRlIjoxODAwMDAwMDAwMDAwfSwic2NoZW1hX3ZlcnNpb24iOiIxIn0=",
          "dependencies": [
            "azurerm_cdn_profile.websitecdn",
            "azurerm_resource_group.tf-website-rg"
          ]
        }
      ]
    },
    {
      "mode": "managed",
      "type": "azurerm_cdn_profile",
      "name": "websitecdn",
      "provider": "provider[\"registry.terraform.io/hashicorp/azurerm\"]",
      "instances": [
        {
          "schema_version": 1,
          "attributes": {
            "id": "/subscriptions/e213a1d7-ec53-43b8-8c56-637302aff6d4/resourceGroups/tf-website-rg/providers/Microsoft.Cdn/profiles/resumeCDN",
            "location": "eastus",
            "name": "resumeCDN",
            "resource_group_name": "tf-website-rg",
            "sku": "Standard_Microsoft",
            "tags": null,
            "timeouts": null
          },
          "sensitive_attributes": [],
          "private": "eyJlMmJmYjczMC1lY2FhLTExZTYtOGY4OC0zNDM2M2JjN2M0YzAiOnsiY3JlYXRlIjoxODAwMDAwMDAwMDAwLCJkZWxldGUiOjE4MDAwMDAwMDAwMDAsInJlYWQiOjMwMDAwMDAwMDAwMCwidXBkYXRlIjoxODAwMDAwMDAwMDAwfSwic2NoZW1hX3ZlcnNpb24iOiIxIn0=",
          "dependencies": [
            "azurerm_resource_group.tf-website-rg"
          ]
        }
      ]
    },
    {
      "mode": "managed",
      "type": "azurerm_cosmosdb_account",
      "name": "cosmosdb",
      "provider": "provider[\"registry.terraform.io/hashicorp/azurerm\"]",
      "instances": [
        {
          "schema_version": 0,
          "attributes": {
            "access_key_metadata_writes_enabled": true,
            "analytical_storage": [
              {
                "schema_type": "WellDefined"
              }
            ],
            "analytical_storage_enabled": false,
            "backup": [
              {
                "interval_in_minutes": 240,
                "retention_in_hours": 8,
                "storage_redundancy": "Geo",
                "type": "Periodic"
              }
            ],
            "capabilities": [],
            "capacity": [],
            "connection_strings": [
              "AccountEndpoint=https://vastagoncosmosdb.documents.azure.com:443/;AccountKey=NuASDEeX1iDP5Ck7hASYm9KgAJ1VLeR5gxYEtjIvv9PCSBZW9up1Ab9zVqwsm8YmGgNqQjQMrLAtACDbNpJK4A==;",
              "AccountEndpoint=https://vastagoncosmosdb.documents.azure.com:443/;AccountKey=ZgszFhqoPSWoTfo01CpzNj86PCVREY7KW5IhcXtTj12t1ul8xhXOyp6dDdkxLV0uG8LHPjFSMTGEACDbUsqHjA==;",
              "AccountEndpoint=https://vastagoncosmosdb.documents.azure.com:443/;AccountKey=fMidZ7f1laEHLnxnCyDDWJ5jAxiNmucXKsanFRkfhvskI6kG4OerKf7DlN9ChvAPwHApQvFa26geACDbGixRkw==;",
              "AccountEndpoint=https://vastagoncosmosdb.documents.azure.com:443/;AccountKey=KEMcI1aH2SQKzmFTy9Bu2kGLBb4ShhbI1iabKrmM2zZD8RXsXho8j2fFE45jd1w7H3wiNlMz8rZ4ACDb0l5dlw==;"
            ],
            "consistency_policy": [
              {
                "consistency_level": "BoundedStaleness",
                "max_interval_in_seconds": 300,
                "max_staleness_prefix": 100000
              }
            ],
            "cors_rule": [],
            "create_mode": "",
            "default_identity_type": "FirstPartyIdentity",
            "enable_automatic_failover": false,
            "enable_free_tier": false,
            "enable_multiple_write_locations": false,
            "endpoint": "https://vastagoncosmosdb.documents.azure.com:443/",
            "geo_location": [
              {
                "failover_priority": 0,
                "id": "vastagoncosmosdb-eastus",
                "location": "eastus",
                "zone_redundant": false
              },
              {
                "failover_priority": 1,
                "id": "vastagoncosmosdb-westus",
                "location": "westus",
                "zone_redundant": false
              }
            ],
            "id": "/subscriptions/e213a1d7-ec53-43b8-8c56-637302aff6d4/resourceGroups/cosmosdbrg/providers/Microsoft.DocumentDB/databaseAccounts/vastagoncosmosdb",
            "identity": [],
            "ip_range_filter": "",
            "is_virtual_network_filter_enabled": false,
            "key_vault_key_id": null,
            "kind": "GlobalDocumentDB",
            "local_authentication_disabled": false,
            "location": "eastus",
            "mongo_server_version": null,
            "name": "vastagoncosmosdb",
            "network_acl_bypass_for_azure_services": false,
            "network_acl_bypass_ids": null,
            "offer_type": "Standard",
            "primary_key": "NuASDEeX1iDP5Ck7hASYm9KgAJ1VLeR5gxYEtjIvv9PCSBZW9up1Ab9zVqwsm8YmGgNqQjQMrLAtACDbNpJK4A==",
            "primary_readonly_key": "fMidZ7f1laEHLnxnCyDDWJ5jAxiNmucXKsanFRkfhvskI6kG4OerKf7DlN9ChvAPwHApQvFa26geACDbGixRkw==",
            "public_network_access_enabled": true,
            "read_endpoints": [
              "https://vastagoncosmosdb-eastus.documents.azure.com:443/",
              "https://vastagoncosmosdb-westus.documents.azure.com:443/"
            ],
            "resource_group_name": "cosmosdbrg",
            "restore": [],
            "secondary_key": "ZgszFhqoPSWoTfo01CpzNj86PCVREY7KW5IhcXtTj12t1ul8xhXOyp6dDdkxLV0uG8LHPjFSMTGEACDbUsqHjA==",
            "secondary_readonly_key": "KEMcI1aH2SQKzmFTy9Bu2kGLBb4ShhbI1iabKrmM2zZD8RXsXho8j2fFE45jd1w7H3wiNlMz8rZ4ACDb0l5dlw==",
            "tags": null,
            "timeouts": null,
            "virtual_network_rule": [],
            "write_endpoints": [
              "https://vastagoncosmosdb-eastus.documents.azure.com:443/"
            ]
          },
          "sensitive_attributes": [],
          "private": "eyJlMmJmYjczMC1lY2FhLTExZTYtOGY4OC0zNDM2M2JjN2M0YzAiOnsiY3JlYXRlIjoxMDgwMDAwMDAwMDAwMCwiZGVsZXRlIjoxMDgwMDAwMDAwMDAwMCwicmVhZCI6MzAwMDAwMDAwMDAwLCJ1cGRhdGUiOjEwODAwMDAwMDAwMDAwfX0=",
          "dependencies": [
            "azurerm_resource_group.cosmosdbrg"
          ]
        }
      ]
    },
    {
      "mode": "managed",
      "type": "azurerm_cosmosdb_sql_container",
      "name": "count-container",
      "provider": "provider[\"registry.terraform.io/hashicorp/azurerm\"]",
      "instances": [
        {
          "schema_version": 1,
          "attributes": {
            "account_name": "vastagoncosmosdb",
            "analytical_storage_ttl": null,
            "autoscale_settings": [],
            "conflict_resolution_policy": [
              {
                "conflict_resolution_path": "/_ts",
                "conflict_resolution_procedure": "",
                "mode": "LastWriterWins"
              }
            ],
            "database_name": "vastagonresumedb",
            "default_ttl": null,
            "id": "/subscriptions/e213a1d7-ec53-43b8-8c56-637302aff6d4/resourceGroups/cosmosdbrg/providers/Microsoft.DocumentDB/databaseAccounts/vastagoncosmosdb/sqlDatabases/vastagonresumedb/containers/count-container",
            "indexing_policy": [
              {
                "composite_index": [],
                "excluded_path": [
                  {
                    "path": "/excluded/?"
                  }
                ],
                "included_path": [
                  {
                    "path": "/*"
                  },
                  {
                    "path": "/included/?"
                  }
                ],
                "indexing_mode": "consistent",
                "spatial_index": []
              }
            ],
            "name": "count-container",
            "partition_key_path": "/definition/id",
            "partition_key_version": 1,
            "resource_group_name": "cosmosdbrg",
            "throughput": 400,
            "timeouts": null,
            "unique_key": [
              {
                "paths": [
                  "/definition/idlong",
                  "/definition/idshort"
                ]
              }
            ]
          },
          "sensitive_attributes": [],
          "private": "eyJlMmJmYjczMC1lY2FhLTExZTYtOGY4OC0zNDM2M2JjN2M0YzAiOnsiY3JlYXRlIjoxODAwMDAwMDAwMDAwLCJkZWxldGUiOjE4MDAwMDAwMDAwMDAsInJlYWQiOjMwMDAwMDAwMDAwMCwidXBkYXRlIjoxODAwMDAwMDAwMDAwfSwic2NoZW1hX3ZlcnNpb24iOiIxIn0=",
          "dependencies": [
            "azurerm_cosmosdb_account.cosmosdb",
            "azurerm_cosmosdb_sql_database.cosmossqldatabase",
            "azurerm_resource_group.cosmosdbrg"
          ]
        }
      ]
    },
    {
      "mode": "managed",
      "type": "azurerm_cosmosdb_sql_database",
      "name": "cosmossqldatabase",
      "provider": "provider[\"registry.terraform.io/hashicorp/azurerm\"]",
      "instances": [
        {
          "schema_version": 1,
          "attributes": {
            "account_name": "vastagoncosmosdb",
            "autoscale_settings": [],
            "id": "/subscriptions/e213a1d7-ec53-43b8-8c56-637302aff6d4/resourceGroups/cosmosdbrg/providers/Microsoft.DocumentDB/databaseAccounts/vastagoncosmosdb/sqlDatabases/vastagonresumedb",
            "name": "vastagonresumedb",
            "resource_group_name": "cosmosdbrg",
            "throughput": 400,
            "timeouts": null
          },
          "sensitive_attributes": [],
          "private": "eyJlMmJmYjczMC1lY2FhLTExZTYtOGY4OC0zNDM2M2JjN2M0YzAiOnsiY3JlYXRlIjoxODAwMDAwMDAwMDAwLCJkZWxldGUiOjE4MDAwMDAwMDAwMDAsInJlYWQiOjMwMDAwMDAwMDAwMCwidXBkYXRlIjoxODAwMDAwMDAwMDAwfSwic2NoZW1hX3ZlcnNpb24iOiIxIn0=",
          "dependencies": [
            "azurerm_cosmosdb_account.cosmosdb",
            "azurerm_resource_group.cosmosdbrg"
          ]
        }
      ]
    },
    {
      "mode": "managed",
      "type": "azurerm_resource_group",
      "name": "cosmosdbrg",
      "provider": "provider[\"registry.terraform.io/hashicorp/azurerm\"]",
      "instances": [
        {
          "schema_version": 0,
          "attributes": {
            "id": "/subscriptions/e213a1d7-ec53-43b8-8c56-637302aff6d4/resourceGroups/cosmosdbrg",
            "location": "eastus",
            "name": "cosmosdbrg",
            "tags": null,
            "timeouts": null
          },
          "sensitive_attributes": [],
          "private": "eyJlMmJmYjczMC1lY2FhLTExZTYtOGY4OC0zNDM2M2JjN2M0YzAiOnsiY3JlYXRlIjo1NDAwMDAwMDAwMDAwLCJkZWxldGUiOjU0MDAwMDAwMDAwMDAsInJlYWQiOjMwMDAwMDAwMDAwMCwidXBkYXRlIjo1NDAwMDAwMDAwMDAwfX0="
        }
      ]
    },
    {
      "mode": "managed",
      "type": "azurerm_resource_group",
      "name": "tf-website-rg",
      "provider": "provider[\"registry.terraform.io/hashicorp/azurerm\"]",
      "instances": [
        {
          "schema_version": 0,
          "attributes": {
            "id": "/subscriptions/e213a1d7-ec53-43b8-8c56-637302aff6d4/resourceGroups/tf-website-rg",
            "location": "eastus",
            "name": "tf-website-rg",
            "tags": null,
            "timeouts": null
          },
          "sensitive_attributes": [],
          "private": "eyJlMmJmYjczMC1lY2FhLTExZTYtOGY4OC0zNDM2M2JjN2M0YzAiOnsiY3JlYXRlIjo1NDAwMDAwMDAwMDAwLCJkZWxldGUiOjU0MDAwMDAwMDAwMDAsInJlYWQiOjMwMDAwMDAwMDAwMCwidXBkYXRlIjo1NDAwMDAwMDAwMDAwfX0="
        }
      ]
    },
    {
      "mode": "managed",
      "type": "azurerm_storage_account",
      "name": "static-storage-account",
      "provider": "provider[\"registry.terraform.io/hashicorp/azurerm\"]",
      "instances": [
        {
          "schema_version": 3,
          "attributes": {
            "access_tier": "Hot",
            "account_kind": "StorageV2",
            "account_replication_type": "LRS",
            "account_tier": "Standard",
            "allow_nested_items_to_be_public": true,
            "azure_files_authentication": [],
            "blob_properties": [
              {
                "change_feed_enabled": false,
                "container_delete_retention_policy": [],
                "cors_rule": [],
                "default_service_version": "",
                "delete_retention_policy": [],
                "last_access_time_enabled": false,
                "versioning_enabled": false
              }
            ],
            "custom_domain": [],
            "customer_managed_key": [],
            "edge_zone": "",
            "enable_https_traffic_only": true,
            "id": "/subscriptions/e213a1d7-ec53-43b8-8c56-637302aff6d4/resourceGroups/tf-website-rg/providers/Microsoft.Storage/storageAccounts/tfwebsitesa",
            "identity": [],
            "infrastructure_encryption_enabled": false,
            "is_hns_enabled": false,
            "large_file_share_enabled": null,
            "location": "eastus",
            "min_tls_version": "TLS1_2",
            "name": "tfwebsitesa",
            "network_rules": [
              {
                "bypass": [
                  "AzureServices"
                ],
                "default_action": "Allow",
                "ip_rules": [],
                "private_link_access": [],
                "virtual_network_subnet_ids": []
              }
            ],
            "nfsv3_enabled": false,
            "primary_access_key": "xFNEBob2jEdJplNcFhDs6SrgF1VG9or4IUD7h06+sHetzL4EIWrBHphjeZDgs+zAnx1SvpC4+bWa+AStIFH+Ow==",
            "primary_blob_connection_string": "DefaultEndpointsProtocol=https;BlobEndpoint=https://tfwebsitesa.blob.core.windows.net/;AccountName=tfwebsitesa;AccountKey=xFNEBob2jEdJplNcFhDs6SrgF1VG9or4IUD7h06+sHetzL4EIWrBHphjeZDgs+zAnx1SvpC4+bWa+AStIFH+Ow==",
            "primary_blob_endpoint": "https://tfwebsitesa.blob.core.windows.net/",
            "primary_blob_host": "tfwebsitesa.blob.core.windows.net",
            "primary_connection_string": "DefaultEndpointsProtocol=https;AccountName=tfwebsitesa;AccountKey=xFNEBob2jEdJplNcFhDs6SrgF1VG9or4IUD7h06+sHetzL4EIWrBHphjeZDgs+zAnx1SvpC4+bWa+AStIFH+Ow==;EndpointSuffix=core.windows.net",
            "primary_dfs_endpoint": "https://tfwebsitesa.dfs.core.windows.net/",
            "primary_dfs_host": "tfwebsitesa.dfs.core.windows.net",
            "primary_file_endpoint": "https://tfwebsitesa.file.core.windows.net/",
            "primary_file_host": "tfwebsitesa.file.core.windows.net",
            "primary_location": "eastus",
            "primary_queue_endpoint": "https://tfwebsitesa.queue.core.windows.net/",
            "primary_queue_host": "tfwebsitesa.queue.core.windows.net",
            "primary_table_endpoint": "https://tfwebsitesa.table.core.windows.net/",
            "primary_table_host": "tfwebsitesa.table.core.windows.net",
            "primary_web_endpoint": "https://tfwebsitesa.z13.web.core.windows.net/",
            "primary_web_host": "tfwebsitesa.z13.web.core.windows.net",
            "queue_encryption_key_type": "Service",
            "queue_properties": [
              {
                "cors_rule": [],
                "hour_metrics": [
                  {
                    "enabled": true,
                    "include_apis": true,
                    "retention_policy_days": 7,
                    "version": "1.0"
                  }
                ],
                "logging": [
                  {
                    "delete": false,
                    "read": false,
                    "retention_policy_days": 0,
                    "version": "1.0",
                    "write": false
                  }
                ],
                "minute_metrics": [
                  {
                    "enabled": false,
                    "include_apis": false,
                    "retention_policy_days": 0,
                    "version": "1.0"
                  }
                ]
              }
            ],
            "resource_group_name": "tf-website-rg",
            "routing": [],
            "secondary_access_key": "OnXaY6RyKccMeeM/Znz21U5brXZov3SMFUt20qg3mb0m57vWBW4JJRiCr2tyOYFKQeKBMAJMxYBa+AStXA8TrQ==",
            "secondary_blob_connection_string": "",
            "secondary_blob_endpoint": null,
            "secondary_blob_host": null,
            "secondary_connection_string": "DefaultEndpointsProtocol=https;AccountName=tfwebsitesa;AccountKey=OnXaY6RyKccMeeM/Znz21U5brXZov3SMFUt20qg3mb0m57vWBW4JJRiCr2tyOYFKQeKBMAJMxYBa+AStXA8TrQ==;EndpointSuffix=core.windows.net",
            "secondary_dfs_endpoint": null,
            "secondary_dfs_host": null,
            "secondary_file_endpoint": null,
            "secondary_file_host": null,
            "secondary_location": "",
            "secondary_queue_endpoint": null,
            "secondary_queue_host": null,
            "secondary_table_endpoint": null,
            "secondary_table_host": null,
            "secondary_web_endpoint": null,
            "secondary_web_host": null,
            "share_properties": [
              {
                "cors_rule": [],
                "retention_policy": [
                  {
                    "days": 7
                  }
                ],
                "smb": []
              }
            ],
            "shared_access_key_enabled": true,
            "static_website": [
              {
                "error_404_document": "",
                "index_document": "resume.html"
              }
            ],
            "table_encryption_key_type": "Service",
            "tags": null,
            "timeouts": null
          },
          "sensitive_attributes": [],
          "private": "eyJlMmJmYjczMC1lY2FhLTExZTYtOGY4OC0zNDM2M2JjN2M0YzAiOnsiY3JlYXRlIjozNjAwMDAwMDAwMDAwLCJkZWxldGUiOjM2MDAwMDAwMDAwMDAsInJlYWQiOjMwMDAwMDAwMDAwMCwidXBkYXRlIjozNjAwMDAwMDAwMDAwfSwic2NoZW1hX3ZlcnNpb24iOiIzIn0=",
          "dependencies": [
            "azurerm_resource_group.tf-website-rg"
          ]
        }
      ]
    }
  ],
  "check_results": null
}
