{
  "version": 4,
  "terraform_version": "1.5.4",
  "serial": 310,
  "lineage": "52abc540-c35f-315b-5380-67eb57ba3d49",
  "outputs": {},
  "resources": [
    {
      "mode": "managed",
      "type": "azurerm_application_insights",
      "name": "application-insights",
      "provider": "provider[\"registry.terraform.io/hashicorp/azurerm\"]",
      "instances": [
        {
          "schema_version": 1,
          "attributes": {
            "app_id": "d74059b3-436c-4b08-b1c9-fbbac5530361",
            "application_type": "Node.JS",
            "connection_string": "InstrumentationKey=5bd137c2-16ed-4d33-b2b0-3896f8aaf23e;IngestionEndpoint=https://eastus-6.in.applicationinsights.azure.com/;LiveEndpoint=https://eastus.livediagnostics.monitor.azure.com/",
            "daily_data_cap_in_gb": 100,
            "daily_data_cap_notifications_disabled": false,
            "disable_ip_masking": false,
            "force_customer_storage_for_profiler": false,
            "id": "/subscriptions/e213a1d7-ec53-43b8-8c56-637302aff6d4/resourceGroups/vast-func-app-rg/providers/Microsoft.Insights/components/tf-resume-appinsights",
            "instrumentation_key": "5bd137c2-16ed-4d33-b2b0-3896f8aaf23e",
            "internet_ingestion_enabled": true,
            "internet_query_enabled": true,
            "local_authentication_disabled": false,
            "location": "eastus",
            "name": "tf-resume-appinsights",
            "resource_group_name": "vast-func-app-rg",
            "retention_in_days": 90,
            "sampling_percentage": 100,
            "tags": {},
            "timeouts": null,
            "workspace_id": null
          },
          "sensitive_attributes": [],
          "private": "eyJlMmJmYjczMC1lY2FhLTExZTYtOGY4OC0zNDM2M2JjN2M0YzAiOnsiY3JlYXRlIjozNjAwMDAwMDAwMDAwLCJkZWxldGUiOjE4MDAwMDAwMDAwMDAsInJlYWQiOjMwMDAwMDAwMDAwMCwidXBkYXRlIjoxODAwMDAwMDAwMDAwfSwic2NoZW1hX3ZlcnNpb24iOiIxIn0=",
          "dependencies": [
            "azurerm_resource_group.function-app-rg"
          ]
        }
      ]
    },
    {
      "mode": "managed",
      "type": "azurerm_cdn_endpoint",
      "name": "cdnendpoint",
      "provider": "provider[\"registry.terraform.io/hashicorp/azurerm\"]",
      "instances": [
        {
          "schema_version": 1,
          "attributes": {
            "content_types_to_compress": [],
            "delivery_rule": [],
            "fqdn": "VastagonCDNEndpoint.azureedge.net",
            "geo_filter": [],
            "global_delivery_rule": [],
            "id": "/subscriptions/e213a1d7-ec53-43b8-8c56-637302aff6d4/resourceGroups/tf-website-rg/providers/Microsoft.Cdn/profiles/resumeCDN/endpoints/VastagonCDNEndpoint",
            "is_compression_enabled": false,
            "is_http_allowed": true,
            "is_https_allowed": true,
            "location": "eastus",
            "name": "VastagonCDNEndpoint",
            "optimization_type": "",
            "origin": [
              {
                "host_name": "tfwebsitesa.z13.web.core.windows.net",
                "http_port": 80,
                "https_port": 443,
                "name": "VastagonCDNEndpoint"
              }
            ],
            "origin_host_header": "tfwebsitesa.z13.web.core.windows.net",
            "origin_path": "",
            "probe_path": "",
            "profile_name": "resumeCDN",
            "querystring_caching_behaviour": "IgnoreQueryString",
            "resource_group_name": "tf-website-rg",
            "tags": {},
            "timeouts": null
          },
          "sensitive_attributes": [],
          "private": "eyJlMmJmYjczMC1lY2FhLTExZTYtOGY4OC0zNDM2M2JjN2M0YzAiOnsiY3JlYXRlIjoxODAwMDAwMDAwMDAwLCJkZWxldGUiOjE4MDAwMDAwMDAwMDAsInJlYWQiOjMwMDAwMDAwMDAwMCwidXBkYXRlIjoxODAwMDAwMDAwMDAwfSwic2NoZW1hX3ZlcnNpb24iOiIxIn0=",
          "dependencies": [
            "azurerm_cdn_profile.websitecdn",
            "azurerm_resource_group.tf-website-rg"
          ]
        }
      ]
    },
    {
      "mode": "managed",
      "type": "azurerm_cdn_profile",
      "name": "websitecdn",
      "provider": "provider[\"registry.terraform.io/hashicorp/azurerm\"]",
      "instances": [
        {
          "schema_version": 1,
          "attributes": {
            "id": "/subscriptions/e213a1d7-ec53-43b8-8c56-637302aff6d4/resourceGroups/tf-website-rg/providers/Microsoft.Cdn/profiles/resumeCDN",
            "location": "eastus",
            "name": "resumeCDN",
            "resource_group_name": "tf-website-rg",
            "sku": "Standard_Microsoft",
            "tags": {},
            "timeouts": null
          },
          "sensitive_attributes": [],
          "private": "eyJlMmJmYjczMC1lY2FhLTExZTYtOGY4OC0zNDM2M2JjN2M0YzAiOnsiY3JlYXRlIjoxODAwMDAwMDAwMDAwLCJkZWxldGUiOjE4MDAwMDAwMDAwMDAsInJlYWQiOjMwMDAwMDAwMDAwMCwidXBkYXRlIjoxODAwMDAwMDAwMDAwfSwic2NoZW1hX3ZlcnNpb24iOiIxIn0=",
          "dependencies": [
            "azurerm_resource_group.tf-website-rg"
          ]
        }
      ]
    },
    {
      "mode": "managed",
      "type": "azurerm_cosmosdb_account",
      "name": "cosmosdb",
      "provider": "provider[\"registry.terraform.io/hashicorp/azurerm\"]",
      "instances": [
        {
          "schema_version": 0,
          "attributes": {
            "access_key_metadata_writes_enabled": true,
            "analytical_storage": [
              {
                "schema_type": "WellDefined"
              }
            ],
            "analytical_storage_enabled": false,
            "backup": [
              {
                "interval_in_minutes": 240,
                "retention_in_hours": 8,
                "storage_redundancy": "Geo",
                "type": "Periodic"
              }
            ],
            "capabilities": [],
            "capacity": [],
            "connection_strings": [
              "AccountEndpoint=https://vastagoncosmosdb.documents.azure.com:443/;AccountKey=3Zo924rOVmillrmaeOmvthJOkPOk48FTqJNrOlbw6MmSGA7MBC5zNrSDHQju05WlAVvb1MakPeWZACDbf8GCrw==;",
              "AccountEndpoint=https://vastagoncosmosdb.documents.azure.com:443/;AccountKey=UV1j4CXmho4ZseZnUU35chVfcFR8Cb7Acht4OSVGAiilgaVJDE7qbvLsQX3r8BTfrCc0CV29nWGiACDbPCGA1Q==;",
              "AccountEndpoint=https://vastagoncosmosdb.documents.azure.com:443/;AccountKey=yn3MaBdFIX4UKdIrS4Bd2NFdzc2Qxnjx0wQcd4VvgW1uArD9etJl5yISp9JUn4IdLlfsLpLbSCdmACDbf6dfLg==;",
              "AccountEndpoint=https://vastagoncosmosdb.documents.azure.com:443/;AccountKey=L06Ie5zNreKwe7sG2CNRygdt3yutaQMOZhqCS2rdqNvmK6zN4kzzPx6hKWhQKv8gRbuamPL9icl1ACDbmDbNVw==;"
            ],
            "consistency_policy": [
              {
                "consistency_level": "BoundedStaleness",
                "max_interval_in_seconds": 300,
                "max_staleness_prefix": 100000
              }
            ],
            "cors_rule": [],
            "create_mode": "",
            "default_identity_type": "FirstPartyIdentity",
            "enable_automatic_failover": false,
            "enable_free_tier": false,
            "enable_multiple_write_locations": false,
            "endpoint": "https://vastagoncosmosdb.documents.azure.com:443/",
            "geo_location": [
              {
                "failover_priority": 0,
                "id": "vastagoncosmosdb-eastus",
                "location": "eastus",
                "zone_redundant": false
              },
              {
                "failover_priority": 1,
                "id": "vastagoncosmosdb-westus",
                "location": "westus",
                "zone_redundant": false
              }
            ],
            "id": "/subscriptions/e213a1d7-ec53-43b8-8c56-637302aff6d4/resourceGroups/cosmosdbrg/providers/Microsoft.DocumentDB/databaseAccounts/vastagoncosmosdb",
            "identity": [],
            "ip_range_filter": "",
            "is_virtual_network_filter_enabled": false,
            "key_vault_key_id": null,
            "kind": "GlobalDocumentDB",
            "local_authentication_disabled": false,
            "location": "eastus",
            "mongo_server_version": null,
            "name": "vastagoncosmosdb",
            "network_acl_bypass_for_azure_services": false,
            "network_acl_bypass_ids": [],
            "offer_type": "Standard",
            "primary_key": "3Zo924rOVmillrmaeOmvthJOkPOk48FTqJNrOlbw6MmSGA7MBC5zNrSDHQju05WlAVvb1MakPeWZACDbf8GCrw==",
            "primary_readonly_key": "yn3MaBdFIX4UKdIrS4Bd2NFdzc2Qxnjx0wQcd4VvgW1uArD9etJl5yISp9JUn4IdLlfsLpLbSCdmACDbf6dfLg==",
            "public_network_access_enabled": true,
            "read_endpoints": [
              "https://vastagoncosmosdb-eastus.documents.azure.com:443/",
              "https://vastagoncosmosdb-westus.documents.azure.com:443/"
            ],
            "resource_group_name": "cosmosdbrg",
            "restore": [],
            "secondary_key": "UV1j4CXmho4ZseZnUU35chVfcFR8Cb7Acht4OSVGAiilgaVJDE7qbvLsQX3r8BTfrCc0CV29nWGiACDbPCGA1Q==",
            "secondary_readonly_key": "L06Ie5zNreKwe7sG2CNRygdt3yutaQMOZhqCS2rdqNvmK6zN4kzzPx6hKWhQKv8gRbuamPL9icl1ACDbmDbNVw==",
            "tags": {},
            "timeouts": null,
            "virtual_network_rule": [],
            "write_endpoints": [
              "https://vastagoncosmosdb-eastus.documents.azure.com:443/"
            ]
          },
          "sensitive_attributes": [],
          "private": "eyJlMmJmYjczMC1lY2FhLTExZTYtOGY4OC0zNDM2M2JjN2M0YzAiOnsiY3JlYXRlIjoxMDgwMDAwMDAwMDAwMCwiZGVsZXRlIjoxMDgwMDAwMDAwMDAwMCwicmVhZCI6MzAwMDAwMDAwMDAwLCJ1cGRhdGUiOjEwODAwMDAwMDAwMDAwfX0=",
          "dependencies": [
            "azurerm_resource_group.cosmosdbrg"
          ]
        }
      ]
    },
    {
      "mode": "managed",
      "type": "azurerm_cosmosdb_sql_container",
      "name": "count-container",
      "provider": "provider[\"registry.terraform.io/hashicorp/azurerm\"]",
      "instances": [
        {
          "schema_version": 1,
          "attributes": {
            "account_name": "vastagoncosmosdb",
            "analytical_storage_ttl": null,
            "autoscale_settings": [],
            "conflict_resolution_policy": [
              {
                "conflict_resolution_path": "/_ts",
                "conflict_resolution_procedure": "",
                "mode": "LastWriterWins"
              }
            ],
            "database_name": "vastagonresumedb",
            "default_ttl": null,
            "id": "/subscriptions/e213a1d7-ec53-43b8-8c56-637302aff6d4/resourceGroups/cosmosdbrg/providers/Microsoft.DocumentDB/databaseAccounts/vastagoncosmosdb/sqlDatabases/vastagonresumedb/containers/count-container",
            "indexing_policy": [
              {
                "composite_index": [],
                "excluded_path": [
                  {
                    "path": "/excluded/?"
                  }
                ],
                "included_path": [
                  {
                    "path": "/*"
                  },
                  {
                    "path": "/included/?"
                  }
                ],
                "indexing_mode": "consistent",
                "spatial_index": []
              }
            ],
            "name": "count-container",
            "partition_key_path": "/definition/id",
            "partition_key_version": 1,
            "resource_group_name": "cosmosdbrg",
            "throughput": 400,
            "timeouts": null,
            "unique_key": [
              {
                "paths": [
                  "/definition/idlong",
                  "/definition/idshort"
                ]
              }
            ]
          },
          "sensitive_attributes": [],
          "private": "eyJlMmJmYjczMC1lY2FhLTExZTYtOGY4OC0zNDM2M2JjN2M0YzAiOnsiY3JlYXRlIjoxODAwMDAwMDAwMDAwLCJkZWxldGUiOjE4MDAwMDAwMDAwMDAsInJlYWQiOjMwMDAwMDAwMDAwMCwidXBkYXRlIjoxODAwMDAwMDAwMDAwfSwic2NoZW1hX3ZlcnNpb24iOiIxIn0=",
          "dependencies": [
            "azurerm_cosmosdb_account.cosmosdb",
            "azurerm_cosmosdb_sql_database.cosmossqldatabase",
            "azurerm_resource_group.cosmosdbrg"
          ]
        }
      ]
    },
    {
      "mode": "managed",
      "type": "azurerm_cosmosdb_sql_database",
      "name": "cosmossqldatabase",
      "provider": "provider[\"registry.terraform.io/hashicorp/azurerm\"]",
      "instances": [
        {
          "schema_version": 1,
          "attributes": {
            "account_name": "vastagoncosmosdb",
            "autoscale_settings": [],
            "id": "/subscriptions/e213a1d7-ec53-43b8-8c56-637302aff6d4/resourceGroups/cosmosdbrg/providers/Microsoft.DocumentDB/databaseAccounts/vastagoncosmosdb/sqlDatabases/vastagonresumedb",
            "name": "vastagonresumedb",
            "resource_group_name": "cosmosdbrg",
            "throughput": 400,
            "timeouts": null
          },
          "sensitive_attributes": [],
          "private": "eyJlMmJmYjczMC1lY2FhLTExZTYtOGY4OC0zNDM2M2JjN2M0YzAiOnsiY3JlYXRlIjoxODAwMDAwMDAwMDAwLCJkZWxldGUiOjE4MDAwMDAwMDAwMDAsInJlYWQiOjMwMDAwMDAwMDAwMCwidXBkYXRlIjoxODAwMDAwMDAwMDAwfSwic2NoZW1hX3ZlcnNpb24iOiIxIn0=",
          "dependencies": [
            "azurerm_cosmosdb_account.cosmosdb",
            "azurerm_resource_group.cosmosdbrg"
          ]
        }
      ]
    },
    {
      "mode": "managed",
      "type": "azurerm_linux_function_app",
      "name": "linux-function-app",
      "provider": "provider[\"registry.terraform.io/hashicorp/azurerm\"]",
      "instances": [
        {
          "schema_version": 0,
          "attributes": {
            "app_settings": {
              "CosmosDB": "AccountEndpoint=https://vastagoncosmosdb.documents.azure.com:443/;AccountKey=3Zo924rOVmillrmaeOmvthJOkPOk48FTqJNrOlbw6MmSGA7MBC5zNrSDHQju05WlAVvb1MakPeWZACDbf8GCrw==;",
              "CosmosDbConnectionString": "AccountEndpoint=https://vastagoncosmosdb.documents.azure.com:443/;AccountKey=3Zo924rOVmillrmaeOmvthJOkPOk48FTqJNrOlbw6MmSGA7MBC5zNrSDHQju05WlAVvb1MakPeWZACDbf8GCrw==;"
            },
            "auth_settings": [
              {
                "active_directory": [],
                "additional_login_parameters": {},
                "allowed_external_redirect_urls": [],
                "default_provider": "",
                "enabled": false,
                "facebook": [],
                "github": [],
                "google": [],
                "issuer": "",
                "microsoft": [],
                "runtime_version": "",
                "token_refresh_extension_hours": 0,
                "token_store_enabled": false,
                "twitter": [],
                "unauthenticated_client_action": ""
              }
            ],
            "backup": [],
            "builtin_logging_enabled": true,
            "client_certificate_enabled": false,
            "client_certificate_mode": "Optional",
            "connection_string": [],
            "content_share_force_disabled": false,
            "custom_domain_verification_id": "",
            "daily_memory_time_quota": 0,
            "default_hostname": "",
            "enabled": true,
            "functions_extension_version": "~4",
            "https_only": false,
            "id": "/subscriptions/e213a1d7-ec53-43b8-8c56-637302aff6d4/resourceGroups/vast-func-app-rg/providers/Microsoft.Web/sites/vastagon-linux-function-app",
            "identity": [],
            "key_vault_reference_identity_id": "SystemAssigned",
            "kind": "functionapp,linux",
            "location": "eastus",
            "name": "vastagon-linux-function-app",
            "outbound_ip_address_list": [],
            "outbound_ip_addresses": "",
            "possible_outbound_ip_address_list": [],
            "possible_outbound_ip_addresses": "",
            "resource_group_name": "vast-func-app-rg",
            "service_plan_id": "/subscriptions/e213a1d7-ec53-43b8-8c56-637302aff6d4/resourceGroups/vast-func-app-rg/providers/Microsoft.Web/serverfarms/azure-functions-test-service-plan",
            "site_config": [
              {
                "always_on": true,
                "api_definition_url": "",
                "api_management_api_id": "",
                "app_command_line": "",
                "app_scale_limit": 0,
                "app_service_logs": [],
                "application_insights_connection_string": "InstrumentationKey=5bd137c2-16ed-4d33-b2b0-3896f8aaf23e;IngestionEndpoint=https://eastus-6.in.applicationinsights.azure.com/;LiveEndpoint=https://eastus.livediagnostics.monitor.azure.com/",
                "application_insights_key": "5bd137c2-16ed-4d33-b2b0-3896f8aaf23e",
                "application_stack": [],
                "container_registry_managed_identity_client_id": "",
                "container_registry_use_managed_identity": false,
                "cors": [
                  {
                    "allowed_origins": [
                      "https://VastagonCDNEndpoint.azureedge.net",
                      "https://portal.azure.com"
                    ],
                    "support_credentials": false
                  }
                ],
                "default_documents": [
                  "Default.htm",
                  "Default.html",
                  "Default.asp",
                  "index.htm",
                  "index.html",
                  "iisstart.htm",
                  "default.aspx",
                  "index.php"
                ],
                "detailed_error_logging_enabled": false,
                "elastic_instance_minimum": 0,
                "ftps_state": "Disabled",
                "health_check_eviction_time_in_min": 0,
                "health_check_path": "",
                "http2_enabled": false,
                "ip_restriction": [],
                "linux_fx_version": "",
                "load_balancing_mode": "LeastRequests",
                "managed_pipeline_mode": "Integrated",
                "minimum_tls_version": "1.2",
                "pre_warmed_instance_count": 0,
                "remote_debugging_enabled": false,
                "remote_debugging_version": "",
                "runtime_scale_monitoring_enabled": false,
                "scm_ip_restriction": [],
                "scm_minimum_tls_version": "1.2",
                "scm_type": "None",
                "scm_use_main_ip_restriction": false,
                "use_32_bit_worker": false,
                "vnet_route_all_enabled": false,
                "websockets_enabled": false,
                "worker_count": 1
              }
            ],
            "site_credential": [
              {
                "name": "$vastagon-linux-function-app",
                "password": "dMAmegaDfApfeqfqapWeReeSJztDnbeZkLsxD53evHLcgRauGyA6Qocb5sv5"
              }
            ],
            "storage_account_access_key": "iQKq+wGYHD9jCafwbq/I5GIyJRh5jVt+cvdqEiWHN8jHWYOkZLebl39AJFH3VgQjmAyBH769epTu+ASter6ewQ==",
            "storage_account_name": "vastresumefunctionappapi",
            "storage_key_vault_secret_id": "",
            "storage_uses_managed_identity": false,
            "tags": {},
            "timeouts": null
          },
          "sensitive_attributes": [
            [
              {
                "type": "get_attr",
                "value": "app_settings"
              },
              {
                "type": "index",
                "value": {
                  "value": "CosmosDB",
                  "type": "string"
                }
              }
            ],
            [
              {
                "type": "get_attr",
                "value": "app_settings"
              },
              {
                "type": "index",
                "value": {
                  "value": "CosmosDbConnectionString",
                  "type": "string"
                }
              }
            ],
            [
              {
                "type": "get_attr",
                "value": "storage_account_access_key"
              }
            ],
            [
              {
                "type": "get_attr",
                "value": "site_config"
              },
              {
                "type": "index",
                "value": {
                  "value": 0,
                  "type": "number"
                }
              },
              {
                "type": "get_attr",
                "value": "application_insights_key"
              }
            ],
            [
              {
                "type": "get_attr",
                "value": "site_config"
              },
              {
                "type": "index",
                "value": {
                  "value": 0,
                  "type": "number"
                }
              },
              {
                "type": "get_attr",
                "value": "application_insights_connection_string"
              }
            ]
          ],
          "private": "eyJlMmJmYjczMC1lY2FhLTExZTYtOGY4OC0zNDM2M2JjN2M0YzAiOnsiY3JlYXRlIjoxODAwMDAwMDAwMDAwLCJkZWxldGUiOjE4MDAwMDAwMDAwMDAsInJlYWQiOjMwMDAwMDAwMDAwMCwidXBkYXRlIjoxODAwMDAwMDAwMDAwfX0=",
          "dependencies": [
            "azurerm_application_insights.application-insights",
            "azurerm_cosmosdb_account.cosmosdb",
            "azurerm_resource_group.function-app-rg",
            "azurerm_service_plan.app-service-plan",
            "azurerm_storage_account.functionappstorage"
          ]
        }
      ]
    },
    {
      "mode": "managed",
      "type": "azurerm_resource_group",
      "name": "cosmosdbrg",
      "provider": "provider[\"registry.terraform.io/hashicorp/azurerm\"]",
      "instances": [
        {
          "schema_version": 0,
          "attributes": {
            "id": "/subscriptions/e213a1d7-ec53-43b8-8c56-637302aff6d4/resourceGroups/cosmosdbrg",
            "location": "eastus",
            "name": "cosmosdbrg",
            "tags": {},
            "timeouts": null
          },
          "sensitive_attributes": [],
          "private": "eyJlMmJmYjczMC1lY2FhLTExZTYtOGY4OC0zNDM2M2JjN2M0YzAiOnsiY3JlYXRlIjo1NDAwMDAwMDAwMDAwLCJkZWxldGUiOjU0MDAwMDAwMDAwMDAsInJlYWQiOjMwMDAwMDAwMDAwMCwidXBkYXRlIjo1NDAwMDAwMDAwMDAwfX0="
        }
      ]
    },
    {
      "mode": "managed",
      "type": "azurerm_resource_group",
      "name": "function-app-rg",
      "provider": "provider[\"registry.terraform.io/hashicorp/azurerm\"]",
      "instances": [
        {
          "schema_version": 0,
          "attributes": {
            "id": "/subscriptions/e213a1d7-ec53-43b8-8c56-637302aff6d4/resourceGroups/vast-func-app-rg",
            "location": "eastus",
            "name": "vast-func-app-rg",
            "tags": {},
            "timeouts": null
          },
          "sensitive_attributes": [],
          "private": "eyJlMmJmYjczMC1lY2FhLTExZTYtOGY4OC0zNDM2M2JjN2M0YzAiOnsiY3JlYXRlIjo1NDAwMDAwMDAwMDAwLCJkZWxldGUiOjU0MDAwMDAwMDAwMDAsInJlYWQiOjMwMDAwMDAwMDAwMCwidXBkYXRlIjo1NDAwMDAwMDAwMDAwfX0="
        }
      ]
    },
    {
      "mode": "managed",
      "type": "azurerm_resource_group",
      "name": "tf-website-rg",
      "provider": "provider[\"registry.terraform.io/hashicorp/azurerm\"]",
      "instances": [
        {
          "schema_version": 0,
          "attributes": {
            "id": "/subscriptions/e213a1d7-ec53-43b8-8c56-637302aff6d4/resourceGroups/tf-website-rg",
            "location": "eastus",
            "name": "tf-website-rg",
            "tags": {},
            "timeouts": null
          },
          "sensitive_attributes": [],
          "private": "eyJlMmJmYjczMC1lY2FhLTExZTYtOGY4OC0zNDM2M2JjN2M0YzAiOnsiY3JlYXRlIjo1NDAwMDAwMDAwMDAwLCJkZWxldGUiOjU0MDAwMDAwMDAwMDAsInJlYWQiOjMwMDAwMDAwMDAwMCwidXBkYXRlIjo1NDAwMDAwMDAwMDAwfX0="
        }
      ]
    },
    {
      "mode": "managed",
      "type": "azurerm_service_plan",
      "name": "app-service-plan",
      "provider": "provider[\"registry.terraform.io/hashicorp/azurerm\"]",
      "instances": [
        {
          "schema_version": 0,
          "attributes": {
            "app_service_environment_id": "",
            "id": "/subscriptions/e213a1d7-ec53-43b8-8c56-637302aff6d4/resourceGroups/vast-func-app-rg/providers/Microsoft.Web/serverfarms/azure-functions-test-service-plan",
            "kind": "linux",
            "location": "eastus",
            "maximum_elastic_worker_count": 1,
            "name": "azure-functions-test-service-plan",
            "os_type": "Linux",
            "per_site_scaling_enabled": false,
            "reserved": true,
            "resource_group_name": "vast-func-app-rg",
            "sku_name": "B1",
            "tags": {},
            "timeouts": null,
            "worker_count": 1
          },
          "sensitive_attributes": [],
          "private": "eyJlMmJmYjczMC1lY2FhLTExZTYtOGY4OC0zNDM2M2JjN2M0YzAiOnsiY3JlYXRlIjozNjAwMDAwMDAwMDAwLCJkZWxldGUiOjM2MDAwMDAwMDAwMDAsInJlYWQiOjMwMDAwMDAwMDAwMCwidXBkYXRlIjozNjAwMDAwMDAwMDAwfX0=",
          "dependencies": [
            "azurerm_resource_group.function-app-rg"
          ]
        }
      ]
    },
    {
      "mode": "managed",
      "type": "azurerm_storage_account",
      "name": "functionappstorage",
      "provider": "provider[\"registry.terraform.io/hashicorp/azurerm\"]",
      "instances": [
        {
          "schema_version": 3,
          "attributes": {
            "access_tier": "",
            "account_kind": "Storage",
            "account_replication_type": "LRS",
            "account_tier": "Standard",
            "allow_nested_items_to_be_public": true,
            "azure_files_authentication": [],
            "blob_properties": [
              {
                "change_feed_enabled": false,
                "container_delete_retention_policy": [],
                "cors_rule": [],
                "default_service_version": "",
                "delete_retention_policy": [],
                "last_access_time_enabled": false,
                "versioning_enabled": false
              }
            ],
            "custom_domain": [],
            "customer_managed_key": [],
            "edge_zone": "",
            "enable_https_traffic_only": true,
            "id": "/subscriptions/e213a1d7-ec53-43b8-8c56-637302aff6d4/resourceGroups/vast-func-app-rg/providers/Microsoft.Storage/storageAccounts/vastresumefunctionappapi",
            "identity": [],
            "infrastructure_encryption_enabled": false,
            "is_hns_enabled": false,
            "large_file_share_enabled": null,
            "location": "eastus",
            "min_tls_version": "TLS1_2",
            "name": "vastresumefunctionappapi",
            "network_rules": [
              {
                "bypass": [
                  "AzureServices"
                ],
                "default_action": "Allow",
                "ip_rules": [],
                "private_link_access": [],
                "virtual_network_subnet_ids": []
              }
            ],
            "nfsv3_enabled": false,
            "primary_access_key": "iQKq+wGYHD9jCafwbq/I5GIyJRh5jVt+cvdqEiWHN8jHWYOkZLebl39AJFH3VgQjmAyBH769epTu+ASter6ewQ==",
            "primary_blob_connection_string": "DefaultEndpointsProtocol=https;BlobEndpoint=https://vastresumefunctionappapi.blob.core.windows.net/;AccountName=vastresumefunctionappapi;AccountKey=iQKq+wGYHD9jCafwbq/I5GIyJRh5jVt+cvdqEiWHN8jHWYOkZLebl39AJFH3VgQjmAyBH769epTu+ASter6ewQ==",
            "primary_blob_endpoint": "https://vastresumefunctionappapi.blob.core.windows.net/",
            "primary_blob_host": "vastresumefunctionappapi.blob.core.windows.net",
            "primary_connection_string": "DefaultEndpointsProtocol=https;AccountName=vastresumefunctionappapi;AccountKey=iQKq+wGYHD9jCafwbq/I5GIyJRh5jVt+cvdqEiWHN8jHWYOkZLebl39AJFH3VgQjmAyBH769epTu+ASter6ewQ==;EndpointSuffix=core.windows.net",
            "primary_dfs_endpoint": "",
            "primary_dfs_host": "",
            "primary_file_endpoint": "https://vastresumefunctionappapi.file.core.windows.net/",
            "primary_file_host": "vastresumefunctionappapi.file.core.windows.net",
            "primary_location": "eastus",
            "primary_queue_endpoint": "https://vastresumefunctionappapi.queue.core.windows.net/",
            "primary_queue_host": "vastresumefunctionappapi.queue.core.windows.net",
            "primary_table_endpoint": "https://vastresumefunctionappapi.table.core.windows.net/",
            "primary_table_host": "vastresumefunctionappapi.table.core.windows.net",
            "primary_web_endpoint": "",
            "primary_web_host": "",
            "queue_encryption_key_type": "Service",
            "queue_properties": [
              {
                "cors_rule": [],
                "hour_metrics": [
                  {
                    "enabled": true,
                    "include_apis": true,
                    "retention_policy_days": 7,
                    "version": "1.0"
                  }
                ],
                "logging": [
                  {
                    "delete": false,
                    "read": false,
                    "retention_policy_days": 0,
                    "version": "1.0",
                    "write": false
                  }
                ],
                "minute_metrics": [
                  {
                    "enabled": false,
                    "include_apis": false,
                    "retention_policy_days": 0,
                    "version": "1.0"
                  }
                ]
              }
            ],
            "resource_group_name": "vast-func-app-rg",
            "routing": [],
            "secondary_access_key": "MYXM50Xg0tuncj9ZmS1lU1auymfdjC5nYAdEjWtSYGoZS2m5c/tw7GSvkK1wX90lo+fKs3WbLmTQ+AStJNGRhA==",
            "secondary_blob_connection_string": "",
            "secondary_blob_endpoint": null,
            "secondary_blob_host": null,
            "secondary_connection_string": "DefaultEndpointsProtocol=https;AccountName=vastresumefunctionappapi;AccountKey=MYXM50Xg0tuncj9ZmS1lU1auymfdjC5nYAdEjWtSYGoZS2m5c/tw7GSvkK1wX90lo+fKs3WbLmTQ+AStJNGRhA==;EndpointSuffix=core.windows.net",
            "secondary_dfs_endpoint": null,
            "secondary_dfs_host": null,
            "secondary_file_endpoint": null,
            "secondary_file_host": null,
            "secondary_location": "",
            "secondary_queue_endpoint": null,
            "secondary_queue_host": null,
            "secondary_table_endpoint": null,
            "secondary_table_host": null,
            "secondary_web_endpoint": null,
            "secondary_web_host": null,
            "share_properties": [
              {
                "cors_rule": [],
                "retention_policy": [
                  {
                    "days": 7
                  }
                ],
                "smb": []
              }
            ],
            "shared_access_key_enabled": true,
            "static_website": [],
            "table_encryption_key_type": "Service",
            "tags": {},
            "timeouts": null
          },
          "sensitive_attributes": [],
          "private": "eyJlMmJmYjczMC1lY2FhLTExZTYtOGY4OC0zNDM2M2JjN2M0YzAiOnsiY3JlYXRlIjozNjAwMDAwMDAwMDAwLCJkZWxldGUiOjM2MDAwMDAwMDAwMDAsInJlYWQiOjMwMDAwMDAwMDAwMCwidXBkYXRlIjozNjAwMDAwMDAwMDAwfSwic2NoZW1hX3ZlcnNpb24iOiIzIn0=",
          "dependencies": [
            "azurerm_resource_group.function-app-rg"
          ]
        }
      ]
    },
    {
      "mode": "managed",
      "type": "azurerm_storage_account",
      "name": "static-storage-account",
      "provider": "provider[\"registry.terraform.io/hashicorp/azurerm\"]",
      "instances": [
        {
          "schema_version": 3,
          "attributes": {
            "access_tier": "Hot",
            "account_kind": "StorageV2",
            "account_replication_type": "LRS",
            "account_tier": "Standard",
            "allow_nested_items_to_be_public": true,
            "azure_files_authentication": [],
            "blob_properties": [
              {
                "change_feed_enabled": false,
                "container_delete_retention_policy": [],
                "cors_rule": [],
                "default_service_version": "",
                "delete_retention_policy": [],
                "last_access_time_enabled": false,
                "versioning_enabled": false
              }
            ],
            "custom_domain": [],
            "customer_managed_key": [],
            "edge_zone": "",
            "enable_https_traffic_only": true,
            "id": "/subscriptions/e213a1d7-ec53-43b8-8c56-637302aff6d4/resourceGroups/tf-website-rg/providers/Microsoft.Storage/storageAccounts/tfwebsitesa",
            "identity": [],
            "infrastructure_encryption_enabled": false,
            "is_hns_enabled": false,
            "large_file_share_enabled": null,
            "location": "eastus",
            "min_tls_version": "TLS1_2",
            "name": "tfwebsitesa",
            "network_rules": [
              {
                "bypass": [
                  "AzureServices"
                ],
                "default_action": "Allow",
                "ip_rules": [],
                "private_link_access": [],
                "virtual_network_subnet_ids": []
              }
            ],
            "nfsv3_enabled": false,
            "primary_access_key": "V/8gEqICrDXoRHw3m4TA5ZVR8Q74V4NtnaBDDrxKjUHtunKz3a/Q3i2oc1iDP2yP4Z7I09x58vW1+AStT7JdwQ==",
            "primary_blob_connection_string": "DefaultEndpointsProtocol=https;BlobEndpoint=https://tfwebsitesa.blob.core.windows.net/;AccountName=tfwebsitesa;AccountKey=V/8gEqICrDXoRHw3m4TA5ZVR8Q74V4NtnaBDDrxKjUHtunKz3a/Q3i2oc1iDP2yP4Z7I09x58vW1+AStT7JdwQ==",
            "primary_blob_endpoint": "https://tfwebsitesa.blob.core.windows.net/",
            "primary_blob_host": "tfwebsitesa.blob.core.windows.net",
            "primary_connection_string": "DefaultEndpointsProtocol=https;AccountName=tfwebsitesa;AccountKey=V/8gEqICrDXoRHw3m4TA5ZVR8Q74V4NtnaBDDrxKjUHtunKz3a/Q3i2oc1iDP2yP4Z7I09x58vW1+AStT7JdwQ==;EndpointSuffix=core.windows.net",
            "primary_dfs_endpoint": "https://tfwebsitesa.dfs.core.windows.net/",
            "primary_dfs_host": "tfwebsitesa.dfs.core.windows.net",
            "primary_file_endpoint": "https://tfwebsitesa.file.core.windows.net/",
            "primary_file_host": "tfwebsitesa.file.core.windows.net",
            "primary_location": "eastus",
            "primary_queue_endpoint": "https://tfwebsitesa.queue.core.windows.net/",
            "primary_queue_host": "tfwebsitesa.queue.core.windows.net",
            "primary_table_endpoint": "https://tfwebsitesa.table.core.windows.net/",
            "primary_table_host": "tfwebsitesa.table.core.windows.net",
            "primary_web_endpoint": "https://tfwebsitesa.z13.web.core.windows.net/",
            "primary_web_host": "tfwebsitesa.z13.web.core.windows.net",
            "queue_encryption_key_type": "Service",
            "queue_properties": [
              {
                "cors_rule": [],
                "hour_metrics": [
                  {
                    "enabled": true,
                    "include_apis": true,
                    "retention_policy_days": 7,
                    "version": "1.0"
                  }
                ],
                "logging": [
                  {
                    "delete": false,
                    "read": false,
                    "retention_policy_days": 0,
                    "version": "1.0",
                    "write": false
                  }
                ],
                "minute_metrics": [
                  {
                    "enabled": false,
                    "include_apis": false,
                    "retention_policy_days": 0,
                    "version": "1.0"
                  }
                ]
              }
            ],
            "resource_group_name": "tf-website-rg",
            "routing": [],
            "secondary_access_key": "K08U6pmmLEq/g4nhsIYaCaOBjfOp6Ev2QJ3th8Pp//5kFotpv+LTNHlxQ4JXkVhD1AdjsmQyc6RH+ASteeBrJQ==",
            "secondary_blob_connection_string": "",
            "secondary_blob_endpoint": null,
            "secondary_blob_host": null,
            "secondary_connection_string": "DefaultEndpointsProtocol=https;AccountName=tfwebsitesa;AccountKey=K08U6pmmLEq/g4nhsIYaCaOBjfOp6Ev2QJ3th8Pp//5kFotpv+LTNHlxQ4JXkVhD1AdjsmQyc6RH+ASteeBrJQ==;EndpointSuffix=core.windows.net",
            "secondary_dfs_endpoint": null,
            "secondary_dfs_host": null,
            "secondary_file_endpoint": null,
            "secondary_file_host": null,
            "secondary_location": "",
            "secondary_queue_endpoint": null,
            "secondary_queue_host": null,
            "secondary_table_endpoint": null,
            "secondary_table_host": null,
            "secondary_web_endpoint": null,
            "secondary_web_host": null,
            "share_properties": [
              {
                "cors_rule": [],
                "retention_policy": [
                  {
                    "days": 7
                  }
                ],
                "smb": []
              }
            ],
            "shared_access_key_enabled": true,
            "static_website": [
              {
                "error_404_document": "",
                "index_document": "resume.html"
              }
            ],
            "table_encryption_key_type": "Service",
            "tags": {},
            "timeouts": null
          },
          "sensitive_attributes": [],
          "private": "eyJlMmJmYjczMC1lY2FhLTExZTYtOGY4OC0zNDM2M2JjN2M0YzAiOnsiY3JlYXRlIjozNjAwMDAwMDAwMDAwLCJkZWxldGUiOjM2MDAwMDAwMDAwMDAsInJlYWQiOjMwMDAwMDAwMDAwMCwidXBkYXRlIjozNjAwMDAwMDAwMDAwfSwic2NoZW1hX3ZlcnNpb24iOiIzIn0=",
          "dependencies": [
            "azurerm_resource_group.tf-website-rg"
          ]
        }
      ]
    }
  ],
  "check_results": null
}
