{
  "version": 4,
  "terraform_version": "1.5.4",
  "serial": 543,
  "lineage": "52abc540-c35f-315b-5380-67eb57ba3d49",
  "outputs": {},
  "resources": [
    {
      "mode": "data",
      "type": "azurerm_client_config",
      "name": "current",
      "provider": "provider[\"registry.terraform.io/hashicorp/azurerm\"]",
      "instances": [
        {
          "schema_version": 0,
          "attributes": {
            "client_id": "04b07795-8ddb-461a-bbee-02f9e1bf7b46",
            "id": "Y2xpZW50Q29uZmlncy9jbGllbnRJZD0wNGIwNzc5NS04ZGRiLTQ2MWEtYmJlZS0wMmY5ZTFiZjdiNDY7b2JqZWN0SWQ9NDY2ZjBkYjgtYzI3NC00NzEzLWJiY2MtY2U2MDY3OWQzZGZiO3N1YnNjcmlwdGlvbklkPWUyMTNhMWQ3LWVjNTMtNDNiOC04YzU2LTYzNzMwMmFmZjZkNDt0ZW5hbnRJZD1iOWY3NmU2OC04Y2ZmLTQ5MDAtYWY0My05YTE2NTFiZGMzOWU=",
            "object_id": "466f0db8-c274-4713-bbcc-ce60679d3dfb",
            "subscription_id": "e213a1d7-ec53-43b8-8c56-637302aff6d4",
            "tenant_id": "b9f76e68-8cff-4900-af43-9a1651bdc39e",
            "timeouts": null
          },
          "sensitive_attributes": []
        }
      ]
    },
    {
      "mode": "data",
      "type": "azurerm_function_app_host_keys",
      "name": "get-api-url",
      "provider": "provider[\"registry.terraform.io/hashicorp/azurerm\"]",
      "instances": []
    },
    {
      "mode": "data",
      "type": "azurerm_storage_account_sas",
      "name": "sas",
      "provider": "provider[\"registry.terraform.io/hashicorp/azurerm\"]",
      "instances": []
    },
    {
      "mode": "managed",
      "type": "azurerm_application_insights",
      "name": "application-insights",
      "provider": "provider[\"registry.terraform.io/hashicorp/azurerm\"]",
      "instances": [
        {
          "schema_version": 1,
          "attributes": {
            "app_id": "805298ed-58b9-41ae-ac48-a48d23b283f5",
            "application_type": "Node.JS",
            "connection_string": "InstrumentationKey=d886fc8b-4ff5-480a-a28e-3e0bb6f2cc69;IngestionEndpoint=https://eastus-2.in.applicationinsights.azure.com/;LiveEndpoint=https://eastus.livediagnostics.monitor.azure.com/",
            "daily_data_cap_in_gb": 100,
            "daily_data_cap_notifications_disabled": false,
            "disable_ip_masking": false,
            "force_customer_storage_for_profiler": false,
            "id": "/subscriptions/e213a1d7-ec53-43b8-8c56-637302aff6d4/resourceGroups/tf-functionapp-cosmosdb-rg/providers/Microsoft.Insights/components/tf-resume-appinsights",
            "instrumentation_key": "d886fc8b-4ff5-480a-a28e-3e0bb6f2cc69",
            "internet_ingestion_enabled": true,
            "internet_query_enabled": true,
            "local_authentication_disabled": false,
            "location": "eastus",
            "name": "tf-resume-appinsights",
            "resource_group_name": "tf-functionapp-cosmosdb-rg",
            "retention_in_days": 90,
            "sampling_percentage": 100,
            "tags": {},
            "timeouts": null,
            "workspace_id": ""
          },
          "sensitive_attributes": [],
          "private": "eyJlMmJmYjczMC1lY2FhLTExZTYtOGY4OC0zNDM2M2JjN2M0YzAiOnsiY3JlYXRlIjozNjAwMDAwMDAwMDAwLCJkZWxldGUiOjE4MDAwMDAwMDAwMDAsInJlYWQiOjMwMDAwMDAwMDAwMCwidXBkYXRlIjoxODAwMDAwMDAwMDAwfSwic2NoZW1hX3ZlcnNpb24iOiIxIn0=",
          "dependencies": [
            "azurerm_resource_group.tf-functionapp-cosmosdb-rg"
          ]
        }
      ]
    },
    {
      "mode": "managed",
      "type": "azurerm_cdn_endpoint",
      "name": "cdnendpoint",
      "provider": "provider[\"registry.terraform.io/hashicorp/azurerm\"]",
      "instances": [
        {
          "schema_version": 1,
          "attributes": {
            "content_types_to_compress": [],
            "delivery_rule": [],
            "fqdn": "VastagonCDNEndpoint.azureedge.net",
            "geo_filter": [],
            "global_delivery_rule": [],
            "id": "/subscriptions/e213a1d7-ec53-43b8-8c56-637302aff6d4/resourceGroups/tf-website-rg/providers/Microsoft.Cdn/profiles/resumeCDN/endpoints/VastagonCDNEndpoint",
            "is_compression_enabled": false,
            "is_http_allowed": true,
            "is_https_allowed": true,
            "location": "eastus",
            "name": "VastagonCDNEndpoint",
            "optimization_type": "",
            "origin": [
              {
                "host_name": "tfwebsitesa.z13.web.core.windows.net",
                "http_port": 80,
                "https_port": 443,
                "name": "VastagonCDNEndpoint"
              }
            ],
            "origin_host_header": "tfwebsitesa.z13.web.core.windows.net",
            "origin_path": "",
            "probe_path": "",
            "profile_name": "resumeCDN",
            "querystring_caching_behaviour": "IgnoreQueryString",
            "resource_group_name": "tf-website-rg",
            "tags": {},
            "timeouts": null
          },
          "sensitive_attributes": [],
          "private": "eyJlMmJmYjczMC1lY2FhLTExZTYtOGY4OC0zNDM2M2JjN2M0YzAiOnsiY3JlYXRlIjoxODAwMDAwMDAwMDAwLCJkZWxldGUiOjE4MDAwMDAwMDAwMDAsInJlYWQiOjMwMDAwMDAwMDAwMCwidXBkYXRlIjoxODAwMDAwMDAwMDAwfSwic2NoZW1hX3ZlcnNpb24iOiIxIn0=",
          "dependencies": [
            "azurerm_cdn_profile.websitecdn",
            "azurerm_resource_group.tf-website-rg"
          ]
        }
      ]
    },
    {
      "mode": "managed",
      "type": "azurerm_cdn_profile",
      "name": "websitecdn",
      "provider": "provider[\"registry.terraform.io/hashicorp/azurerm\"]",
      "instances": [
        {
          "schema_version": 1,
          "attributes": {
            "id": "/subscriptions/e213a1d7-ec53-43b8-8c56-637302aff6d4/resourceGroups/tf-website-rg/providers/Microsoft.Cdn/profiles/resumeCDN",
            "location": "eastus",
            "name": "resumeCDN",
            "resource_group_name": "tf-website-rg",
            "sku": "Standard_Microsoft",
            "tags": {},
            "timeouts": null
          },
          "sensitive_attributes": [],
          "private": "eyJlMmJmYjczMC1lY2FhLTExZTYtOGY4OC0zNDM2M2JjN2M0YzAiOnsiY3JlYXRlIjoxODAwMDAwMDAwMDAwLCJkZWxldGUiOjE4MDAwMDAwMDAwMDAsInJlYWQiOjMwMDAwMDAwMDAwMCwidXBkYXRlIjoxODAwMDAwMDAwMDAwfSwic2NoZW1hX3ZlcnNpb24iOiIxIn0=",
          "dependencies": [
            "azurerm_resource_group.tf-website-rg"
          ]
        }
      ]
    },
    {
      "mode": "managed",
      "type": "azurerm_cosmosdb_account",
      "name": "cosmosdb",
      "provider": "provider[\"registry.terraform.io/hashicorp/azurerm\"]",
      "instances": [
        {
          "schema_version": 0,
          "attributes": {
            "access_key_metadata_writes_enabled": true,
            "analytical_storage": [
              {
                "schema_type": "WellDefined"
              }
            ],
            "analytical_storage_enabled": false,
            "backup": [
              {
                "interval_in_minutes": 240,
                "retention_in_hours": 8,
                "storage_redundancy": "Geo",
                "type": "Periodic"
              }
            ],
            "capabilities": [],
            "capacity": [],
            "connection_strings": [
              "AccountEndpoint=https://vastagoncosmosdb.documents.azure.com:443/;AccountKey=A9DrkgL6QaqWbmwQMneWhAgqyeGdOrQTzqn9Z90MoSOyWGQM1MvOVpqg2PmUCi59RO0TPAPkNKadACDb27wPzQ==;",
              "AccountEndpoint=https://vastagoncosmosdb.documents.azure.com:443/;AccountKey=eemiSTBAUlXNgoGNM9f8iYaiphx9S0m450dhtdhxivUsgpcdGWOHvOJa6Cn2FwWKOyCsx1Pxq3v0ACDbPx3mDw==;",
              "AccountEndpoint=https://vastagoncosmosdb.documents.azure.com:443/;AccountKey=mrZMwilZ2Q5voHj3cmnAnsksPNrJFiT6XiVCVgPzI3vf9XqolpdoVMy5dMXUzkm72yMqzGzWZc78ACDbEjXYXQ==;",
              "AccountEndpoint=https://vastagoncosmosdb.documents.azure.com:443/;AccountKey=x314VLeZdbegDu4VLbgN37ysTnZDVaXa52x8yc5Po8YpIlAPp8tzf3AGXjPgnHSTuC97Dsun2sjoACDbwER3Aw==;"
            ],
            "consistency_policy": [
              {
                "consistency_level": "BoundedStaleness",
                "max_interval_in_seconds": 300,
                "max_staleness_prefix": 100000
              }
            ],
            "cors_rule": [],
            "create_mode": "",
            "default_identity_type": "FirstPartyIdentity",
            "enable_automatic_failover": false,
            "enable_free_tier": false,
            "enable_multiple_write_locations": false,
            "endpoint": "https://vastagoncosmosdb.documents.azure.com:443/",
            "geo_location": [
              {
                "failover_priority": 0,
                "id": "vastagoncosmosdb-eastus",
                "location": "eastus",
                "zone_redundant": false
              },
              {
                "failover_priority": 1,
                "id": "vastagoncosmosdb-westus",
                "location": "westus",
                "zone_redundant": false
              }
            ],
            "id": "/subscriptions/e213a1d7-ec53-43b8-8c56-637302aff6d4/resourceGroups/tf-functionapp-cosmosdb-rg/providers/Microsoft.DocumentDB/databaseAccounts/vastagoncosmosdb",
            "identity": [],
            "ip_range_filter": "",
            "is_virtual_network_filter_enabled": false,
            "key_vault_key_id": null,
            "kind": "GlobalDocumentDB",
            "local_authentication_disabled": false,
            "location": "eastus",
            "mongo_server_version": null,
            "name": "vastagoncosmosdb",
            "network_acl_bypass_for_azure_services": false,
            "network_acl_bypass_ids": [],
            "offer_type": "Standard",
            "primary_key": "A9DrkgL6QaqWbmwQMneWhAgqyeGdOrQTzqn9Z90MoSOyWGQM1MvOVpqg2PmUCi59RO0TPAPkNKadACDb27wPzQ==",
            "primary_readonly_key": "mrZMwilZ2Q5voHj3cmnAnsksPNrJFiT6XiVCVgPzI3vf9XqolpdoVMy5dMXUzkm72yMqzGzWZc78ACDbEjXYXQ==",
            "primary_readonly_sql_connection_string": "AccountEndpoint=https://vastagoncosmosdb.documents.azure.com:443/;AccountKey=mrZMwilZ2Q5voHj3cmnAnsksPNrJFiT6XiVCVgPzI3vf9XqolpdoVMy5dMXUzkm72yMqzGzWZc78ACDbEjXYXQ==;",
            "primary_sql_connection_string": "AccountEndpoint=https://vastagoncosmosdb.documents.azure.com:443/;AccountKey=A9DrkgL6QaqWbmwQMneWhAgqyeGdOrQTzqn9Z90MoSOyWGQM1MvOVpqg2PmUCi59RO0TPAPkNKadACDb27wPzQ==;",
            "public_network_access_enabled": true,
            "read_endpoints": [
              "https://vastagoncosmosdb-eastus.documents.azure.com:443/",
              "https://vastagoncosmosdb-westus.documents.azure.com:443/"
            ],
            "resource_group_name": "tf-functionapp-cosmosdb-rg",
            "restore": [],
            "secondary_key": "eemiSTBAUlXNgoGNM9f8iYaiphx9S0m450dhtdhxivUsgpcdGWOHvOJa6Cn2FwWKOyCsx1Pxq3v0ACDbPx3mDw==",
            "secondary_readonly_key": "x314VLeZdbegDu4VLbgN37ysTnZDVaXa52x8yc5Po8YpIlAPp8tzf3AGXjPgnHSTuC97Dsun2sjoACDbwER3Aw==",
            "secondary_readonly_sql_connection_string": "AccountEndpoint=https://vastagoncosmosdb.documents.azure.com:443/;AccountKey=x314VLeZdbegDu4VLbgN37ysTnZDVaXa52x8yc5Po8YpIlAPp8tzf3AGXjPgnHSTuC97Dsun2sjoACDbwER3Aw==;",
            "secondary_sql_connection_string": "AccountEndpoint=https://vastagoncosmosdb.documents.azure.com:443/;AccountKey=eemiSTBAUlXNgoGNM9f8iYaiphx9S0m450dhtdhxivUsgpcdGWOHvOJa6Cn2FwWKOyCsx1Pxq3v0ACDbPx3mDw==;",
            "tags": {},
            "timeouts": null,
            "virtual_network_rule": [],
            "write_endpoints": [
              "https://vastagoncosmosdb-eastus.documents.azure.com:443/"
            ]
          },
          "sensitive_attributes": [],
          "private": "eyJlMmJmYjczMC1lY2FhLTExZTYtOGY4OC0zNDM2M2JjN2M0YzAiOnsiY3JlYXRlIjoxMDgwMDAwMDAwMDAwMCwiZGVsZXRlIjoxMDgwMDAwMDAwMDAwMCwicmVhZCI6MzAwMDAwMDAwMDAwLCJ1cGRhdGUiOjEwODAwMDAwMDAwMDAwfX0=",
          "dependencies": [
            "azurerm_resource_group.tf-functionapp-cosmosdb-rg"
          ]
        }
      ]
    },
    {
      "mode": "managed",
      "type": "azurerm_cosmosdb_sql_container",
      "name": "count-container",
      "provider": "provider[\"registry.terraform.io/hashicorp/azurerm\"]",
      "instances": [
        {
          "schema_version": 1,
          "attributes": {
            "account_name": "vastagoncosmosdb",
            "analytical_storage_ttl": null,
            "autoscale_settings": [],
            "conflict_resolution_policy": [
              {
                "conflict_resolution_path": "/_ts",
                "conflict_resolution_procedure": "",
                "mode": "LastWriterWins"
              }
            ],
            "database_name": "vastagonresumedb",
            "default_ttl": null,
            "id": "/subscriptions/e213a1d7-ec53-43b8-8c56-637302aff6d4/resourceGroups/tf-functionapp-cosmosdb-rg/providers/Microsoft.DocumentDB/databaseAccounts/vastagoncosmosdb/sqlDatabases/vastagonresumedb/containers/count-container",
            "indexing_policy": [
              {
                "composite_index": [],
                "excluded_path": [
                  {
                    "path": "/excluded/?"
                  }
                ],
                "included_path": [
                  {
                    "path": "/*"
                  },
                  {
                    "path": "/included/?"
                  }
                ],
                "indexing_mode": "consistent",
                "spatial_index": []
              }
            ],
            "name": "count-container",
            "partition_key_path": "/definition/id",
            "partition_key_version": 1,
            "resource_group_name": "tf-functionapp-cosmosdb-rg",
            "throughput": 400,
            "timeouts": null,
            "unique_key": [
              {
                "paths": [
                  "/definition/idlong",
                  "/definition/idshort"
                ]
              }
            ]
          },
          "sensitive_attributes": [],
          "private": "eyJlMmJmYjczMC1lY2FhLTExZTYtOGY4OC0zNDM2M2JjN2M0YzAiOnsiY3JlYXRlIjoxODAwMDAwMDAwMDAwLCJkZWxldGUiOjE4MDAwMDAwMDAwMDAsInJlYWQiOjMwMDAwMDAwMDAwMCwidXBkYXRlIjoxODAwMDAwMDAwMDAwfSwic2NoZW1hX3ZlcnNpb24iOiIxIn0=",
          "dependencies": [
            "azurerm_cosmosdb_account.cosmosdb",
            "azurerm_cosmosdb_sql_database.cosmossqldatabase",
            "azurerm_resource_group.tf-functionapp-cosmosdb-rg"
          ]
        }
      ]
    },
    {
      "mode": "managed",
      "type": "azurerm_cosmosdb_sql_database",
      "name": "cosmossqldatabase",
      "provider": "provider[\"registry.terraform.io/hashicorp/azurerm\"]",
      "instances": [
        {
          "schema_version": 1,
          "attributes": {
            "account_name": "vastagoncosmosdb",
            "autoscale_settings": [],
            "id": "/subscriptions/e213a1d7-ec53-43b8-8c56-637302aff6d4/resourceGroups/tf-functionapp-cosmosdb-rg/providers/Microsoft.DocumentDB/databaseAccounts/vastagoncosmosdb/sqlDatabases/vastagonresumedb",
            "name": "vastagonresumedb",
            "resource_group_name": "tf-functionapp-cosmosdb-rg",
            "throughput": 400,
            "timeouts": null
          },
          "sensitive_attributes": [],
          "private": "eyJlMmJmYjczMC1lY2FhLTExZTYtOGY4OC0zNDM2M2JjN2M0YzAiOnsiY3JlYXRlIjoxODAwMDAwMDAwMDAwLCJkZWxldGUiOjE4MDAwMDAwMDAwMDAsInJlYWQiOjMwMDAwMDAwMDAwMCwidXBkYXRlIjoxODAwMDAwMDAwMDAwfSwic2NoZW1hX3ZlcnNpb24iOiIxIn0=",
          "dependencies": [
            "azurerm_cosmosdb_account.cosmosdb",
            "azurerm_resource_group.tf-functionapp-cosmosdb-rg"
          ]
        }
      ]
    },
    {
      "mode": "managed",
      "type": "azurerm_key_vault",
      "name": "resume-key-vault",
      "provider": "provider[\"registry.terraform.io/hashicorp/azurerm\"]",
      "instances": [
        {
          "schema_version": 2,
          "attributes": {
            "access_policy": [
              {
                "application_id": "",
                "certificate_permissions": [],
                "key_permissions": [
                  "Get"
                ],
                "object_id": "466f0db8-c274-4713-bbcc-ce60679d3dfb",
                "secret_permissions": [
                  "Set",
                  "Get",
                  "Delete",
                  "Purge",
                  "Recover",
                  "List"
                ],
                "storage_permissions": [
                  "Get"
                ],
                "tenant_id": "b9f76e68-8cff-4900-af43-9a1651bdc39e"
              }
            ],
            "contact": [],
            "enable_rbac_authorization": false,
            "enabled_for_deployment": false,
            "enabled_for_disk_encryption": true,
            "enabled_for_template_deployment": false,
            "id": "/subscriptions/e213a1d7-ec53-43b8-8c56-637302aff6d4/resourceGroups/tf-functionapp-cosmosdb-rg/providers/Microsoft.KeyVault/vaults/vastagon-key-vault",
            "location": "eastus",
            "name": "vastagon-key-vault",
            "network_acls": [
              {
                "bypass": "AzureServices",
                "default_action": "Allow",
                "ip_rules": [],
                "virtual_network_subnet_ids": []
              }
            ],
            "public_network_access_enabled": true,
            "purge_protection_enabled": false,
            "resource_group_name": "tf-functionapp-cosmosdb-rg",
            "sku_name": "standard",
            "soft_delete_retention_days": 7,
            "tags": {},
            "tenant_id": "b9f76e68-8cff-4900-af43-9a1651bdc39e",
            "timeouts": null,
            "vault_uri": "https://vastagon-key-vault.vault.azure.net/"
          },
          "sensitive_attributes": [],
          "private": "eyJlMmJmYjczMC1lY2FhLTExZTYtOGY4OC0zNDM2M2JjN2M0YzAiOnsiY3JlYXRlIjoxODAwMDAwMDAwMDAwLCJkZWxldGUiOjE4MDAwMDAwMDAwMDAsInJlYWQiOjMwMDAwMDAwMDAwMCwidXBkYXRlIjoxODAwMDAwMDAwMDAwfSwic2NoZW1hX3ZlcnNpb24iOiIyIn0=",
          "dependencies": [
            "azurerm_resource_group.tf-functionapp-cosmosdb-rg",
            "data.azurerm_client_config.current"
          ]
        }
      ]
    },
    {
      "mode": "managed",
      "type": "azurerm_key_vault_secret",
      "name": "resume-vault-api-key",
      "provider": "provider[\"registry.terraform.io/hashicorp/azurerm\"]",
      "instances": []
    },
    {
      "mode": "managed",
      "type": "azurerm_linux_function_app",
      "name": "linux-function-app",
      "provider": "provider[\"registry.terraform.io/hashicorp/azurerm\"]",
      "instances": []
    },
    {
      "mode": "managed",
      "type": "azurerm_resource_group",
      "name": "tf-functionapp-cosmosdb-rg",
      "provider": "provider[\"registry.terraform.io/hashicorp/azurerm\"]",
      "instances": [
        {
          "schema_version": 0,
          "attributes": {
            "id": "/subscriptions/e213a1d7-ec53-43b8-8c56-637302aff6d4/resourceGroups/tf-functionapp-cosmosdb-rg",
            "location": "eastus",
            "name": "tf-functionapp-cosmosdb-rg",
            "tags": {},
            "timeouts": null
          },
          "sensitive_attributes": [],
          "private": "eyJlMmJmYjczMC1lY2FhLTExZTYtOGY4OC0zNDM2M2JjN2M0YzAiOnsiY3JlYXRlIjo1NDAwMDAwMDAwMDAwLCJkZWxldGUiOjU0MDAwMDAwMDAwMDAsInJlYWQiOjMwMDAwMDAwMDAwMCwidXBkYXRlIjo1NDAwMDAwMDAwMDAwfX0="
        }
      ]
    },
    {
      "mode": "managed",
      "type": "azurerm_resource_group",
      "name": "tf-website-rg",
      "provider": "provider[\"registry.terraform.io/hashicorp/azurerm\"]",
      "instances": [
        {
          "schema_version": 0,
          "attributes": {
            "id": "/subscriptions/e213a1d7-ec53-43b8-8c56-637302aff6d4/resourceGroups/tf-website-rg",
            "location": "eastus",
            "name": "tf-website-rg",
            "tags": {},
            "timeouts": null
          },
          "sensitive_attributes": [],
          "private": "eyJlMmJmYjczMC1lY2FhLTExZTYtOGY4OC0zNDM2M2JjN2M0YzAiOnsiY3JlYXRlIjo1NDAwMDAwMDAwMDAwLCJkZWxldGUiOjU0MDAwMDAwMDAwMDAsInJlYWQiOjMwMDAwMDAwMDAwMCwidXBkYXRlIjo1NDAwMDAwMDAwMDAwfX0="
        }
      ]
    },
    {
      "mode": "managed",
      "type": "azurerm_service_plan",
      "name": "app-service-plan",
      "provider": "provider[\"registry.terraform.io/hashicorp/azurerm\"]",
      "instances": [
        {
          "schema_version": 0,
          "attributes": {
            "app_service_environment_id": "",
            "id": "/subscriptions/e213a1d7-ec53-43b8-8c56-637302aff6d4/resourceGroups/tf-functionapp-cosmosdb-rg/providers/Microsoft.Web/serverfarms/linux-app-service-plan",
            "kind": "functionapp",
            "location": "eastus",
            "maximum_elastic_worker_count": 1,
            "name": "linux-app-service-plan",
            "os_type": "Linux",
            "per_site_scaling_enabled": false,
            "reserved": true,
            "resource_group_name": "tf-functionapp-cosmosdb-rg",
            "sku_name": "Y1",
            "tags": {},
            "timeouts": null,
            "worker_count": 0,
            "zone_balancing_enabled": false
          },
          "sensitive_attributes": [],
          "private": "eyJlMmJmYjczMC1lY2FhLTExZTYtOGY4OC0zNDM2M2JjN2M0YzAiOnsiY3JlYXRlIjozNjAwMDAwMDAwMDAwLCJkZWxldGUiOjM2MDAwMDAwMDAwMDAsInJlYWQiOjMwMDAwMDAwMDAwMCwidXBkYXRlIjozNjAwMDAwMDAwMDAwfX0=",
          "dependencies": [
            "azurerm_resource_group.tf-functionapp-cosmosdb-rg"
          ]
        }
      ]
    },
    {
      "mode": "managed",
      "type": "azurerm_storage_account",
      "name": "functionappstorage",
      "provider": "provider[\"registry.terraform.io/hashicorp/azurerm\"]",
      "instances": [
        {
          "status": "tainted",
          "schema_version": 3,
          "attributes": {
            "access_tier": "Hot",
            "account_kind": "StorageV2",
            "account_replication_type": "LRS",
            "account_tier": "Standard",
            "allow_nested_items_to_be_public": true,
            "allowed_copy_scope": "",
            "azure_files_authentication": [],
            "blob_properties": [
              {
                "change_feed_enabled": false,
                "change_feed_retention_in_days": 0,
                "container_delete_retention_policy": [],
                "cors_rule": [],
                "default_service_version": "",
                "delete_retention_policy": [],
                "last_access_time_enabled": false,
                "restore_policy": [],
                "versioning_enabled": false
              }
            ],
            "cross_tenant_replication_enabled": true,
            "custom_domain": [],
            "customer_managed_key": [],
            "default_to_oauth_authentication": false,
            "edge_zone": "",
            "enable_https_traffic_only": true,
            "id": "/subscriptions/e213a1d7-ec53-43b8-8c56-637302aff6d4/resourceGroups/tf-functionapp-cosmosdb-rg/providers/Microsoft.Storage/storageAccounts/vastagonfunctionapp",
            "identity": [],
            "immutability_policy": [],
            "infrastructure_encryption_enabled": false,
            "is_hns_enabled": false,
            "large_file_share_enabled": null,
            "location": "eastus",
            "min_tls_version": "TLS1_2",
            "name": "vastagonfunctionapp",
            "network_rules": [
              {
                "bypass": [
                  "AzureServices"
                ],
                "default_action": "Allow",
                "ip_rules": [],
                "private_link_access": [],
                "virtual_network_subnet_ids": []
              }
            ],
            "nfsv3_enabled": false,
            "primary_access_key": "fD/MJmgyhNmdVwVBztlOp9xEpjjNVGIP8ok0j3B6B03ohPnNeWdHR/sO9AsjDeiXHlM4sCsyRdev+ASt/vitlg==",
            "primary_blob_connection_string": "DefaultEndpointsProtocol=https;BlobEndpoint=https://vastagonfunctionapp.blob.core.windows.net/;AccountName=vastagonfunctionapp;AccountKey=fD/MJmgyhNmdVwVBztlOp9xEpjjNVGIP8ok0j3B6B03ohPnNeWdHR/sO9AsjDeiXHlM4sCsyRdev+ASt/vitlg==",
            "primary_blob_endpoint": "https://vastagonfunctionapp.blob.core.windows.net/",
            "primary_blob_host": "vastagonfunctionapp.blob.core.windows.net",
            "primary_connection_string": "DefaultEndpointsProtocol=https;AccountName=vastagonfunctionapp;AccountKey=fD/MJmgyhNmdVwVBztlOp9xEpjjNVGIP8ok0j3B6B03ohPnNeWdHR/sO9AsjDeiXHlM4sCsyRdev+ASt/vitlg==;EndpointSuffix=core.windows.net",
            "primary_dfs_endpoint": "https://vastagonfunctionapp.dfs.core.windows.net/",
            "primary_dfs_host": "vastagonfunctionapp.dfs.core.windows.net",
            "primary_file_endpoint": "https://vastagonfunctionapp.file.core.windows.net/",
            "primary_file_host": "vastagonfunctionapp.file.core.windows.net",
            "primary_location": "eastus",
            "primary_queue_endpoint": "https://vastagonfunctionapp.queue.core.windows.net/",
            "primary_queue_host": "vastagonfunctionapp.queue.core.windows.net",
            "primary_table_endpoint": "https://vastagonfunctionapp.table.core.windows.net/",
            "primary_table_host": "vastagonfunctionapp.table.core.windows.net",
            "primary_web_endpoint": "https://vastagonfunctionapp.z13.web.core.windows.net/",
            "primary_web_host": "vastagonfunctionapp.z13.web.core.windows.net",
            "public_network_access_enabled": true,
            "queue_encryption_key_type": "Service",
            "queue_properties": [
              {
                "cors_rule": [],
                "hour_metrics": [
                  {
                    "enabled": true,
                    "include_apis": true,
                    "retention_policy_days": 7,
                    "version": "1.0"
                  }
                ],
                "logging": [
                  {
                    "delete": false,
                    "read": false,
                    "retention_policy_days": 0,
                    "version": "1.0",
                    "write": false
                  }
                ],
                "minute_metrics": [
                  {
                    "enabled": false,
                    "include_apis": false,
                    "retention_policy_days": 0,
                    "version": "1.0"
                  }
                ]
              }
            ],
            "resource_group_name": "tf-functionapp-cosmosdb-rg",
            "routing": [],
            "sas_policy": [],
            "secondary_access_key": "SIHZ3ZeqN/qTrEZpksZO+XMmhXWuQKv491QlRE0ecTYsbwiJ4IwHW4+qPvRuzbg76HY5SFSqcx9O+AStLoZE0w==",
            "secondary_blob_connection_string": "",
            "secondary_blob_endpoint": null,
            "secondary_blob_host": null,
            "secondary_connection_string": "DefaultEndpointsProtocol=https;AccountName=vastagonfunctionapp;AccountKey=SIHZ3ZeqN/qTrEZpksZO+XMmhXWuQKv491QlRE0ecTYsbwiJ4IwHW4+qPvRuzbg76HY5SFSqcx9O+AStLoZE0w==;EndpointSuffix=core.windows.net",
            "secondary_dfs_endpoint": null,
            "secondary_dfs_host": null,
            "secondary_file_endpoint": null,
            "secondary_file_host": null,
            "secondary_location": "",
            "secondary_queue_endpoint": null,
            "secondary_queue_host": null,
            "secondary_table_endpoint": null,
            "secondary_table_host": null,
            "secondary_web_endpoint": null,
            "secondary_web_host": null,
            "sftp_enabled": false,
            "share_properties": null,
            "shared_access_key_enabled": true,
            "static_website": [],
            "table_encryption_key_type": "Service",
            "tags": null,
            "timeouts": null
          },
          "sensitive_attributes": [],
          "private": "eyJlMmJmYjczMC1lY2FhLTExZTYtOGY4OC0zNDM2M2JjN2M0YzAiOnsiY3JlYXRlIjozNjAwMDAwMDAwMDAwLCJkZWxldGUiOjM2MDAwMDAwMDAwMDAsInJlYWQiOjMwMDAwMDAwMDAwMCwidXBkYXRlIjozNjAwMDAwMDAwMDAwfSwic2NoZW1hX3ZlcnNpb24iOiIzIn0=",
          "dependencies": [
            "azurerm_resource_group.tf-functionapp-cosmosdb-rg"
          ]
        }
      ]
    },
    {
      "mode": "managed",
      "type": "azurerm_storage_account",
      "name": "static-storage-account",
      "provider": "provider[\"registry.terraform.io/hashicorp/azurerm\"]",
      "instances": [
        {
          "schema_version": 3,
          "attributes": {
            "access_tier": "Hot",
            "account_kind": "StorageV2",
            "account_replication_type": "LRS",
            "account_tier": "Standard",
            "allow_nested_items_to_be_public": true,
            "allowed_copy_scope": "",
            "azure_files_authentication": [],
            "blob_properties": [
              {
                "change_feed_enabled": false,
                "change_feed_retention_in_days": 0,
                "container_delete_retention_policy": [],
                "cors_rule": [],
                "default_service_version": "",
                "delete_retention_policy": [],
                "last_access_time_enabled": false,
                "restore_policy": [],
                "versioning_enabled": false
              }
            ],
            "cross_tenant_replication_enabled": true,
            "custom_domain": [],
            "customer_managed_key": [],
            "default_to_oauth_authentication": false,
            "edge_zone": "",
            "enable_https_traffic_only": true,
            "id": "/subscriptions/e213a1d7-ec53-43b8-8c56-637302aff6d4/resourceGroups/tf-website-rg/providers/Microsoft.Storage/storageAccounts/tfwebsitesa",
            "identity": [],
            "immutability_policy": [],
            "infrastructure_encryption_enabled": false,
            "is_hns_enabled": false,
            "large_file_share_enabled": null,
            "location": "eastus",
            "min_tls_version": "TLS1_2",
            "name": "tfwebsitesa",
            "network_rules": [
              {
                "bypass": [
                  "AzureServices"
                ],
                "default_action": "Allow",
                "ip_rules": [],
                "private_link_access": [],
                "virtual_network_subnet_ids": []
              }
            ],
            "nfsv3_enabled": false,
            "primary_access_key": "94QVs7vmQ1OPkQxcTGRJWsd+VGSZ6c4RRtrFMjiUDDDhQCzGGj7bOPC61KTuCIwGNu5RnHbU45+8+AStH4ldJQ==",
            "primary_blob_connection_string": "DefaultEndpointsProtocol=https;BlobEndpoint=https://tfwebsitesa.blob.core.windows.net/;AccountName=tfwebsitesa;AccountKey=94QVs7vmQ1OPkQxcTGRJWsd+VGSZ6c4RRtrFMjiUDDDhQCzGGj7bOPC61KTuCIwGNu5RnHbU45+8+AStH4ldJQ==",
            "primary_blob_endpoint": "https://tfwebsitesa.blob.core.windows.net/",
            "primary_blob_host": "tfwebsitesa.blob.core.windows.net",
            "primary_connection_string": "DefaultEndpointsProtocol=https;AccountName=tfwebsitesa;AccountKey=94QVs7vmQ1OPkQxcTGRJWsd+VGSZ6c4RRtrFMjiUDDDhQCzGGj7bOPC61KTuCIwGNu5RnHbU45+8+AStH4ldJQ==;EndpointSuffix=core.windows.net",
            "primary_dfs_endpoint": "https://tfwebsitesa.dfs.core.windows.net/",
            "primary_dfs_host": "tfwebsitesa.dfs.core.windows.net",
            "primary_file_endpoint": "https://tfwebsitesa.file.core.windows.net/",
            "primary_file_host": "tfwebsitesa.file.core.windows.net",
            "primary_location": "eastus",
            "primary_queue_endpoint": "https://tfwebsitesa.queue.core.windows.net/",
            "primary_queue_host": "tfwebsitesa.queue.core.windows.net",
            "primary_table_endpoint": "https://tfwebsitesa.table.core.windows.net/",
            "primary_table_host": "tfwebsitesa.table.core.windows.net",
            "primary_web_endpoint": "https://tfwebsitesa.z13.web.core.windows.net/",
            "primary_web_host": "tfwebsitesa.z13.web.core.windows.net",
            "public_network_access_enabled": true,
            "queue_encryption_key_type": "Service",
            "queue_properties": [
              {
                "cors_rule": [],
                "hour_metrics": [
                  {
                    "enabled": true,
                    "include_apis": true,
                    "retention_policy_days": 7,
                    "version": "1.0"
                  }
                ],
                "logging": [
                  {
                    "delete": false,
                    "read": false,
                    "retention_policy_days": 0,
                    "version": "1.0",
                    "write": false
                  }
                ],
                "minute_metrics": [
                  {
                    "enabled": false,
                    "include_apis": false,
                    "retention_policy_days": 0,
                    "version": "1.0"
                  }
                ]
              }
            ],
            "resource_group_name": "tf-website-rg",
            "routing": [],
            "sas_policy": [],
            "secondary_access_key": "ipYj1hZ5xKbYl31nrjcDwhxZRQmL64Mov6jYlYvL8q2hEhGCaC8GWn9c5KYZR4AnGm2DBkSsN+0t+AStQutyQQ==",
            "secondary_blob_connection_string": "",
            "secondary_blob_endpoint": null,
            "secondary_blob_host": null,
            "secondary_connection_string": "DefaultEndpointsProtocol=https;AccountName=tfwebsitesa;AccountKey=ipYj1hZ5xKbYl31nrjcDwhxZRQmL64Mov6jYlYvL8q2hEhGCaC8GWn9c5KYZR4AnGm2DBkSsN+0t+AStQutyQQ==;EndpointSuffix=core.windows.net",
            "secondary_dfs_endpoint": null,
            "secondary_dfs_host": null,
            "secondary_file_endpoint": null,
            "secondary_file_host": null,
            "secondary_location": "",
            "secondary_queue_endpoint": null,
            "secondary_queue_host": null,
            "secondary_table_endpoint": null,
            "secondary_table_host": null,
            "secondary_web_endpoint": null,
            "secondary_web_host": null,
            "sftp_enabled": false,
            "share_properties": [
              {
                "cors_rule": [],
                "retention_policy": [
                  {
                    "days": 7
                  }
                ],
                "smb": []
              }
            ],
            "shared_access_key_enabled": true,
            "static_website": [
              {
                "error_404_document": "",
                "index_document": "resume.html"
              }
            ],
            "table_encryption_key_type": "Service",
            "tags": {},
            "timeouts": null
          },
          "sensitive_attributes": [],
          "private": "eyJlMmJmYjczMC1lY2FhLTExZTYtOGY4OC0zNDM2M2JjN2M0YzAiOnsiY3JlYXRlIjozNjAwMDAwMDAwMDAwLCJkZWxldGUiOjM2MDAwMDAwMDAwMDAsInJlYWQiOjMwMDAwMDAwMDAwMCwidXBkYXRlIjozNjAwMDAwMDAwMDAwfSwic2NoZW1hX3ZlcnNpb24iOiIzIn0=",
          "dependencies": [
            "azurerm_resource_group.tf-website-rg"
          ]
        }
      ]
    },
    {
      "mode": "managed",
      "type": "azurerm_storage_blob",
      "name": "function-app-blob",
      "provider": "provider[\"registry.terraform.io/hashicorp/azurerm\"]",
      "instances": []
    },
    {
      "mode": "managed",
      "type": "azurerm_storage_blob",
      "name": "website-css",
      "provider": "provider[\"registry.terraform.io/hashicorp/azurerm\"]",
      "instances": [
        {
          "schema_version": 1,
          "attributes": {
            "access_tier": "Hot",
            "cache_control": "",
            "content_md5": "",
            "content_type": "text/css",
            "id": "https://tfwebsitesa.blob.core.windows.net/$web/resume.css",
            "metadata": {},
            "name": "resume.css",
            "parallelism": 8,
            "size": 0,
            "source": "./Resume Code/resume.css",
            "source_content": null,
            "source_uri": null,
            "storage_account_name": "tfwebsitesa",
            "storage_container_name": "$web",
            "timeouts": null,
            "type": "Block",
            "url": "https://tfwebsitesa.blob.core.windows.net/$web/resume.css"
          },
          "sensitive_attributes": [],
          "private": "eyJlMmJmYjczMC1lY2FhLTExZTYtOGY4OC0zNDM2M2JjN2M0YzAiOnsiY3JlYXRlIjoxODAwMDAwMDAwMDAwLCJkZWxldGUiOjE4MDAwMDAwMDAwMDAsInJlYWQiOjMwMDAwMDAwMDAwMCwidXBkYXRlIjoxODAwMDAwMDAwMDAwfSwic2NoZW1hX3ZlcnNpb24iOiIxIn0=",
          "dependencies": [
            "azurerm_resource_group.tf-website-rg",
            "azurerm_storage_account.static-storage-account"
          ]
        }
      ]
    },
    {
      "mode": "managed",
      "type": "azurerm_storage_blob",
      "name": "website-html",
      "provider": "provider[\"registry.terraform.io/hashicorp/azurerm\"]",
      "instances": [
        {
          "schema_version": 1,
          "attributes": {
            "access_tier": "Hot",
            "cache_control": "",
            "content_md5": "",
            "content_type": "text/html",
            "id": "https://tfwebsitesa.blob.core.windows.net/$web/resume.html",
            "metadata": {},
            "name": "resume.html",
            "parallelism": 8,
            "size": 0,
            "source": "./Resume Code/resume.html",
            "source_content": null,
            "source_uri": null,
            "storage_account_name": "tfwebsitesa",
            "storage_container_name": "$web",
            "timeouts": null,
            "type": "Block",
            "url": "https://tfwebsitesa.blob.core.windows.net/$web/resume.html"
          },
          "sensitive_attributes": [],
          "private": "eyJlMmJmYjczMC1lY2FhLTExZTYtOGY4OC0zNDM2M2JjN2M0YzAiOnsiY3JlYXRlIjoxODAwMDAwMDAwMDAwLCJkZWxldGUiOjE4MDAwMDAwMDAwMDAsInJlYWQiOjMwMDAwMDAwMDAwMCwidXBkYXRlIjoxODAwMDAwMDAwMDAwfSwic2NoZW1hX3ZlcnNpb24iOiIxIn0=",
          "dependencies": [
            "azurerm_resource_group.tf-website-rg",
            "azurerm_storage_account.static-storage-account"
          ]
        }
      ]
    },
    {
      "mode": "managed",
      "type": "azurerm_storage_blob",
      "name": "website-js",
      "provider": "provider[\"registry.terraform.io/hashicorp/azurerm\"]",
      "instances": [
        {
          "schema_version": 1,
          "attributes": {
            "access_tier": "Hot",
            "cache_control": "",
            "content_md5": "",
            "content_type": "text/js",
            "id": "https://tfwebsitesa.blob.core.windows.net/$web/resume.js",
            "metadata": {},
            "name": "resume.js",
            "parallelism": 8,
            "size": 0,
            "source": "./Resume Code/resume.js",
            "source_content": null,
            "source_uri": null,
            "storage_account_name": "tfwebsitesa",
            "storage_container_name": "$web",
            "timeouts": null,
            "type": "Block",
            "url": "https://tfwebsitesa.blob.core.windows.net/$web/resume.js"
          },
          "sensitive_attributes": [],
          "private": "eyJlMmJmYjczMC1lY2FhLTExZTYtOGY4OC0zNDM2M2JjN2M0YzAiOnsiY3JlYXRlIjoxODAwMDAwMDAwMDAwLCJkZWxldGUiOjE4MDAwMDAwMDAwMDAsInJlYWQiOjMwMDAwMDAwMDAwMCwidXBkYXRlIjoxODAwMDAwMDAwMDAwfSwic2NoZW1hX3ZlcnNpb24iOiIxIn0=",
          "dependencies": [
            "azurerm_resource_group.tf-website-rg",
            "azurerm_storage_account.static-storage-account"
          ]
        }
      ]
    },
    {
      "mode": "managed",
      "type": "azurerm_storage_container",
      "name": "function-app-container",
      "provider": "provider[\"registry.terraform.io/hashicorp/azurerm\"]",
      "instances": []
    }
  ],
  "check_results": null
}
