{
  "version": 4,
  "terraform_version": "1.5.4",
  "serial": 572,
  "lineage": "52abc540-c35f-315b-5380-67eb57ba3d49",
  "outputs": {},
  "resources": [
    {
      "mode": "data",
      "type": "azurerm_function_app_host_keys",
      "name": "get-api-url",
      "provider": "provider[\"registry.terraform.io/hashicorp/azurerm\"]",
      "instances": [
        {
          "schema_version": 0,
          "attributes": {
            "default_function_key": "cTMW1MPsq3Lw3W_CmO9P3N4FW16VlD_Kzyz5rM_nYgpmAzFu3ffUeQ==",
            "durabletask_extension_key": "",
            "event_grid_extension_config_key": "",
            "id": "/subscriptions/e213a1d7-ec53-43b8-8c56-637302aff6d4/resourceGroups/tf-functionapp-cosmosdb-rg/providers/Microsoft.Web/sites/vastagon-function-app",
            "name": "vastagon-function-app",
            "primary_key": "KyBgUNWMQtcAVMXT4axmf-qEn1KZCbYSfJK-IWbHAJbyAzFuEFlTjg==",
            "resource_group_name": "tf-functionapp-cosmosdb-rg",
            "signalr_extension_key": "",
            "timeouts": null,
            "webpubsub_extension_key": ""
          },
          "sensitive_attributes": []
        }
      ]
    },
    {
      "mode": "data",
      "type": "azurerm_storage_account_sas",
      "name": "sas",
      "provider": "provider[\"registry.terraform.io/hashicorp/azurerm\"]",
      "instances": [
        {
          "schema_version": 0,
          "attributes": {
            "connection_string": "DefaultEndpointsProtocol=https;AccountName=vastagonfunctionapp;AccountKey=EBudTkPWvO/2OsyWjrzQcbXXbS1nuV3yvcKHSwg0nuNsKRjc567Hwx3lO28xKa5s8Su5gnZlO/l++ASt0R8foA==;EndpointSuffix=core.windows.net",
            "expiry": "2024-12-31",
            "https_only": true,
            "id": "13c396bd7ca8eb99aa412230f417d30a602c7c4b845e088422c392cc62b2c929",
            "ip_addresses": null,
            "permissions": [
              {
                "add": false,
                "create": false,
                "delete": false,
                "filter": false,
                "list": false,
                "process": false,
                "read": true,
                "tag": false,
                "update": false,
                "write": false
              }
            ],
            "resource_types": [
              {
                "container": false,
                "object": true,
                "service": false
              }
            ],
            "sas": "?sv=2017-07-29\u0026ss=b\u0026srt=o\u0026sp=r\u0026se=2024-12-31\u0026st=2020-07-10\u0026spr=https\u0026sig=lxbI4ULZLOYKzAylPjkH6jmKGyVMAjYRspgjOGJWWy0%3D",
            "services": [
              {
                "blob": true,
                "file": false,
                "queue": false,
                "table": false
              }
            ],
            "signed_version": "2017-07-29",
            "start": "2020-07-10",
            "timeouts": null
          },
          "sensitive_attributes": [
            [
              {
                "type": "get_attr",
                "value": "connection_string"
              }
            ]
          ]
        }
      ]
    },
    {
      "mode": "managed",
      "type": "azurerm_application_insights",
      "name": "application-insights",
      "provider": "provider[\"registry.terraform.io/hashicorp/azurerm\"]",
      "instances": [
        {
          "schema_version": 1,
          "attributes": {
            "app_id": "6f48ac3b-6e85-4cec-90a1-80a9b22d5068",
            "application_type": "Node.JS",
            "connection_string": "InstrumentationKey=aa10a714-cb2a-4cd3-9454-e04814bf7eb6;IngestionEndpoint=https://eastus-5.in.applicationinsights.azure.com/;LiveEndpoint=https://eastus.livediagnostics.monitor.azure.com/",
            "daily_data_cap_in_gb": 100,
            "daily_data_cap_notifications_disabled": false,
            "disable_ip_masking": false,
            "force_customer_storage_for_profiler": false,
            "id": "/subscriptions/e213a1d7-ec53-43b8-8c56-637302aff6d4/resourceGroups/tf-functionapp-cosmosdb-rg/providers/Microsoft.Insights/components/tf-resume-appinsights",
            "instrumentation_key": "aa10a714-cb2a-4cd3-9454-e04814bf7eb6",
            "internet_ingestion_enabled": true,
            "internet_query_enabled": true,
            "local_authentication_disabled": false,
            "location": "eastus",
            "name": "tf-resume-appinsights",
            "resource_group_name": "tf-functionapp-cosmosdb-rg",
            "retention_in_days": 90,
            "sampling_percentage": 100,
            "tags": null,
            "timeouts": null,
            "workspace_id": ""
          },
          "sensitive_attributes": [],
          "private": "eyJlMmJmYjczMC1lY2FhLTExZTYtOGY4OC0zNDM2M2JjN2M0YzAiOnsiY3JlYXRlIjozNjAwMDAwMDAwMDAwLCJkZWxldGUiOjE4MDAwMDAwMDAwMDAsInJlYWQiOjMwMDAwMDAwMDAwMCwidXBkYXRlIjoxODAwMDAwMDAwMDAwfSwic2NoZW1hX3ZlcnNpb24iOiIxIn0=",
          "dependencies": [
            "azurerm_resource_group.tf-functionapp-cosmosdb-rg"
          ]
        }
      ]
    },
    {
      "mode": "managed",
      "type": "azurerm_cdn_endpoint",
      "name": "cdnendpoint",
      "provider": "provider[\"registry.terraform.io/hashicorp/azurerm\"]",
      "instances": [
        {
          "schema_version": 1,
          "attributes": {
            "content_types_to_compress": [],
            "delivery_rule": [],
            "fqdn": "VastagonCDNEndpoint.azureedge.net",
            "geo_filter": [],
            "global_delivery_rule": [],
            "id": "/subscriptions/e213a1d7-ec53-43b8-8c56-637302aff6d4/resourceGroups/tf-website-rg/providers/Microsoft.Cdn/profiles/resumeCDN/endpoints/VastagonCDNEndpoint",
            "is_compression_enabled": false,
            "is_http_allowed": true,
            "is_https_allowed": true,
            "location": "eastus",
            "name": "VastagonCDNEndpoint",
            "optimization_type": "",
            "origin": [
              {
                "host_name": "tfwebsitesa.z13.web.core.windows.net",
                "http_port": 80,
                "https_port": 443,
                "name": "VastagonCDNEndpoint"
              }
            ],
            "origin_host_header": "tfwebsitesa.z13.web.core.windows.net",
            "origin_path": "",
            "probe_path": "",
            "profile_name": "resumeCDN",
            "querystring_caching_behaviour": "IgnoreQueryString",
            "resource_group_name": "tf-website-rg",
            "tags": null,
            "timeouts": null
          },
          "sensitive_attributes": [],
          "private": "eyJlMmJmYjczMC1lY2FhLTExZTYtOGY4OC0zNDM2M2JjN2M0YzAiOnsiY3JlYXRlIjoxODAwMDAwMDAwMDAwLCJkZWxldGUiOjE4MDAwMDAwMDAwMDAsInJlYWQiOjMwMDAwMDAwMDAwMCwidXBkYXRlIjoxODAwMDAwMDAwMDAwfSwic2NoZW1hX3ZlcnNpb24iOiIxIn0=",
          "dependencies": [
            "azurerm_cdn_profile.websitecdn",
            "azurerm_resource_group.tf-website-rg"
          ]
        }
      ]
    },
    {
      "mode": "managed",
      "type": "azurerm_cdn_profile",
      "name": "websitecdn",
      "provider": "provider[\"registry.terraform.io/hashicorp/azurerm\"]",
      "instances": [
        {
          "schema_version": 1,
          "attributes": {
            "id": "/subscriptions/e213a1d7-ec53-43b8-8c56-637302aff6d4/resourceGroups/tf-website-rg/providers/Microsoft.Cdn/profiles/resumeCDN",
            "location": "eastus",
            "name": "resumeCDN",
            "resource_group_name": "tf-website-rg",
            "sku": "Standard_Microsoft",
            "tags": null,
            "timeouts": null
          },
          "sensitive_attributes": [],
          "private": "eyJlMmJmYjczMC1lY2FhLTExZTYtOGY4OC0zNDM2M2JjN2M0YzAiOnsiY3JlYXRlIjoxODAwMDAwMDAwMDAwLCJkZWxldGUiOjE4MDAwMDAwMDAwMDAsInJlYWQiOjMwMDAwMDAwMDAwMCwidXBkYXRlIjoxODAwMDAwMDAwMDAwfSwic2NoZW1hX3ZlcnNpb24iOiIxIn0=",
          "dependencies": [
            "azurerm_resource_group.tf-website-rg"
          ]
        }
      ]
    },
    {
      "mode": "managed",
      "type": "azurerm_cosmosdb_account",
      "name": "cosmosdb",
      "provider": "provider[\"registry.terraform.io/hashicorp/azurerm\"]",
      "instances": [
        {
          "schema_version": 0,
          "attributes": {
            "access_key_metadata_writes_enabled": true,
            "analytical_storage": [
              {
                "schema_type": "WellDefined"
              }
            ],
            "analytical_storage_enabled": false,
            "backup": [
              {
                "interval_in_minutes": 240,
                "retention_in_hours": 8,
                "storage_redundancy": "Geo",
                "type": "Periodic"
              }
            ],
            "capabilities": [],
            "capacity": [],
            "connection_strings": [
              "AccountEndpoint=https://vastagoncosmosdb.documents.azure.com:443/;AccountKey=HsOo2DeNkqZwsfJ4AntMyAt9gQ33igh6lCR3ipZiz5uyOKVIhN1bv6YzOTlo63xJxpbEGO5z1gM1ACDbojEMIA==;",
              "AccountEndpoint=https://vastagoncosmosdb.documents.azure.com:443/;AccountKey=tFgYqgYFMfH0qeow9HTJIB0557ClkNVz2vqn1oboOvT0UtC7zMpqhBXMlxMlUZNuAkg9XYXd7aT4ACDbctNNyA==;",
              "AccountEndpoint=https://vastagoncosmosdb.documents.azure.com:443/;AccountKey=gPsJFqFYGfWEyDSm0SCJQcyfhVPtaJOtII8riNKaEprNqYEVdOAmD8BG2200iA9hQ6y72byjhKyAACDb8cnUqQ==;",
              "AccountEndpoint=https://vastagoncosmosdb.documents.azure.com:443/;AccountKey=cptpY8ydzFq23MEpIRmrh4y2dXK6xWB2PGv6fWGCbpzpbox8JY0YSjmSTg6ZvHxhs5Xkq74Ok9hxACDbK5BPUQ==;"
            ],
            "consistency_policy": [
              {
                "consistency_level": "BoundedStaleness",
                "max_interval_in_seconds": 300,
                "max_staleness_prefix": 100000
              }
            ],
            "cors_rule": [],
            "create_mode": "",
            "default_identity_type": "FirstPartyIdentity",
            "enable_automatic_failover": false,
            "enable_free_tier": false,
            "enable_multiple_write_locations": false,
            "endpoint": "https://vastagoncosmosdb.documents.azure.com:443/",
            "geo_location": [
              {
                "failover_priority": 0,
                "id": "vastagoncosmosdb-eastus",
                "location": "eastus",
                "zone_redundant": false
              },
              {
                "failover_priority": 1,
                "id": "vastagoncosmosdb-westus",
                "location": "westus",
                "zone_redundant": false
              }
            ],
            "id": "/subscriptions/e213a1d7-ec53-43b8-8c56-637302aff6d4/resourceGroups/tf-functionapp-cosmosdb-rg/providers/Microsoft.DocumentDB/databaseAccounts/vastagoncosmosdb",
            "identity": [],
            "ip_range_filter": "",
            "is_virtual_network_filter_enabled": false,
            "key_vault_key_id": null,
            "kind": "GlobalDocumentDB",
            "local_authentication_disabled": false,
            "location": "eastus",
            "mongo_server_version": null,
            "name": "vastagoncosmosdb",
            "network_acl_bypass_for_azure_services": false,
            "network_acl_bypass_ids": null,
            "offer_type": "Standard",
            "primary_key": "HsOo2DeNkqZwsfJ4AntMyAt9gQ33igh6lCR3ipZiz5uyOKVIhN1bv6YzOTlo63xJxpbEGO5z1gM1ACDbojEMIA==",
            "primary_readonly_key": "gPsJFqFYGfWEyDSm0SCJQcyfhVPtaJOtII8riNKaEprNqYEVdOAmD8BG2200iA9hQ6y72byjhKyAACDb8cnUqQ==",
            "primary_readonly_sql_connection_string": "AccountEndpoint=https://vastagoncosmosdb.documents.azure.com:443/;AccountKey=gPsJFqFYGfWEyDSm0SCJQcyfhVPtaJOtII8riNKaEprNqYEVdOAmD8BG2200iA9hQ6y72byjhKyAACDb8cnUqQ==;",
            "primary_sql_connection_string": "AccountEndpoint=https://vastagoncosmosdb.documents.azure.com:443/;AccountKey=HsOo2DeNkqZwsfJ4AntMyAt9gQ33igh6lCR3ipZiz5uyOKVIhN1bv6YzOTlo63xJxpbEGO5z1gM1ACDbojEMIA==;",
            "public_network_access_enabled": true,
            "read_endpoints": [
              "https://vastagoncosmosdb-eastus.documents.azure.com:443/",
              "https://vastagoncosmosdb-westus.documents.azure.com:443/"
            ],
            "resource_group_name": "tf-functionapp-cosmosdb-rg",
            "restore": [],
            "secondary_key": "tFgYqgYFMfH0qeow9HTJIB0557ClkNVz2vqn1oboOvT0UtC7zMpqhBXMlxMlUZNuAkg9XYXd7aT4ACDbctNNyA==",
            "secondary_readonly_key": "cptpY8ydzFq23MEpIRmrh4y2dXK6xWB2PGv6fWGCbpzpbox8JY0YSjmSTg6ZvHxhs5Xkq74Ok9hxACDbK5BPUQ==",
            "secondary_readonly_sql_connection_string": "AccountEndpoint=https://vastagoncosmosdb.documents.azure.com:443/;AccountKey=cptpY8ydzFq23MEpIRmrh4y2dXK6xWB2PGv6fWGCbpzpbox8JY0YSjmSTg6ZvHxhs5Xkq74Ok9hxACDbK5BPUQ==;",
            "secondary_sql_connection_string": "AccountEndpoint=https://vastagoncosmosdb.documents.azure.com:443/;AccountKey=tFgYqgYFMfH0qeow9HTJIB0557ClkNVz2vqn1oboOvT0UtC7zMpqhBXMlxMlUZNuAkg9XYXd7aT4ACDbctNNyA==;",
            "tags": null,
            "timeouts": null,
            "virtual_network_rule": [],
            "write_endpoints": [
              "https://vastagoncosmosdb-eastus.documents.azure.com:443/"
            ]
          },
          "sensitive_attributes": [],
          "private": "eyJlMmJmYjczMC1lY2FhLTExZTYtOGY4OC0zNDM2M2JjN2M0YzAiOnsiY3JlYXRlIjoxMDgwMDAwMDAwMDAwMCwiZGVsZXRlIjoxMDgwMDAwMDAwMDAwMCwicmVhZCI6MzAwMDAwMDAwMDAwLCJ1cGRhdGUiOjEwODAwMDAwMDAwMDAwfX0=",
          "dependencies": [
            "azurerm_resource_group.tf-functionapp-cosmosdb-rg"
          ]
        }
      ]
    },
    {
      "mode": "managed",
      "type": "azurerm_cosmosdb_sql_container",
      "name": "count-container",
      "provider": "provider[\"registry.terraform.io/hashicorp/azurerm\"]",
      "instances": [
        {
          "schema_version": 1,
          "attributes": {
            "account_name": "vastagoncosmosdb",
            "analytical_storage_ttl": null,
            "autoscale_settings": [],
            "conflict_resolution_policy": [
              {
                "conflict_resolution_path": "/_ts",
                "conflict_resolution_procedure": "",
                "mode": "LastWriterWins"
              }
            ],
            "database_name": "vastagonresumedb",
            "default_ttl": null,
            "id": "/subscriptions/e213a1d7-ec53-43b8-8c56-637302aff6d4/resourceGroups/tf-functionapp-cosmosdb-rg/providers/Microsoft.DocumentDB/databaseAccounts/vastagoncosmosdb/sqlDatabases/vastagonresumedb/containers/count-container",
            "indexing_policy": [
              {
                "composite_index": [],
                "excluded_path": [
                  {
                    "path": "/excluded/?"
                  }
                ],
                "included_path": [
                  {
                    "path": "/*"
                  },
                  {
                    "path": "/included/?"
                  }
                ],
                "indexing_mode": "consistent",
                "spatial_index": []
              }
            ],
            "name": "count-container",
            "partition_key_path": "/definition/id",
            "partition_key_version": 1,
            "resource_group_name": "tf-functionapp-cosmosdb-rg",
            "throughput": 400,
            "timeouts": null,
            "unique_key": [
              {
                "paths": [
                  "/definition/idlong",
                  "/definition/idshort"
                ]
              }
            ]
          },
          "sensitive_attributes": [],
          "private": "eyJlMmJmYjczMC1lY2FhLTExZTYtOGY4OC0zNDM2M2JjN2M0YzAiOnsiY3JlYXRlIjoxODAwMDAwMDAwMDAwLCJkZWxldGUiOjE4MDAwMDAwMDAwMDAsInJlYWQiOjMwMDAwMDAwMDAwMCwidXBkYXRlIjoxODAwMDAwMDAwMDAwfSwic2NoZW1hX3ZlcnNpb24iOiIxIn0=",
          "dependencies": [
            "azurerm_cosmosdb_account.cosmosdb",
            "azurerm_cosmosdb_sql_database.cosmossqldatabase",
            "azurerm_resource_group.tf-functionapp-cosmosdb-rg"
          ]
        }
      ]
    },
    {
      "mode": "managed",
      "type": "azurerm_cosmosdb_sql_database",
      "name": "cosmossqldatabase",
      "provider": "provider[\"registry.terraform.io/hashicorp/azurerm\"]",
      "instances": [
        {
          "schema_version": 1,
          "attributes": {
            "account_name": "vastagoncosmosdb",
            "autoscale_settings": [],
            "id": "/subscriptions/e213a1d7-ec53-43b8-8c56-637302aff6d4/resourceGroups/tf-functionapp-cosmosdb-rg/providers/Microsoft.DocumentDB/databaseAccounts/vastagoncosmosdb/sqlDatabases/vastagonresumedb",
            "name": "vastagonresumedb",
            "resource_group_name": "tf-functionapp-cosmosdb-rg",
            "throughput": 400,
            "timeouts": null
          },
          "sensitive_attributes": [],
          "private": "eyJlMmJmYjczMC1lY2FhLTExZTYtOGY4OC0zNDM2M2JjN2M0YzAiOnsiY3JlYXRlIjoxODAwMDAwMDAwMDAwLCJkZWxldGUiOjE4MDAwMDAwMDAwMDAsInJlYWQiOjMwMDAwMDAwMDAwMCwidXBkYXRlIjoxODAwMDAwMDAwMDAwfSwic2NoZW1hX3ZlcnNpb24iOiIxIn0=",
          "dependencies": [
            "azurerm_cosmosdb_account.cosmosdb",
            "azurerm_resource_group.tf-functionapp-cosmosdb-rg"
          ]
        }
      ]
    },
    {
      "mode": "managed",
      "type": "azurerm_linux_function_app",
      "name": "linux-function-app",
      "provider": "provider[\"registry.terraform.io/hashicorp/azurerm\"]",
      "instances": [
        {
          "schema_version": 0,
          "attributes": {
            "app_settings": {
              "CosmosDB": "AccountEndpoint=https://vastagoncosmosdb.documents.azure.com:443/;AccountKey=HsOo2DeNkqZwsfJ4AntMyAt9gQ33igh6lCR3ipZiz5uyOKVIhN1bv6YzOTlo63xJxpbEGO5z1gM1ACDbojEMIA==;",
              "CosmosDbConnectionString": "AccountEndpoint=https://vastagoncosmosdb.documents.azure.com:443/;AccountKey=HsOo2DeNkqZwsfJ4AntMyAt9gQ33igh6lCR3ipZiz5uyOKVIhN1bv6YzOTlo63xJxpbEGO5z1gM1ACDbojEMIA==;",
              "WEBSITE_CONTENTAZUREFILECONNECTIONSTRING": "DefaultEndpointsProtocol=https;AccountName=vastagonfunctionapp;AccountKey=EBudTkPWvO/2OsyWjrzQcbXXbS1nuV3yvcKHSwg0nuNsKRjc567Hwx3lO28xKa5s8Su5gnZlO/l++ASt0R8foA==;EndpointSuffix=core.windows.net",
              "WEBSITE_CONTENTSHARE": "vastagonfunctionapp",
              "WEBSITE_RUN_FROM_PACKAGE": "https://vastagonfunctionapp.blob.core.windows.net/function-releases/functionapp.zip?sv=2017-07-29\u0026ss=b\u0026srt=o\u0026sp=r\u0026se=2024-12-31\u0026st=2020-07-10\u0026spr=https\u0026sig=lxbI4ULZLOYKzAylPjkH6jmKGyVMAjYRspgjOGJWWy0%3D",
              "https_only": "true"
            },
            "auth_settings": [
              {
                "active_directory": [],
                "additional_login_parameters": {},
                "allowed_external_redirect_urls": [],
                "default_provider": "",
                "enabled": false,
                "facebook": [],
                "github": [],
                "google": [],
                "issuer": "",
                "microsoft": [],
                "runtime_version": "",
                "token_refresh_extension_hours": 0,
                "token_store_enabled": false,
                "twitter": [],
                "unauthenticated_client_action": ""
              }
            ],
            "backup": [],
            "builtin_logging_enabled": true,
            "client_certificate_enabled": false,
            "client_certificate_exclusion_paths": "",
            "client_certificate_mode": "Optional",
            "connection_string": [],
            "content_share_force_disabled": false,
            "custom_domain_verification_id": "53E2C261B705CD5E64C70E0F5AE52A96A1B0A5933B646C4989D3BE375510BE2A",
            "daily_memory_time_quota": 0,
            "default_hostname": "vastagon-function-app.azurewebsites.net",
            "enabled": true,
            "functions_extension_version": "~4",
            "https_only": false,
            "id": "/subscriptions/e213a1d7-ec53-43b8-8c56-637302aff6d4/resourceGroups/tf-functionapp-cosmosdb-rg/providers/Microsoft.Web/sites/vastagon-function-app",
            "identity": [
              {
                "identity_ids": null,
                "principal_id": "23474922-806b-4db8-b2a8-3d807099a7f0",
                "tenant_id": "b9f76e68-8cff-4900-af43-9a1651bdc39e",
                "type": "SystemAssigned"
              }
            ],
            "key_vault_reference_identity_id": "SystemAssigned",
            "kind": "functionapp,linux",
            "location": "eastus",
            "name": "vastagon-function-app",
            "outbound_ip_address_list": [
              "40.88.204.8",
              "40.88.204.22",
              "40.88.204.57",
              "40.88.204.68",
              "40.88.204.122",
              "40.88.204.124",
              "20.49.104.36"
            ],
            "outbound_ip_addresses": "40.88.204.8,40.88.204.22,40.88.204.57,40.88.204.68,40.88.204.122,40.88.204.124,20.49.104.36",
            "possible_outbound_ip_address_list": [
              "40.88.204.8",
              "40.88.204.22",
              "40.88.204.57",
              "40.88.204.68",
              "40.88.204.122",
              "40.88.204.124",
              "40.88.204.131",
              "20.62.146.36",
              "40.88.204.167",
              "40.88.204.169",
              "40.88.204.194",
              "40.88.204.247",
              "40.88.200.176",
              "40.88.205.9",
              "40.76.169.151",
              "40.88.205.30",
              "40.88.205.32",
              "40.88.205.63",
              "52.188.177.23",
              "52.188.180.161",
              "52.188.181.106",
              "52.188.183.98",
              "40.88.20.150",
              "52.146.52.232",
              "20.49.104.36"
            ],
            "possible_outbound_ip_addresses": "40.88.204.8,40.88.204.22,40.88.204.57,40.88.204.68,40.88.204.122,40.88.204.124,40.88.204.131,20.62.146.36,40.88.204.167,40.88.204.169,40.88.204.194,40.88.204.247,40.88.200.176,40.88.205.9,40.76.169.151,40.88.205.30,40.88.205.32,40.88.205.63,52.188.177.23,52.188.180.161,52.188.181.106,52.188.183.98,40.88.20.150,52.146.52.232,20.49.104.36",
            "resource_group_name": "tf-functionapp-cosmosdb-rg",
            "service_plan_id": "/subscriptions/e213a1d7-ec53-43b8-8c56-637302aff6d4/resourceGroups/tf-functionapp-cosmosdb-rg/providers/Microsoft.Web/serverfarms/linux-app-service-plan",
            "site_config": [
              {
                "always_on": false,
                "api_definition_url": "",
                "api_management_api_id": "",
                "app_command_line": "",
                "app_scale_limit": 200,
                "app_service_logs": [],
                "application_insights_connection_string": "InstrumentationKey=aa10a714-cb2a-4cd3-9454-e04814bf7eb6;IngestionEndpoint=https://eastus-5.in.applicationinsights.azure.com/;LiveEndpoint=https://eastus.livediagnostics.monitor.azure.com/",
                "application_insights_key": "aa10a714-cb2a-4cd3-9454-e04814bf7eb6",
                "application_stack": [
                  {
                    "docker": [],
                    "dotnet_version": "",
                    "java_version": "",
                    "node_version": "",
                    "powershell_core_version": "",
                    "python_version": "3.9",
                    "use_custom_runtime": false,
                    "use_dotnet_isolated_runtime": false
                  }
                ],
                "container_registry_managed_identity_client_id": "",
                "container_registry_use_managed_identity": false,
                "cors": [
                  {
                    "allowed_origins": [
                      "https://VastagonCDNEndpoint.azureedge.net",
                      "https://portal.azure.com"
                    ],
                    "support_credentials": false
                  }
                ],
                "default_documents": [
                  "Default.htm",
                  "Default.html",
                  "Default.asp",
                  "index.htm",
                  "index.html",
                  "iisstart.htm",
                  "default.aspx",
                  "index.php"
                ],
                "detailed_error_logging_enabled": false,
                "elastic_instance_minimum": 0,
                "ftps_state": "Disabled",
                "health_check_eviction_time_in_min": 0,
                "health_check_path": "",
                "http2_enabled": false,
                "ip_restriction": [],
                "linux_fx_version": "PYTHON|3.9",
                "load_balancing_mode": "LeastRequests",
                "managed_pipeline_mode": "Integrated",
                "minimum_tls_version": "1.2",
                "pre_warmed_instance_count": 0,
                "remote_debugging_enabled": false,
                "remote_debugging_version": "",
                "runtime_scale_monitoring_enabled": false,
                "scm_ip_restriction": [],
                "scm_minimum_tls_version": "1.2",
                "scm_type": "None",
                "scm_use_main_ip_restriction": false,
                "use_32_bit_worker": false,
                "vnet_route_all_enabled": false,
                "websockets_enabled": false,
                "worker_count": 1
              }
            ],
            "site_credential": [
              {
                "name": "$vastagon-function-app",
                "password": "NWfw5HhNtWbX3yo6afBg7FDdlctohjJknzExHExgoLP9p0e7K6CjlfivlCv2"
              }
            ],
            "sticky_settings": [],
            "storage_account": [],
            "storage_account_access_key": "EBudTkPWvO/2OsyWjrzQcbXXbS1nuV3yvcKHSwg0nuNsKRjc567Hwx3lO28xKa5s8Su5gnZlO/l++ASt0R8foA==",
            "storage_account_name": "vastagonfunctionapp",
            "storage_key_vault_secret_id": "",
            "storage_uses_managed_identity": false,
            "tags": null,
            "timeouts": null,
            "virtual_network_subnet_id": ""
          },
          "sensitive_attributes": [
            [
              {
                "type": "get_attr",
                "value": "site_config"
              },
              {
                "type": "index",
                "value": {
                  "value": 0,
                  "type": "number"
                }
              },
              {
                "type": "get_attr",
                "value": "application_insights_key"
              }
            ],
            [
              {
                "type": "get_attr",
                "value": "site_config"
              },
              {
                "type": "index",
                "value": {
                  "value": 0,
                  "type": "number"
                }
              },
              {
                "type": "get_attr",
                "value": "application_insights_connection_string"
              }
            ],
            [
              {
                "type": "get_attr",
                "value": "app_settings"
              },
              {
                "type": "index",
                "value": {
                  "value": "CosmosDB",
                  "type": "string"
                }
              }
            ],
            [
              {
                "type": "get_attr",
                "value": "app_settings"
              },
              {
                "type": "index",
                "value": {
                  "value": "CosmosDbConnectionString",
                  "type": "string"
                }
              }
            ],
            [
              {
                "type": "get_attr",
                "value": "app_settings"
              },
              {
                "type": "index",
                "value": {
                  "value": "WEBSITE_CONTENTAZUREFILECONNECTIONSTRING",
                  "type": "string"
                }
              }
            ],
            [
              {
                "type": "get_attr",
                "value": "app_settings"
              },
              {
                "type": "index",
                "value": {
                  "value": "WEBSITE_RUN_FROM_PACKAGE",
                  "type": "string"
                }
              }
            ],
            [
              {
                "type": "get_attr",
                "value": "storage_account_access_key"
              }
            ]
          ],
          "private": "eyJlMmJmYjczMC1lY2FhLTExZTYtOGY4OC0zNDM2M2JjN2M0YzAiOnsiY3JlYXRlIjoxODAwMDAwMDAwMDAwLCJkZWxldGUiOjE4MDAwMDAwMDAwMDAsInJlYWQiOjMwMDAwMDAwMDAwMCwidXBkYXRlIjoxODAwMDAwMDAwMDAwfX0=",
          "dependencies": [
            "azurerm_application_insights.application-insights",
            "azurerm_cosmosdb_account.cosmosdb",
            "azurerm_resource_group.tf-functionapp-cosmosdb-rg",
            "azurerm_service_plan.app-service-plan",
            "azurerm_storage_account.functionappstorage",
            "azurerm_storage_blob.function-app-blob",
            "azurerm_storage_container.function-app-container",
            "data.azurerm_storage_account_sas.sas"
          ]
        }
      ]
    },
    {
      "mode": "managed",
      "type": "azurerm_resource_group",
      "name": "tf-functionapp-cosmosdb-rg",
      "provider": "provider[\"registry.terraform.io/hashicorp/azurerm\"]",
      "instances": [
        {
          "schema_version": 0,
          "attributes": {
            "id": "/subscriptions/e213a1d7-ec53-43b8-8c56-637302aff6d4/resourceGroups/tf-functionapp-cosmosdb-rg",
            "location": "eastus",
            "name": "tf-functionapp-cosmosdb-rg",
            "tags": null,
            "timeouts": null
          },
          "sensitive_attributes": [],
          "private": "eyJlMmJmYjczMC1lY2FhLTExZTYtOGY4OC0zNDM2M2JjN2M0YzAiOnsiY3JlYXRlIjo1NDAwMDAwMDAwMDAwLCJkZWxldGUiOjU0MDAwMDAwMDAwMDAsInJlYWQiOjMwMDAwMDAwMDAwMCwidXBkYXRlIjo1NDAwMDAwMDAwMDAwfX0="
        }
      ]
    },
    {
      "mode": "managed",
      "type": "azurerm_resource_group",
      "name": "tf-website-rg",
      "provider": "provider[\"registry.terraform.io/hashicorp/azurerm\"]",
      "instances": [
        {
          "schema_version": 0,
          "attributes": {
            "id": "/subscriptions/e213a1d7-ec53-43b8-8c56-637302aff6d4/resourceGroups/tf-website-rg",
            "location": "eastus",
            "name": "tf-website-rg",
            "tags": null,
            "timeouts": null
          },
          "sensitive_attributes": [],
          "private": "eyJlMmJmYjczMC1lY2FhLTExZTYtOGY4OC0zNDM2M2JjN2M0YzAiOnsiY3JlYXRlIjo1NDAwMDAwMDAwMDAwLCJkZWxldGUiOjU0MDAwMDAwMDAwMDAsInJlYWQiOjMwMDAwMDAwMDAwMCwidXBkYXRlIjo1NDAwMDAwMDAwMDAwfX0="
        }
      ]
    },
    {
      "mode": "managed",
      "type": "azurerm_service_plan",
      "name": "app-service-plan",
      "provider": "provider[\"registry.terraform.io/hashicorp/azurerm\"]",
      "instances": [
        {
          "schema_version": 0,
          "attributes": {
            "app_service_environment_id": "",
            "id": "/subscriptions/e213a1d7-ec53-43b8-8c56-637302aff6d4/resourceGroups/tf-functionapp-cosmosdb-rg/providers/Microsoft.Web/serverfarms/linux-app-service-plan",
            "kind": "functionapp",
            "location": "eastus",
            "maximum_elastic_worker_count": 1,
            "name": "linux-app-service-plan",
            "os_type": "Linux",
            "per_site_scaling_enabled": false,
            "reserved": true,
            "resource_group_name": "tf-functionapp-cosmosdb-rg",
            "sku_name": "Y1",
            "tags": null,
            "timeouts": null,
            "worker_count": 0,
            "zone_balancing_enabled": false
          },
          "sensitive_attributes": [],
          "private": "eyJlMmJmYjczMC1lY2FhLTExZTYtOGY4OC0zNDM2M2JjN2M0YzAiOnsiY3JlYXRlIjozNjAwMDAwMDAwMDAwLCJkZWxldGUiOjM2MDAwMDAwMDAwMDAsInJlYWQiOjMwMDAwMDAwMDAwMCwidXBkYXRlIjozNjAwMDAwMDAwMDAwfX0=",
          "dependencies": [
            "azurerm_resource_group.tf-functionapp-cosmosdb-rg"
          ]
        }
      ]
    },
    {
      "mode": "managed",
      "type": "azurerm_storage_account",
      "name": "functionappstorage",
      "provider": "provider[\"registry.terraform.io/hashicorp/azurerm\"]",
      "instances": [
        {
          "schema_version": 3,
          "attributes": {
            "access_tier": "Hot",
            "account_kind": "StorageV2",
            "account_replication_type": "LRS",
            "account_tier": "Standard",
            "allow_nested_items_to_be_public": true,
            "allowed_copy_scope": "",
            "azure_files_authentication": [],
            "blob_properties": [
              {
                "change_feed_enabled": false,
                "change_feed_retention_in_days": 0,
                "container_delete_retention_policy": [],
                "cors_rule": [],
                "default_service_version": "",
                "delete_retention_policy": [],
                "last_access_time_enabled": false,
                "restore_policy": [],
                "versioning_enabled": false
              }
            ],
            "cross_tenant_replication_enabled": true,
            "custom_domain": [],
            "customer_managed_key": [],
            "default_to_oauth_authentication": false,
            "edge_zone": "",
            "enable_https_traffic_only": true,
            "id": "/subscriptions/e213a1d7-ec53-43b8-8c56-637302aff6d4/resourceGroups/tf-functionapp-cosmosdb-rg/providers/Microsoft.Storage/storageAccounts/vastagonfunctionapp",
            "identity": [],
            "immutability_policy": [],
            "infrastructure_encryption_enabled": false,
            "is_hns_enabled": false,
            "large_file_share_enabled": null,
            "location": "eastus",
            "min_tls_version": "TLS1_2",
            "name": "vastagonfunctionapp",
            "network_rules": [
              {
                "bypass": [
                  "AzureServices"
                ],
                "default_action": "Allow",
                "ip_rules": [],
                "private_link_access": [],
                "virtual_network_subnet_ids": []
              }
            ],
            "nfsv3_enabled": false,
            "primary_access_key": "EBudTkPWvO/2OsyWjrzQcbXXbS1nuV3yvcKHSwg0nuNsKRjc567Hwx3lO28xKa5s8Su5gnZlO/l++ASt0R8foA==",
            "primary_blob_connection_string": "DefaultEndpointsProtocol=https;BlobEndpoint=https://vastagonfunctionapp.blob.core.windows.net/;AccountName=vastagonfunctionapp;AccountKey=EBudTkPWvO/2OsyWjrzQcbXXbS1nuV3yvcKHSwg0nuNsKRjc567Hwx3lO28xKa5s8Su5gnZlO/l++ASt0R8foA==",
            "primary_blob_endpoint": "https://vastagonfunctionapp.blob.core.windows.net/",
            "primary_blob_host": "vastagonfunctionapp.blob.core.windows.net",
            "primary_connection_string": "DefaultEndpointsProtocol=https;AccountName=vastagonfunctionapp;AccountKey=EBudTkPWvO/2OsyWjrzQcbXXbS1nuV3yvcKHSwg0nuNsKRjc567Hwx3lO28xKa5s8Su5gnZlO/l++ASt0R8foA==;EndpointSuffix=core.windows.net",
            "primary_dfs_endpoint": "https://vastagonfunctionapp.dfs.core.windows.net/",
            "primary_dfs_host": "vastagonfunctionapp.dfs.core.windows.net",
            "primary_file_endpoint": "https://vastagonfunctionapp.file.core.windows.net/",
            "primary_file_host": "vastagonfunctionapp.file.core.windows.net",
            "primary_location": "eastus",
            "primary_queue_endpoint": "https://vastagonfunctionapp.queue.core.windows.net/",
            "primary_queue_host": "vastagonfunctionapp.queue.core.windows.net",
            "primary_table_endpoint": "https://vastagonfunctionapp.table.core.windows.net/",
            "primary_table_host": "vastagonfunctionapp.table.core.windows.net",
            "primary_web_endpoint": "https://vastagonfunctionapp.z13.web.core.windows.net/",
            "primary_web_host": "vastagonfunctionapp.z13.web.core.windows.net",
            "public_network_access_enabled": true,
            "queue_encryption_key_type": "Service",
            "queue_properties": [
              {
                "cors_rule": [],
                "hour_metrics": [
                  {
                    "enabled": true,
                    "include_apis": true,
                    "retention_policy_days": 7,
                    "version": "1.0"
                  }
                ],
                "logging": [
                  {
                    "delete": false,
                    "read": false,
                    "retention_policy_days": 0,
                    "version": "1.0",
                    "write": false
                  }
                ],
                "minute_metrics": [
                  {
                    "enabled": false,
                    "include_apis": false,
                    "retention_policy_days": 0,
                    "version": "1.0"
                  }
                ]
              }
            ],
            "resource_group_name": "tf-functionapp-cosmosdb-rg",
            "routing": [],
            "sas_policy": [],
            "secondary_access_key": "zXcBVd8ydcx59oZNIff6E1bWkF8AiUGm5J05p7g1LERJe5HLf9/jPpI8TJYbuqabS5jLW53KRmwQ+AStX4ZRCQ==",
            "secondary_blob_connection_string": "",
            "secondary_blob_endpoint": null,
            "secondary_blob_host": null,
            "secondary_connection_string": "DefaultEndpointsProtocol=https;AccountName=vastagonfunctionapp;AccountKey=zXcBVd8ydcx59oZNIff6E1bWkF8AiUGm5J05p7g1LERJe5HLf9/jPpI8TJYbuqabS5jLW53KRmwQ+AStX4ZRCQ==;EndpointSuffix=core.windows.net",
            "secondary_dfs_endpoint": null,
            "secondary_dfs_host": null,
            "secondary_file_endpoint": null,
            "secondary_file_host": null,
            "secondary_location": "",
            "secondary_queue_endpoint": null,
            "secondary_queue_host": null,
            "secondary_table_endpoint": null,
            "secondary_table_host": null,
            "secondary_web_endpoint": null,
            "secondary_web_host": null,
            "sftp_enabled": false,
            "share_properties": [
              {
                "cors_rule": [],
                "retention_policy": [
                  {
                    "days": 7
                  }
                ],
                "smb": []
              }
            ],
            "shared_access_key_enabled": true,
            "static_website": [],
            "table_encryption_key_type": "Service",
            "tags": null,
            "timeouts": null
          },
          "sensitive_attributes": [],
          "private": "eyJlMmJmYjczMC1lY2FhLTExZTYtOGY4OC0zNDM2M2JjN2M0YzAiOnsiY3JlYXRlIjozNjAwMDAwMDAwMDAwLCJkZWxldGUiOjM2MDAwMDAwMDAwMDAsInJlYWQiOjMwMDAwMDAwMDAwMCwidXBkYXRlIjozNjAwMDAwMDAwMDAwfSwic2NoZW1hX3ZlcnNpb24iOiIzIn0=",
          "dependencies": [
            "azurerm_resource_group.tf-functionapp-cosmosdb-rg"
          ]
        }
      ]
    },
    {
      "mode": "managed",
      "type": "azurerm_storage_account",
      "name": "static-storage-account",
      "provider": "provider[\"registry.terraform.io/hashicorp/azurerm\"]",
      "instances": [
        {
          "schema_version": 3,
          "attributes": {
            "access_tier": "Hot",
            "account_kind": "StorageV2",
            "account_replication_type": "LRS",
            "account_tier": "Standard",
            "allow_nested_items_to_be_public": true,
            "allowed_copy_scope": "",
            "azure_files_authentication": [],
            "blob_properties": [
              {
                "change_feed_enabled": false,
                "change_feed_retention_in_days": 0,
                "container_delete_retention_policy": [],
                "cors_rule": [],
                "default_service_version": "",
                "delete_retention_policy": [],
                "last_access_time_enabled": false,
                "restore_policy": [],
                "versioning_enabled": false
              }
            ],
            "cross_tenant_replication_enabled": true,
            "custom_domain": [],
            "customer_managed_key": [],
            "default_to_oauth_authentication": false,
            "edge_zone": "",
            "enable_https_traffic_only": true,
            "id": "/subscriptions/e213a1d7-ec53-43b8-8c56-637302aff6d4/resourceGroups/tf-website-rg/providers/Microsoft.Storage/storageAccounts/tfwebsitesa",
            "identity": [],
            "immutability_policy": [],
            "infrastructure_encryption_enabled": false,
            "is_hns_enabled": false,
            "large_file_share_enabled": null,
            "location": "eastus",
            "min_tls_version": "TLS1_2",
            "name": "tfwebsitesa",
            "network_rules": [
              {
                "bypass": [
                  "AzureServices"
                ],
                "default_action": "Allow",
                "ip_rules": [],
                "private_link_access": [],
                "virtual_network_subnet_ids": []
              }
            ],
            "nfsv3_enabled": false,
            "primary_access_key": "IA+5GO4OuPyfiyhNImrnxTqhYZQusnTkkUPEKoBrxI4wymMCOl/bFa8P5vh69qGroI4QjHmcszVH+AStB95ZVQ==",
            "primary_blob_connection_string": "DefaultEndpointsProtocol=https;BlobEndpoint=https://tfwebsitesa.blob.core.windows.net/;AccountName=tfwebsitesa;AccountKey=IA+5GO4OuPyfiyhNImrnxTqhYZQusnTkkUPEKoBrxI4wymMCOl/bFa8P5vh69qGroI4QjHmcszVH+AStB95ZVQ==",
            "primary_blob_endpoint": "https://tfwebsitesa.blob.core.windows.net/",
            "primary_blob_host": "tfwebsitesa.blob.core.windows.net",
            "primary_connection_string": "DefaultEndpointsProtocol=https;AccountName=tfwebsitesa;AccountKey=IA+5GO4OuPyfiyhNImrnxTqhYZQusnTkkUPEKoBrxI4wymMCOl/bFa8P5vh69qGroI4QjHmcszVH+AStB95ZVQ==;EndpointSuffix=core.windows.net",
            "primary_dfs_endpoint": "https://tfwebsitesa.dfs.core.windows.net/",
            "primary_dfs_host": "tfwebsitesa.dfs.core.windows.net",
            "primary_file_endpoint": "https://tfwebsitesa.file.core.windows.net/",
            "primary_file_host": "tfwebsitesa.file.core.windows.net",
            "primary_location": "eastus",
            "primary_queue_endpoint": "https://tfwebsitesa.queue.core.windows.net/",
            "primary_queue_host": "tfwebsitesa.queue.core.windows.net",
            "primary_table_endpoint": "https://tfwebsitesa.table.core.windows.net/",
            "primary_table_host": "tfwebsitesa.table.core.windows.net",
            "primary_web_endpoint": "https://tfwebsitesa.z13.web.core.windows.net/",
            "primary_web_host": "tfwebsitesa.z13.web.core.windows.net",
            "public_network_access_enabled": true,
            "queue_encryption_key_type": "Service",
            "queue_properties": [
              {
                "cors_rule": [],
                "hour_metrics": [
                  {
                    "enabled": true,
                    "include_apis": true,
                    "retention_policy_days": 7,
                    "version": "1.0"
                  }
                ],
                "logging": [
                  {
                    "delete": false,
                    "read": false,
                    "retention_policy_days": 0,
                    "version": "1.0",
                    "write": false
                  }
                ],
                "minute_metrics": [
                  {
                    "enabled": false,
                    "include_apis": false,
                    "retention_policy_days": 0,
                    "version": "1.0"
                  }
                ]
              }
            ],
            "resource_group_name": "tf-website-rg",
            "routing": [],
            "sas_policy": [],
            "secondary_access_key": "4VFyvfZbzhG1/D9YNjXl3f7K69+TiRzNflr1Oh8UsSu/rKyt0JZ3Cp+DuivmhEwP+5DnAWsFVmFA+AStrOoe+w==",
            "secondary_blob_connection_string": "",
            "secondary_blob_endpoint": null,
            "secondary_blob_host": null,
            "secondary_connection_string": "DefaultEndpointsProtocol=https;AccountName=tfwebsitesa;AccountKey=4VFyvfZbzhG1/D9YNjXl3f7K69+TiRzNflr1Oh8UsSu/rKyt0JZ3Cp+DuivmhEwP+5DnAWsFVmFA+AStrOoe+w==;EndpointSuffix=core.windows.net",
            "secondary_dfs_endpoint": null,
            "secondary_dfs_host": null,
            "secondary_file_endpoint": null,
            "secondary_file_host": null,
            "secondary_location": "",
            "secondary_queue_endpoint": null,
            "secondary_queue_host": null,
            "secondary_table_endpoint": null,
            "secondary_table_host": null,
            "secondary_web_endpoint": null,
            "secondary_web_host": null,
            "sftp_enabled": false,
            "share_properties": [
              {
                "cors_rule": [],
                "retention_policy": [
                  {
                    "days": 7
                  }
                ],
                "smb": []
              }
            ],
            "shared_access_key_enabled": true,
            "static_website": [
              {
                "error_404_document": "",
                "index_document": "resume.html"
              }
            ],
            "table_encryption_key_type": "Service",
            "tags": null,
            "timeouts": null
          },
          "sensitive_attributes": [],
          "private": "eyJlMmJmYjczMC1lY2FhLTExZTYtOGY4OC0zNDM2M2JjN2M0YzAiOnsiY3JlYXRlIjozNjAwMDAwMDAwMDAwLCJkZWxldGUiOjM2MDAwMDAwMDAwMDAsInJlYWQiOjMwMDAwMDAwMDAwMCwidXBkYXRlIjozNjAwMDAwMDAwMDAwfSwic2NoZW1hX3ZlcnNpb24iOiIzIn0=",
          "dependencies": [
            "azurerm_resource_group.tf-website-rg"
          ]
        }
      ]
    },
    {
      "mode": "managed",
      "type": "azurerm_storage_blob",
      "name": "function-app-blob",
      "provider": "provider[\"registry.terraform.io/hashicorp/azurerm\"]",
      "instances": [
        {
          "schema_version": 1,
          "attributes": {
            "access_tier": "Hot",
            "cache_control": "",
            "content_md5": "",
            "content_type": "application/octet-stream",
            "id": "https://vastagonfunctionapp.blob.core.windows.net/function-releases/functionapp.zip",
            "metadata": {},
            "name": "functionapp.zip",
            "parallelism": 8,
            "size": 0,
            "source": "./FunctionTriggers/FunctionTriggers.zip",
            "source_content": null,
            "source_uri": null,
            "storage_account_name": "vastagonfunctionapp",
            "storage_container_name": "function-releases",
            "timeouts": null,
            "type": "Block",
            "url": "https://vastagonfunctionapp.blob.core.windows.net/function-releases/functionapp.zip"
          },
          "sensitive_attributes": [],
          "private": "eyJlMmJmYjczMC1lY2FhLTExZTYtOGY4OC0zNDM2M2JjN2M0YzAiOnsiY3JlYXRlIjoxODAwMDAwMDAwMDAwLCJkZWxldGUiOjE4MDAwMDAwMDAwMDAsInJlYWQiOjMwMDAwMDAwMDAwMCwidXBkYXRlIjoxODAwMDAwMDAwMDAwfSwic2NoZW1hX3ZlcnNpb24iOiIxIn0=",
          "dependencies": [
            "azurerm_resource_group.tf-functionapp-cosmosdb-rg",
            "azurerm_storage_account.functionappstorage",
            "azurerm_storage_container.function-app-container"
          ]
        }
      ]
    },
    {
      "mode": "managed",
      "type": "azurerm_storage_blob",
      "name": "website-css",
      "provider": "provider[\"registry.terraform.io/hashicorp/azurerm\"]",
      "instances": [
        {
          "schema_version": 1,
          "attributes": {
            "access_tier": "Hot",
            "cache_control": "",
            "content_md5": "",
            "content_type": "text/css",
            "id": "https://tfwebsitesa.blob.core.windows.net/$web/resume.css",
            "metadata": {},
            "name": "resume.css",
            "parallelism": 8,
            "size": 0,
            "source": "./Resume Code/resume.css",
            "source_content": null,
            "source_uri": null,
            "storage_account_name": "tfwebsitesa",
            "storage_container_name": "$web",
            "timeouts": null,
            "type": "Block",
            "url": "https://tfwebsitesa.blob.core.windows.net/$web/resume.css"
          },
          "sensitive_attributes": [],
          "private": "eyJlMmJmYjczMC1lY2FhLTExZTYtOGY4OC0zNDM2M2JjN2M0YzAiOnsiY3JlYXRlIjoxODAwMDAwMDAwMDAwLCJkZWxldGUiOjE4MDAwMDAwMDAwMDAsInJlYWQiOjMwMDAwMDAwMDAwMCwidXBkYXRlIjoxODAwMDAwMDAwMDAwfSwic2NoZW1hX3ZlcnNpb24iOiIxIn0=",
          "dependencies": [
            "azurerm_resource_group.tf-website-rg",
            "azurerm_storage_account.static-storage-account"
          ]
        }
      ]
    },
    {
      "mode": "managed",
      "type": "azurerm_storage_blob",
      "name": "website-html",
      "provider": "provider[\"registry.terraform.io/hashicorp/azurerm\"]",
      "instances": [
        {
          "schema_version": 1,
          "attributes": {
            "access_tier": "Hot",
            "cache_control": "",
            "content_md5": "",
            "content_type": "text/html",
            "id": "https://tfwebsitesa.blob.core.windows.net/$web/resume.html",
            "metadata": {},
            "name": "resume.html",
            "parallelism": 8,
            "size": 0,
            "source": "./Resume Code/resume.html",
            "source_content": null,
            "source_uri": null,
            "storage_account_name": "tfwebsitesa",
            "storage_container_name": "$web",
            "timeouts": null,
            "type": "Block",
            "url": "https://tfwebsitesa.blob.core.windows.net/$web/resume.html"
          },
          "sensitive_attributes": [],
          "private": "eyJlMmJmYjczMC1lY2FhLTExZTYtOGY4OC0zNDM2M2JjN2M0YzAiOnsiY3JlYXRlIjoxODAwMDAwMDAwMDAwLCJkZWxldGUiOjE4MDAwMDAwMDAwMDAsInJlYWQiOjMwMDAwMDAwMDAwMCwidXBkYXRlIjoxODAwMDAwMDAwMDAwfSwic2NoZW1hX3ZlcnNpb24iOiIxIn0=",
          "dependencies": [
            "azurerm_resource_group.tf-website-rg",
            "azurerm_storage_account.static-storage-account"
          ]
        }
      ]
    },
    {
      "mode": "managed",
      "type": "azurerm_storage_blob",
      "name": "website-js",
      "provider": "provider[\"registry.terraform.io/hashicorp/azurerm\"]",
      "instances": [
        {
          "schema_version": 1,
          "attributes": {
            "access_tier": "Hot",
            "cache_control": "",
            "content_md5": "",
            "content_type": "text/js",
            "id": "https://tfwebsitesa.blob.core.windows.net/$web/resume.js",
            "metadata": {},
            "name": "resume.js",
            "parallelism": 8,
            "size": 0,
            "source": "./Resume Code/resume.js",
            "source_content": null,
            "source_uri": null,
            "storage_account_name": "tfwebsitesa",
            "storage_container_name": "$web",
            "timeouts": null,
            "type": "Block",
            "url": "https://tfwebsitesa.blob.core.windows.net/$web/resume.js"
          },
          "sensitive_attributes": [],
          "private": "eyJlMmJmYjczMC1lY2FhLTExZTYtOGY4OC0zNDM2M2JjN2M0YzAiOnsiY3JlYXRlIjoxODAwMDAwMDAwMDAwLCJkZWxldGUiOjE4MDAwMDAwMDAwMDAsInJlYWQiOjMwMDAwMDAwMDAwMCwidXBkYXRlIjoxODAwMDAwMDAwMDAwfSwic2NoZW1hX3ZlcnNpb24iOiIxIn0=",
          "dependencies": [
            "azurerm_resource_group.tf-website-rg",
            "azurerm_storage_account.static-storage-account"
          ]
        }
      ]
    },
    {
      "mode": "managed",
      "type": "azurerm_storage_container",
      "name": "function-app-container",
      "provider": "provider[\"registry.terraform.io/hashicorp/azurerm\"]",
      "instances": [
        {
          "schema_version": 1,
          "attributes": {
            "container_access_type": "private",
            "has_immutability_policy": false,
            "has_legal_hold": false,
            "id": "https://vastagonfunctionapp.blob.core.windows.net/function-releases",
            "metadata": {},
            "name": "function-releases",
            "resource_manager_id": "/subscriptions/e213a1d7-ec53-43b8-8c56-637302aff6d4/resourceGroups/tf-functionapp-cosmosdb-rg/providers/Microsoft.Storage/storageAccounts/vastagonfunctionapp/blobServices/default/containers/function-releases",
            "storage_account_name": "vastagonfunctionapp",
            "timeouts": null
          },
          "sensitive_attributes": [],
          "private": "eyJlMmJmYjczMC1lY2FhLTExZTYtOGY4OC0zNDM2M2JjN2M0YzAiOnsiY3JlYXRlIjoxODAwMDAwMDAwMDAwLCJkZWxldGUiOjE4MDAwMDAwMDAwMDAsInJlYWQiOjMwMDAwMDAwMDAwMCwidXBkYXRlIjoxODAwMDAwMDAwMDAwfSwic2NoZW1hX3ZlcnNpb24iOiIxIn0=",
          "dependencies": [
            "azurerm_resource_group.tf-functionapp-cosmosdb-rg",
            "azurerm_storage_account.functionappstorage"
          ]
        }
      ]
    }
  ],
  "check_results": null
}
