{
  "version": 4,
  "terraform_version": "1.5.4",
  "serial": 26,
  "lineage": "ebf381d2-6190-2484-0fb2-474ade8c3c62",
  "outputs": {},
  "resources": [
    {
      "mode": "managed",
      "type": "azurerm_function_app_function",
      "name": "example",
      "provider": "provider[\"registry.terraform.io/hashicorp/azurerm\"]",
      "instances": [
        {
          "schema_version": 0,
          "attributes": {
            "config_json": "{\"bindings\":[{\"authLevel\":\"function\",\"direction\":\"in\",\"methods\":[\"get\",\"post\"],\"name\":\"req\",\"type\":\"httpTrigger\"},{\"direction\":\"out\",\"name\":\"$return\",\"type\":\"http\"}]}",
            "config_url": "https://examplvastagon-app.azurewebsites.net/admin/vfs/home/site/wwwroot/example-vastagonpp-function/function.json",
            "enabled": true,
            "file": [
              {
                "content": "import azure.functions as func\n\n\ndef main(req: func.HttpRequest, inputDocument: func.DocumentList):\n    return \"Hello\"\n",
                "name": "__init__.py"
              }
            ],
            "function_app_id": "/subscriptions/e213a1d7-ec53-43b8-8c56-637302aff6d4/resourceGroups/vastagone-group/providers/Microsoft.Web/sites/examplvastagon-app",
            "id": "/subscriptions/e213a1d7-ec53-43b8-8c56-637302aff6d4/resourceGroups/vastagone-group/providers/Microsoft.Web/sites/examplvastagon-app/functions/example-vastagonpp-function",
            "invocation_url": "https://examplvastagon-app.azurewebsites.net/api/example-vastagonpp-function",
            "language": "Python",
            "name": "example-vastagonpp-function",
            "script_root_path_url": "https://examplvastagon-app.azurewebsites.net/admin/vfs/home/site/wwwroot/example-vastagonpp-function/",
            "script_url": "https://examplvastagon-app.azurewebsites.net/admin/vfs/home/site/wwwroot/example-vastagonpp-function/__init__.py",
            "secrets_file_url": "",
            "test_data": "{\"name\":\"Azure\"}",
            "test_data_url": "https://examplvastagon-app.azurewebsites.net/admin/vfs/home/data/Functions/sampledata/example-vastagonpp-function.dat",
            "timeouts": null,
            "url": "https://examplvastagon-app.azurewebsites.net/admin/functions/example-vastagonpp-function"
          },
          "sensitive_attributes": [],
          "private": "eyJlMmJmYjczMC1lY2FhLTExZTYtOGY4OC0zNDM2M2JjN2M0YzAiOnsiY3JlYXRlIjoxODAwMDAwMDAwMDAwLCJkZWxldGUiOjMwMDAwMDAwMDAwMCwicmVhZCI6MzAwMDAwMDAwMDAwLCJ1cGRhdGUiOjE4MDAwMDAwMDAwMDB9fQ==",
          "dependencies": [
            "azurerm_linux_function_app.example",
            "azurerm_resource_group.example",
            "azurerm_service_plan.example",
            "azurerm_storage_account.example"
          ]
        }
      ]
    },
    {
      "mode": "managed",
      "type": "azurerm_linux_function_app",
      "name": "example",
      "provider": "provider[\"registry.terraform.io/hashicorp/azurerm\"]",
      "instances": [
        {
          "schema_version": 0,
          "attributes": {
            "app_settings": null,
            "auth_settings": [
              {
                "active_directory": [],
                "additional_login_parameters": {},
                "allowed_external_redirect_urls": [],
                "default_provider": "",
                "enabled": false,
                "facebook": [],
                "github": [],
                "google": [],
                "issuer": "",
                "microsoft": [],
                "runtime_version": "",
                "token_refresh_extension_hours": 0,
                "token_store_enabled": false,
                "twitter": [],
                "unauthenticated_client_action": ""
              }
            ],
            "backup": [],
            "builtin_logging_enabled": true,
            "client_certificate_enabled": false,
            "client_certificate_exclusion_paths": "",
            "client_certificate_mode": "Optional",
            "connection_string": [],
            "content_share_force_disabled": false,
            "custom_domain_verification_id": "53E2C261B705CD5E64C70E0F5AE52A96A1B0A5933B646C4989D3BE375510BE2A",
            "daily_memory_time_quota": 0,
            "default_hostname": "examplvastagon-app.azurewebsites.net",
            "enabled": true,
            "functions_extension_version": "~4",
            "https_only": false,
            "id": "/subscriptions/e213a1d7-ec53-43b8-8c56-637302aff6d4/resourceGroups/vastagone-group/providers/Microsoft.Web/sites/examplvastagon-app",
            "identity": [],
            "key_vault_reference_identity_id": "SystemAssigned",
            "kind": "functionapp,linux",
            "location": "westeurope",
            "name": "examplvastagon-app",
            "outbound_ip_address_list": [
              "20.103.203.254",
              "20.103.205.55",
              "20.103.207.76",
              "20.126.224.105",
              "20.126.224.165",
              "20.103.203.71",
              "20.105.216.18"
            ],
            "outbound_ip_addresses": "20.103.203.254,20.103.205.55,20.103.207.76,20.126.224.105,20.126.224.165,20.103.203.71,20.105.216.18",
            "possible_outbound_ip_address_list": [
              "20.103.203.254",
              "20.103.205.55",
              "20.103.207.76",
              "20.126.224.105",
              "20.126.224.165",
              "20.103.203.71",
              "20.103.203.179",
              "20.126.229.1",
              "20.126.229.223",
              "20.103.204.212",
              "20.93.255.161",
              "20.126.230.75",
              "20.126.230.150",
              "20.126.231.9",
              "20.126.231.24",
              "20.126.231.225",
              "20.31.177.0",
              "20.31.177.15",
              "20.31.177.122",
              "20.31.177.145",
              "20.31.177.185",
              "20.31.177.196",
              "20.31.177.243",
              "20.31.177.255",
              "20.105.216.18"
            ],
            "possible_outbound_ip_addresses": "20.103.203.254,20.103.205.55,20.103.207.76,20.126.224.105,20.126.224.165,20.103.203.71,20.103.203.179,20.126.229.1,20.126.229.223,20.103.204.212,20.93.255.161,20.126.230.75,20.126.230.150,20.126.231.9,20.126.231.24,20.126.231.225,20.31.177.0,20.31.177.15,20.31.177.122,20.31.177.145,20.31.177.185,20.31.177.196,20.31.177.243,20.31.177.255,20.105.216.18",
            "resource_group_name": "vastagone-group",
            "service_plan_id": "/subscriptions/e213a1d7-ec53-43b8-8c56-637302aff6d4/resourceGroups/vastagone-group/providers/Microsoft.Web/serverfarms/example-vastagon-plan",
            "site_config": [
              {
                "always_on": false,
                "api_definition_url": "",
                "api_management_api_id": "",
                "app_command_line": "",
                "app_scale_limit": 0,
                "app_service_logs": [],
                "application_insights_connection_string": "",
                "application_insights_key": "",
                "application_stack": [
                  {
                    "docker": [],
                    "dotnet_version": "",
                    "java_version": "",
                    "node_version": "",
                    "powershell_core_version": "",
                    "python_version": "3.9",
                    "use_custom_runtime": false,
                    "use_dotnet_isolated_runtime": false
                  }
                ],
                "container_registry_managed_identity_client_id": "",
                "container_registry_use_managed_identity": false,
                "cors": [],
                "default_documents": [
                  "Default.htm",
                  "Default.html",
                  "Default.asp",
                  "index.htm",
                  "index.html",
                  "iisstart.htm",
                  "default.aspx",
                  "index.php"
                ],
                "detailed_error_logging_enabled": false,
                "elastic_instance_minimum": 0,
                "ftps_state": "Disabled",
                "health_check_eviction_time_in_min": 0,
                "health_check_path": "",
                "http2_enabled": false,
                "ip_restriction": [],
                "linux_fx_version": "PYTHON|3.9",
                "load_balancing_mode": "LeastRequests",
                "managed_pipeline_mode": "Integrated",
                "minimum_tls_version": "1.2",
                "pre_warmed_instance_count": 0,
                "remote_debugging_enabled": false,
                "remote_debugging_version": "",
                "runtime_scale_monitoring_enabled": false,
                "scm_ip_restriction": [],
                "scm_minimum_tls_version": "1.2",
                "scm_type": "None",
                "scm_use_main_ip_restriction": false,
                "use_32_bit_worker": false,
                "vnet_route_all_enabled": false,
                "websockets_enabled": false,
                "worker_count": 1
              }
            ],
            "site_credential": [
              {
                "name": "$examplvastagon-app",
                "password": "cn8exyugmbT8dXbl4oKCrYMTcSXCktRySnYZm6iHjd3cRr2sRjwtTrzsX5LR"
              }
            ],
            "sticky_settings": [],
            "storage_account": [],
            "storage_account_access_key": "DboNCYEfDrus4+C0c8FN45BpUYdh8enFhu+CYQl2Az5Ma0U7MT8oyTkD7zGuCVMJTW4RqfB3Flmd+AStdRsmFQ==",
            "storage_account_name": "vastagona",
            "storage_key_vault_secret_id": "",
            "storage_uses_managed_identity": false,
            "tags": null,
            "timeouts": null,
            "virtual_network_subnet_id": ""
          },
          "sensitive_attributes": [
            [
              {
                "type": "get_attr",
                "value": "storage_account_access_key"
              }
            ]
          ],
          "private": "eyJlMmJmYjczMC1lY2FhLTExZTYtOGY4OC0zNDM2M2JjN2M0YzAiOnsiY3JlYXRlIjoxODAwMDAwMDAwMDAwLCJkZWxldGUiOjE4MDAwMDAwMDAwMDAsInJlYWQiOjMwMDAwMDAwMDAwMCwidXBkYXRlIjoxODAwMDAwMDAwMDAwfX0=",
          "dependencies": [
            "azurerm_resource_group.example",
            "azurerm_service_plan.example",
            "azurerm_storage_account.example"
          ]
        }
      ]
    },
    {
      "mode": "managed",
      "type": "azurerm_resource_group",
      "name": "example",
      "provider": "provider[\"registry.terraform.io/hashicorp/azurerm\"]",
      "instances": [
        {
          "schema_version": 0,
          "attributes": {
            "id": "/subscriptions/e213a1d7-ec53-43b8-8c56-637302aff6d4/resourceGroups/vastagone-group",
            "location": "westeurope",
            "name": "vastagone-group",
            "tags": null,
            "timeouts": null
          },
          "sensitive_attributes": [],
          "private": "eyJlMmJmYjczMC1lY2FhLTExZTYtOGY4OC0zNDM2M2JjN2M0YzAiOnsiY3JlYXRlIjo1NDAwMDAwMDAwMDAwLCJkZWxldGUiOjU0MDAwMDAwMDAwMDAsInJlYWQiOjMwMDAwMDAwMDAwMCwidXBkYXRlIjo1NDAwMDAwMDAwMDAwfX0="
        }
      ]
    },
    {
      "mode": "managed",
      "type": "azurerm_service_plan",
      "name": "example",
      "provider": "provider[\"registry.terraform.io/hashicorp/azurerm\"]",
      "instances": [
        {
          "schema_version": 0,
          "attributes": {
            "app_service_environment_id": "",
            "id": "/subscriptions/e213a1d7-ec53-43b8-8c56-637302aff6d4/resourceGroups/vastagone-group/providers/Microsoft.Web/serverfarms/example-vastagon-plan",
            "kind": "linux",
            "location": "westeurope",
            "maximum_elastic_worker_count": 1,
            "name": "example-vastagon-plan",
            "os_type": "Linux",
            "per_site_scaling_enabled": false,
            "reserved": true,
            "resource_group_name": "vastagone-group",
            "sku_name": "S1",
            "tags": null,
            "timeouts": null,
            "worker_count": 1,
            "zone_balancing_enabled": false
          },
          "sensitive_attributes": [],
          "private": "eyJlMmJmYjczMC1lY2FhLTExZTYtOGY4OC0zNDM2M2JjN2M0YzAiOnsiY3JlYXRlIjozNjAwMDAwMDAwMDAwLCJkZWxldGUiOjM2MDAwMDAwMDAwMDAsInJlYWQiOjMwMDAwMDAwMDAwMCwidXBkYXRlIjozNjAwMDAwMDAwMDAwfX0=",
          "dependencies": [
            "azurerm_resource_group.example"
          ]
        }
      ]
    },
    {
      "mode": "managed",
      "type": "azurerm_storage_account",
      "name": "example",
      "provider": "provider[\"registry.terraform.io/hashicorp/azurerm\"]",
      "instances": [
        {
          "schema_version": 3,
          "attributes": {
            "access_tier": "Hot",
            "account_kind": "StorageV2",
            "account_replication_type": "LRS",
            "account_tier": "Standard",
            "allow_nested_items_to_be_public": true,
            "allowed_copy_scope": "",
            "azure_files_authentication": [],
            "blob_properties": [
              {
                "change_feed_enabled": false,
                "change_feed_retention_in_days": 0,
                "container_delete_retention_policy": [],
                "cors_rule": [],
                "default_service_version": "",
                "delete_retention_policy": [],
                "last_access_time_enabled": false,
                "restore_policy": [],
                "versioning_enabled": false
              }
            ],
            "cross_tenant_replication_enabled": true,
            "custom_domain": [],
            "customer_managed_key": [],
            "default_to_oauth_authentication": false,
            "edge_zone": "",
            "enable_https_traffic_only": true,
            "id": "/subscriptions/e213a1d7-ec53-43b8-8c56-637302aff6d4/resourceGroups/vastagone-group/providers/Microsoft.Storage/storageAccounts/vastagona",
            "identity": [],
            "immutability_policy": [],
            "infrastructure_encryption_enabled": false,
            "is_hns_enabled": false,
            "large_file_share_enabled": null,
            "location": "westeurope",
            "min_tls_version": "TLS1_2",
            "name": "vastagona",
            "network_rules": [
              {
                "bypass": [
                  "AzureServices"
                ],
                "default_action": "Allow",
                "ip_rules": [],
                "private_link_access": [],
                "virtual_network_subnet_ids": []
              }
            ],
            "nfsv3_enabled": false,
            "primary_access_key": "DboNCYEfDrus4+C0c8FN45BpUYdh8enFhu+CYQl2Az5Ma0U7MT8oyTkD7zGuCVMJTW4RqfB3Flmd+AStdRsmFQ==",
            "primary_blob_connection_string": "DefaultEndpointsProtocol=https;BlobEndpoint=https://vastagona.blob.core.windows.net/;AccountName=vastagona;AccountKey=DboNCYEfDrus4+C0c8FN45BpUYdh8enFhu+CYQl2Az5Ma0U7MT8oyTkD7zGuCVMJTW4RqfB3Flmd+AStdRsmFQ==",
            "primary_blob_endpoint": "https://vastagona.blob.core.windows.net/",
            "primary_blob_host": "vastagona.blob.core.windows.net",
            "primary_connection_string": "DefaultEndpointsProtocol=https;AccountName=vastagona;AccountKey=DboNCYEfDrus4+C0c8FN45BpUYdh8enFhu+CYQl2Az5Ma0U7MT8oyTkD7zGuCVMJTW4RqfB3Flmd+AStdRsmFQ==;EndpointSuffix=core.windows.net",
            "primary_dfs_endpoint": "https://vastagona.dfs.core.windows.net/",
            "primary_dfs_host": "vastagona.dfs.core.windows.net",
            "primary_file_endpoint": "https://vastagona.file.core.windows.net/",
            "primary_file_host": "vastagona.file.core.windows.net",
            "primary_location": "westeurope",
            "primary_queue_endpoint": "https://vastagona.queue.core.windows.net/",
            "primary_queue_host": "vastagona.queue.core.windows.net",
            "primary_table_endpoint": "https://vastagona.table.core.windows.net/",
            "primary_table_host": "vastagona.table.core.windows.net",
            "primary_web_endpoint": "https://vastagona.z6.web.core.windows.net/",
            "primary_web_host": "vastagona.z6.web.core.windows.net",
            "public_network_access_enabled": true,
            "queue_encryption_key_type": "Service",
            "queue_properties": [
              {
                "cors_rule": [],
                "hour_metrics": [
                  {
                    "enabled": true,
                    "include_apis": true,
                    "retention_policy_days": 7,
                    "version": "1.0"
                  }
                ],
                "logging": [
                  {
                    "delete": false,
                    "read": false,
                    "retention_policy_days": 0,
                    "version": "1.0",
                    "write": false
                  }
                ],
                "minute_metrics": [
                  {
                    "enabled": false,
                    "include_apis": false,
                    "retention_policy_days": 0,
                    "version": "1.0"
                  }
                ]
              }
            ],
            "resource_group_name": "vastagone-group",
            "routing": [],
            "sas_policy": [],
            "secondary_access_key": "AqfQHsRFmvQ2tYQ22OyXnsmLqKe71aEnfUU8EY7h3VgUKB82LP++1U0SWbZ+9H/6LR7eFIBEUtQ5+AStj6h0dg==",
            "secondary_blob_connection_string": "",
            "secondary_blob_endpoint": null,
            "secondary_blob_host": null,
            "secondary_connection_string": "DefaultEndpointsProtocol=https;AccountName=vastagona;AccountKey=AqfQHsRFmvQ2tYQ22OyXnsmLqKe71aEnfUU8EY7h3VgUKB82LP++1U0SWbZ+9H/6LR7eFIBEUtQ5+AStj6h0dg==;EndpointSuffix=core.windows.net",
            "secondary_dfs_endpoint": null,
            "secondary_dfs_host": null,
            "secondary_file_endpoint": null,
            "secondary_file_host": null,
            "secondary_location": "",
            "secondary_queue_endpoint": null,
            "secondary_queue_host": null,
            "secondary_table_endpoint": null,
            "secondary_table_host": null,
            "secondary_web_endpoint": null,
            "secondary_web_host": null,
            "sftp_enabled": false,
            "share_properties": [
              {
                "cors_rule": [],
                "retention_policy": [
                  {
                    "days": 7
                  }
                ],
                "smb": []
              }
            ],
            "shared_access_key_enabled": true,
            "static_website": [],
            "table_encryption_key_type": "Service",
            "tags": null,
            "timeouts": null
          },
          "sensitive_attributes": [],
          "private": "eyJlMmJmYjczMC1lY2FhLTExZTYtOGY4OC0zNDM2M2JjN2M0YzAiOnsiY3JlYXRlIjozNjAwMDAwMDAwMDAwLCJkZWxldGUiOjM2MDAwMDAwMDAwMDAsInJlYWQiOjMwMDAwMDAwMDAwMCwidXBkYXRlIjozNjAwMDAwMDAwMDAwfSwic2NoZW1hX3ZlcnNpb24iOiIzIn0=",
          "dependencies": [
            "azurerm_resource_group.example"
          ]
        }
      ]
    }
  ],
  "check_results": null
}
