{
  "version": 4,
  "terraform_version": "1.5.4",
  "serial": 230,
  "lineage": "955b63ce-a8c6-6826-4788-70afc555f1a3",
  "outputs": {},
  "resources": [
    {
      "mode": "data",
      "type": "azurerm_storage_account_sas",
      "name": "sas",
      "provider": "provider[\"registry.terraform.io/hashicorp/azurerm\"]",
      "instances": [
        {
          "schema_version": 0,
          "attributes": {
            "connection_string": "DefaultEndpointsProtocol=https;AccountName=vastagonfunctionapp;AccountKey=Jwjv7iUS9RmkWwhzdJg7gmq9c4+DT6Xoo20zFBuru9d5MPTs+8eJiSIKqp3uNlGy43dyt1GFK6Uu+ASt6fhNUw==;EndpointSuffix=core.windows.net",
            "expiry": "2024-12-31",
            "https_only": true,
            "id": "06a155a7fc2bc174ee28de28292b582a0fe7dd9ca6fb59b86d38583af38fdb67",
            "ip_addresses": null,
            "permissions": [
              {
                "add": false,
                "create": false,
                "delete": false,
                "filter": false,
                "list": false,
                "process": false,
                "read": true,
                "tag": false,
                "update": false,
                "write": false
              }
            ],
            "resource_types": [
              {
                "container": false,
                "object": true,
                "service": false
              }
            ],
            "sas": "?sv=2017-07-29\u0026ss=b\u0026srt=o\u0026sp=r\u0026se=2024-12-31\u0026st=2020-07-10\u0026spr=https\u0026sig=HGLroqYEH2j2zJSaXTw%2FbUQDBCJGlFZWrOYWLUKHc%2FI%3D",
            "services": [
              {
                "blob": true,
                "file": false,
                "queue": false,
                "table": false
              }
            ],
            "signed_version": "2017-07-29",
            "start": "2020-07-10",
            "timeouts": null
          },
          "sensitive_attributes": [
            [
              {
                "type": "get_attr",
                "value": "connection_string"
              }
            ]
          ]
        }
      ]
    },
    {
      "mode": "managed",
      "type": "azurerm_application_insights",
      "name": "application-insights",
      "provider": "provider[\"registry.terraform.io/hashicorp/azurerm\"]",
      "instances": [
        {
          "schema_version": 1,
          "attributes": {
            "app_id": "c0fcd98f-0870-40e1-a122-64d5bd3ef353",
            "application_type": "Node.JS",
            "connection_string": "InstrumentationKey=641a6c96-758e-4d3d-9dd6-6c6c9eacf5f7;IngestionEndpoint=https://eastus-6.in.applicationinsights.azure.com/;LiveEndpoint=https://eastus.livediagnostics.monitor.azure.com/",
            "daily_data_cap_in_gb": 100,
            "daily_data_cap_notifications_disabled": false,
            "disable_ip_masking": false,
            "force_customer_storage_for_profiler": false,
            "id": "/subscriptions/e213a1d7-ec53-43b8-8c56-637302aff6d4/resourceGroups/tf-functionapp-cosmosdb-rg/providers/Microsoft.Insights/components/tf-resume-appinsights",
            "instrumentation_key": "641a6c96-758e-4d3d-9dd6-6c6c9eacf5f7",
            "internet_ingestion_enabled": true,
            "internet_query_enabled": true,
            "local_authentication_disabled": false,
            "location": "eastus",
            "name": "tf-resume-appinsights",
            "resource_group_name": "tf-functionapp-cosmosdb-rg",
            "retention_in_days": 90,
            "sampling_percentage": 100,
            "tags": {},
            "timeouts": null,
            "workspace_id": ""
          },
          "sensitive_attributes": [],
          "private": "eyJlMmJmYjczMC1lY2FhLTExZTYtOGY4OC0zNDM2M2JjN2M0YzAiOnsiY3JlYXRlIjozNjAwMDAwMDAwMDAwLCJkZWxldGUiOjE4MDAwMDAwMDAwMDAsInJlYWQiOjMwMDAwMDAwMDAwMCwidXBkYXRlIjoxODAwMDAwMDAwMDAwfSwic2NoZW1hX3ZlcnNpb24iOiIxIn0=",
          "dependencies": [
            "azurerm_resource_group.tf-functionapp-cosmosdb-rg"
          ]
        }
      ]
    },
    {
      "mode": "managed",
      "type": "azurerm_cosmosdb_account",
      "name": "cosmosdb",
      "provider": "provider[\"registry.terraform.io/hashicorp/azurerm\"]",
      "instances": [
        {
          "schema_version": 0,
          "attributes": {
            "access_key_metadata_writes_enabled": true,
            "analytical_storage": [
              {
                "schema_type": "WellDefined"
              }
            ],
            "analytical_storage_enabled": false,
            "backup": [
              {
                "interval_in_minutes": 240,
                "retention_in_hours": 8,
                "storage_redundancy": "Geo",
                "type": "Periodic"
              }
            ],
            "capabilities": [],
            "capacity": [],
            "connection_strings": [
              "AccountEndpoint=https://vastagoncosmosdb.documents.azure.com:443/;AccountKey=LAfEyyR9MtIq8JSRNQj639LHWI6PVJWJsD2dx60PSBNKWzvLDB22nBWQTspo27BMdStJUM5A69c5ACDbEJ3wlg==;",
              "AccountEndpoint=https://vastagoncosmosdb.documents.azure.com:443/;AccountKey=v5EteWImvYWuHGHJ8eSg7RdwAxWUJBG5jWI6jOtEYjeUCjxv3AUrC5NTnYAEXyKaesemPxiwM8CwACDbt6HRTw==;",
              "AccountEndpoint=https://vastagoncosmosdb.documents.azure.com:443/;AccountKey=Vwen6YW4pv2KyZRXjz2jn2UQ8yXvF54sOR9EbBcMGR64u41QkuDzfmrgwu7NIJ0BFdkP9l2nGre2ACDbKMVyWQ==;",
              "AccountEndpoint=https://vastagoncosmosdb.documents.azure.com:443/;AccountKey=nmXFvP2rp1a016wkNrqyFavrZlnc6ThprlNryCIJioDxUA1fFPq20S5GbtV5Yw8zRHkEspIvAXqCACDbQVA4rA==;"
            ],
            "consistency_policy": [
              {
                "consistency_level": "BoundedStaleness",
                "max_interval_in_seconds": 300,
                "max_staleness_prefix": 100000
              }
            ],
            "cors_rule": [],
            "create_mode": "",
            "default_identity_type": "FirstPartyIdentity",
            "enable_automatic_failover": false,
            "enable_free_tier": false,
            "enable_multiple_write_locations": false,
            "endpoint": "https://vastagoncosmosdb.documents.azure.com:443/",
            "geo_location": [
              {
                "failover_priority": 0,
                "id": "vastagoncosmosdb-eastus",
                "location": "eastus",
                "zone_redundant": false
              },
              {
                "failover_priority": 1,
                "id": "vastagoncosmosdb-westus",
                "location": "westus",
                "zone_redundant": false
              }
            ],
            "id": "/subscriptions/e213a1d7-ec53-43b8-8c56-637302aff6d4/resourceGroups/tf-functionapp-cosmosdb-rg/providers/Microsoft.DocumentDB/databaseAccounts/vastagoncosmosdb",
            "identity": [],
            "ip_range_filter": "",
            "is_virtual_network_filter_enabled": false,
            "key_vault_key_id": null,
            "kind": "GlobalDocumentDB",
            "local_authentication_disabled": false,
            "location": "eastus",
            "mongo_server_version": null,
            "name": "vastagoncosmosdb",
            "network_acl_bypass_for_azure_services": false,
            "network_acl_bypass_ids": [],
            "offer_type": "Standard",
            "primary_key": "LAfEyyR9MtIq8JSRNQj639LHWI6PVJWJsD2dx60PSBNKWzvLDB22nBWQTspo27BMdStJUM5A69c5ACDbEJ3wlg==",
            "primary_readonly_key": "Vwen6YW4pv2KyZRXjz2jn2UQ8yXvF54sOR9EbBcMGR64u41QkuDzfmrgwu7NIJ0BFdkP9l2nGre2ACDbKMVyWQ==",
            "primary_readonly_sql_connection_string": "AccountEndpoint=https://vastagoncosmosdb.documents.azure.com:443/;AccountKey=Vwen6YW4pv2KyZRXjz2jn2UQ8yXvF54sOR9EbBcMGR64u41QkuDzfmrgwu7NIJ0BFdkP9l2nGre2ACDbKMVyWQ==;",
            "primary_sql_connection_string": "AccountEndpoint=https://vastagoncosmosdb.documents.azure.com:443/;AccountKey=LAfEyyR9MtIq8JSRNQj639LHWI6PVJWJsD2dx60PSBNKWzvLDB22nBWQTspo27BMdStJUM5A69c5ACDbEJ3wlg==;",
            "public_network_access_enabled": true,
            "read_endpoints": [
              "https://vastagoncosmosdb-eastus.documents.azure.com:443/",
              "https://vastagoncosmosdb-westus.documents.azure.com:443/"
            ],
            "resource_group_name": "tf-functionapp-cosmosdb-rg",
            "restore": [],
            "secondary_key": "v5EteWImvYWuHGHJ8eSg7RdwAxWUJBG5jWI6jOtEYjeUCjxv3AUrC5NTnYAEXyKaesemPxiwM8CwACDbt6HRTw==",
            "secondary_readonly_key": "nmXFvP2rp1a016wkNrqyFavrZlnc6ThprlNryCIJioDxUA1fFPq20S5GbtV5Yw8zRHkEspIvAXqCACDbQVA4rA==",
            "secondary_readonly_sql_connection_string": "AccountEndpoint=https://vastagoncosmosdb.documents.azure.com:443/;AccountKey=nmXFvP2rp1a016wkNrqyFavrZlnc6ThprlNryCIJioDxUA1fFPq20S5GbtV5Yw8zRHkEspIvAXqCACDbQVA4rA==;",
            "secondary_sql_connection_string": "AccountEndpoint=https://vastagoncosmosdb.documents.azure.com:443/;AccountKey=v5EteWImvYWuHGHJ8eSg7RdwAxWUJBG5jWI6jOtEYjeUCjxv3AUrC5NTnYAEXyKaesemPxiwM8CwACDbt6HRTw==;",
            "tags": {},
            "timeouts": null,
            "virtual_network_rule": [],
            "write_endpoints": [
              "https://vastagoncosmosdb-eastus.documents.azure.com:443/"
            ]
          },
          "sensitive_attributes": [],
          "private": "eyJlMmJmYjczMC1lY2FhLTExZTYtOGY4OC0zNDM2M2JjN2M0YzAiOnsiY3JlYXRlIjoxMDgwMDAwMDAwMDAwMCwiZGVsZXRlIjoxMDgwMDAwMDAwMDAwMCwicmVhZCI6MzAwMDAwMDAwMDAwLCJ1cGRhdGUiOjEwODAwMDAwMDAwMDAwfX0=",
          "dependencies": [
            "azurerm_resource_group.tf-functionapp-cosmosdb-rg"
          ]
        }
      ]
    },
    {
      "mode": "managed",
      "type": "azurerm_cosmosdb_sql_container",
      "name": "count-container",
      "provider": "provider[\"registry.terraform.io/hashicorp/azurerm\"]",
      "instances": [
        {
          "schema_version": 1,
          "attributes": {
            "account_name": "vastagoncosmosdb",
            "analytical_storage_ttl": null,
            "autoscale_settings": [],
            "conflict_resolution_policy": [
              {
                "conflict_resolution_path": "/_ts",
                "conflict_resolution_procedure": "",
                "mode": "LastWriterWins"
              }
            ],
            "database_name": "vastagonresumedb",
            "default_ttl": null,
            "id": "/subscriptions/e213a1d7-ec53-43b8-8c56-637302aff6d4/resourceGroups/tf-functionapp-cosmosdb-rg/providers/Microsoft.DocumentDB/databaseAccounts/vastagoncosmosdb/sqlDatabases/vastagonresumedb/containers/count-container",
            "indexing_policy": [
              {
                "composite_index": [],
                "excluded_path": [
                  {
                    "path": "/excluded/?"
                  }
                ],
                "included_path": [
                  {
                    "path": "/*"
                  },
                  {
                    "path": "/included/?"
                  }
                ],
                "indexing_mode": "consistent",
                "spatial_index": []
              }
            ],
            "name": "count-container",
            "partition_key_path": "/definition/id",
            "partition_key_version": 1,
            "resource_group_name": "tf-functionapp-cosmosdb-rg",
            "throughput": 400,
            "timeouts": null,
            "unique_key": [
              {
                "paths": [
                  "/definition/idlong",
                  "/definition/idshort"
                ]
              }
            ]
          },
          "sensitive_attributes": [],
          "private": "eyJlMmJmYjczMC1lY2FhLTExZTYtOGY4OC0zNDM2M2JjN2M0YzAiOnsiY3JlYXRlIjoxODAwMDAwMDAwMDAwLCJkZWxldGUiOjE4MDAwMDAwMDAwMDAsInJlYWQiOjMwMDAwMDAwMDAwMCwidXBkYXRlIjoxODAwMDAwMDAwMDAwfSwic2NoZW1hX3ZlcnNpb24iOiIxIn0=",
          "dependencies": [
            "azurerm_cosmosdb_account.cosmosdb",
            "azurerm_cosmosdb_sql_database.cosmossqldatabase",
            "azurerm_resource_group.tf-functionapp-cosmosdb-rg"
          ]
        }
      ]
    },
    {
      "mode": "managed",
      "type": "azurerm_cosmosdb_sql_database",
      "name": "cosmossqldatabase",
      "provider": "provider[\"registry.terraform.io/hashicorp/azurerm\"]",
      "instances": [
        {
          "schema_version": 1,
          "attributes": {
            "account_name": "vastagoncosmosdb",
            "autoscale_settings": [],
            "id": "/subscriptions/e213a1d7-ec53-43b8-8c56-637302aff6d4/resourceGroups/tf-functionapp-cosmosdb-rg/providers/Microsoft.DocumentDB/databaseAccounts/vastagoncosmosdb/sqlDatabases/vastagonresumedb",
            "name": "vastagonresumedb",
            "resource_group_name": "tf-functionapp-cosmosdb-rg",
            "throughput": 400,
            "timeouts": null
          },
          "sensitive_attributes": [],
          "private": "eyJlMmJmYjczMC1lY2FhLTExZTYtOGY4OC0zNDM2M2JjN2M0YzAiOnsiY3JlYXRlIjoxODAwMDAwMDAwMDAwLCJkZWxldGUiOjE4MDAwMDAwMDAwMDAsInJlYWQiOjMwMDAwMDAwMDAwMCwidXBkYXRlIjoxODAwMDAwMDAwMDAwfSwic2NoZW1hX3ZlcnNpb24iOiIxIn0=",
          "dependencies": [
            "azurerm_cosmosdb_account.cosmosdb",
            "azurerm_resource_group.tf-functionapp-cosmosdb-rg"
          ]
        }
      ]
    },
    {
      "mode": "managed",
      "type": "azurerm_linux_function_app",
      "name": "linux-function-app",
      "provider": "provider[\"registry.terraform.io/hashicorp/azurerm\"]",
      "instances": [
        {
          "schema_version": 0,
          "attributes": {
            "app_settings": {
              "CosmosDB": "AccountEndpoint=https://vastagoncosmosdb.documents.azure.com:443/;AccountKey=LAfEyyR9MtIq8JSRNQj639LHWI6PVJWJsD2dx60PSBNKWzvLDB22nBWQTspo27BMdStJUM5A69c5ACDbEJ3wlg==;",
              "CosmosDbConnectionString": "AccountEndpoint=https://vastagoncosmosdb.documents.azure.com:443/;AccountKey=LAfEyyR9MtIq8JSRNQj639LHWI6PVJWJsD2dx60PSBNKWzvLDB22nBWQTspo27BMdStJUM5A69c5ACDbEJ3wlg==;",
              "FUNCTIONS_WORKER_RUNTIME": "python",
              "WEBSITE_CONTENTAZUREFILECONNECTIONSTRING": "DefaultEndpointsProtocol=https;AccountName=vastagonfunctionapp;AccountKey=Jwjv7iUS9RmkWwhzdJg7gmq9c4+DT6Xoo20zFBuru9d5MPTs+8eJiSIKqp3uNlGy43dyt1GFK6Uu+ASt6fhNUw==;EndpointSuffix=core.windows.net",
              "WEBSITE_CONTENTSHARE": "vastagonfunctionapp",
              "WEBSITE_RUN_FROM_PACKAGE": "https://vastagonfunctionapp.blob.core.windows.net/function-releases/functionapp.zip?sv=2017-07-29\u0026ss=b\u0026srt=o\u0026sp=r\u0026se=2024-12-31\u0026st=2020-07-10\u0026spr=https\u0026sig=HGLroqYEH2j2zJSaXTw%2FbUQDBCJGlFZWrOYWLUKHc%2FI%3D",
              "https_only": "true"
            },
            "auth_settings": [
              {
                "active_directory": [],
                "additional_login_parameters": {},
                "allowed_external_redirect_urls": [],
                "default_provider": "",
                "enabled": false,
                "facebook": [],
                "github": [],
                "google": [],
                "issuer": "",
                "microsoft": [],
                "runtime_version": "",
                "token_refresh_extension_hours": 0,
                "token_store_enabled": false,
                "twitter": [],
                "unauthenticated_client_action": ""
              }
            ],
            "backup": [],
            "builtin_logging_enabled": true,
            "client_certificate_enabled": false,
            "client_certificate_exclusion_paths": "",
            "client_certificate_mode": "Optional",
            "connection_string": [],
            "content_share_force_disabled": false,
            "custom_domain_verification_id": "53E2C261B705CD5E64C70E0F5AE52A96A1B0A5933B646C4989D3BE375510BE2A",
            "daily_memory_time_quota": 0,
            "default_hostname": "vastagon-function-app.azurewebsites.net",
            "enabled": true,
            "functions_extension_version": "~4",
            "https_only": false,
            "id": "/subscriptions/e213a1d7-ec53-43b8-8c56-637302aff6d4/resourceGroups/tf-functionapp-cosmosdb-rg/providers/Microsoft.Web/sites/vastagon-function-app",
            "identity": [],
            "key_vault_reference_identity_id": "SystemAssigned",
            "kind": "functionapp,linux",
            "location": "eastus",
            "name": "vastagon-function-app",
            "outbound_ip_address_list": [
              "40.88.241.29",
              "52.146.29.58",
              "40.88.241.213",
              "40.88.242.116",
              "40.88.242.219",
              "40.88.243.53",
              "20.49.104.34"
            ],
            "outbound_ip_addresses": "40.88.241.29,52.146.29.58,40.88.241.213,40.88.242.116,40.88.242.219,40.88.243.53,20.49.104.34",
            "possible_outbound_ip_address_list": [
              "40.88.241.29",
              "52.146.29.58",
              "40.88.241.213",
              "40.88.242.116",
              "40.88.242.219",
              "40.88.243.53",
              "40.88.243.252",
              "40.88.247.230",
              "20.72.128.190",
              "20.72.128.227",
              "20.72.128.236",
              "20.72.128.254",
              "20.72.129.81",
              "20.72.129.88",
              "20.72.129.104",
              "20.72.129.156",
              "20.72.129.205",
              "20.72.129.240",
              "20.81.60.57",
              "20.81.58.169",
              "20.81.61.14",
              "20.81.61.57",
              "20.81.61.83",
              "20.81.61.104",
              "20.49.104.34"
            ],
            "possible_outbound_ip_addresses": "40.88.241.29,52.146.29.58,40.88.241.213,40.88.242.116,40.88.242.219,40.88.243.53,40.88.243.252,40.88.247.230,20.72.128.190,20.72.128.227,20.72.128.236,20.72.128.254,20.72.129.81,20.72.129.88,20.72.129.104,20.72.129.156,20.72.129.205,20.72.129.240,20.81.60.57,20.81.58.169,20.81.61.14,20.81.61.57,20.81.61.83,20.81.61.104,20.49.104.34",
            "resource_group_name": "tf-functionapp-cosmosdb-rg",
            "service_plan_id": "/subscriptions/e213a1d7-ec53-43b8-8c56-637302aff6d4/resourceGroups/tf-functionapp-cosmosdb-rg/providers/Microsoft.Web/serverfarms/linux-app-service-plan",
            "site_config": [
              {
                "always_on": false,
                "api_definition_url": "",
                "api_management_api_id": "",
                "app_command_line": "",
                "app_scale_limit": 200,
                "app_service_logs": [],
                "application_insights_connection_string": "InstrumentationKey=641a6c96-758e-4d3d-9dd6-6c6c9eacf5f7;IngestionEndpoint=https://eastus-6.in.applicationinsights.azure.com/;LiveEndpoint=https://eastus.livediagnostics.monitor.azure.com/",
                "application_insights_key": "641a6c96-758e-4d3d-9dd6-6c6c9eacf5f7",
                "application_stack": [
                  {
                    "docker": [],
                    "dotnet_version": "",
                    "java_version": "",
                    "node_version": "",
                    "powershell_core_version": "",
                    "python_version": "3.9",
                    "use_custom_runtime": false,
                    "use_dotnet_isolated_runtime": false
                  }
                ],
                "container_registry_managed_identity_client_id": "",
                "container_registry_use_managed_identity": false,
                "cors": [
                  {
                    "allowed_origins": [
                      "https://VastagonCDNEndpoint.azureedge.net",
                      "https://portal.azure.com"
                    ],
                    "support_credentials": false
                  }
                ],
                "default_documents": [
                  "Default.htm",
                  "Default.html",
                  "Default.asp",
                  "index.htm",
                  "index.html",
                  "iisstart.htm",
                  "default.aspx",
                  "index.php"
                ],
                "detailed_error_logging_enabled": false,
                "elastic_instance_minimum": 0,
                "ftps_state": "Disabled",
                "health_check_eviction_time_in_min": 0,
                "health_check_path": "",
                "http2_enabled": false,
                "ip_restriction": [],
                "linux_fx_version": "PYTHON|3.9",
                "load_balancing_mode": "LeastRequests",
                "managed_pipeline_mode": "Integrated",
                "minimum_tls_version": "1.2",
                "pre_warmed_instance_count": 0,
                "remote_debugging_enabled": false,
                "remote_debugging_version": "",
                "runtime_scale_monitoring_enabled": false,
                "scm_ip_restriction": [],
                "scm_minimum_tls_version": "1.2",
                "scm_type": "None",
                "scm_use_main_ip_restriction": false,
                "use_32_bit_worker": false,
                "vnet_route_all_enabled": false,
                "websockets_enabled": false,
                "worker_count": 1
              }
            ],
            "site_credential": [
              {
                "name": "$vastagon-function-app",
                "password": "byZQkpXv8f6PEgnRrSLD6j9JFauzft6mPebboPJb92At7mdTASaCsez0cfaM"
              }
            ],
            "sticky_settings": [],
            "storage_account": [],
            "storage_account_access_key": "Jwjv7iUS9RmkWwhzdJg7gmq9c4+DT6Xoo20zFBuru9d5MPTs+8eJiSIKqp3uNlGy43dyt1GFK6Uu+ASt6fhNUw==",
            "storage_account_name": "vastagonfunctionapp",
            "storage_key_vault_secret_id": "",
            "storage_uses_managed_identity": false,
            "tags": null,
            "timeouts": null,
            "virtual_network_subnet_id": ""
          },
          "sensitive_attributes": [
            [
              {
                "type": "get_attr",
                "value": "storage_account_access_key"
              }
            ],
            [
              {
                "type": "get_attr",
                "value": "site_config"
              },
              {
                "type": "index",
                "value": {
                  "value": 0,
                  "type": "number"
                }
              },
              {
                "type": "get_attr",
                "value": "application_insights_connection_string"
              }
            ],
            [
              {
                "type": "get_attr",
                "value": "site_config"
              },
              {
                "type": "index",
                "value": {
                  "value": 0,
                  "type": "number"
                }
              },
              {
                "type": "get_attr",
                "value": "application_insights_key"
              }
            ],
            [
              {
                "type": "get_attr",
                "value": "app_settings"
              },
              {
                "type": "index",
                "value": {
                  "value": "CosmosDB",
                  "type": "string"
                }
              }
            ],
            [
              {
                "type": "get_attr",
                "value": "app_settings"
              },
              {
                "type": "index",
                "value": {
                  "value": "CosmosDbConnectionString",
                  "type": "string"
                }
              }
            ],
            [
              {
                "type": "get_attr",
                "value": "app_settings"
              },
              {
                "type": "index",
                "value": {
                  "value": "WEBSITE_CONTENTAZUREFILECONNECTIONSTRING",
                  "type": "string"
                }
              }
            ],
            [
              {
                "type": "get_attr",
                "value": "app_settings"
              },
              {
                "type": "index",
                "value": {
                  "value": "WEBSITE_RUN_FROM_PACKAGE",
                  "type": "string"
                }
              }
            ]
          ],
          "private": "eyJlMmJmYjczMC1lY2FhLTExZTYtOGY4OC0zNDM2M2JjN2M0YzAiOnsiY3JlYXRlIjoxODAwMDAwMDAwMDAwLCJkZWxldGUiOjE4MDAwMDAwMDAwMDAsInJlYWQiOjMwMDAwMDAwMDAwMCwidXBkYXRlIjoxODAwMDAwMDAwMDAwfX0=",
          "dependencies": [
            "azurerm_application_insights.application-insights",
            "azurerm_cosmosdb_account.cosmosdb",
            "azurerm_resource_group.tf-functionapp-cosmosdb-rg",
            "azurerm_service_plan.app-service-plan",
            "azurerm_storage_account.functionappstorage",
            "azurerm_storage_blob.function-app-blob",
            "azurerm_storage_container.function-app-container",
            "data.azurerm_storage_account_sas.sas"
          ]
        }
      ]
    },
    {
      "mode": "managed",
      "type": "azurerm_resource_group",
      "name": "tf-functionapp-cosmosdb-rg",
      "provider": "provider[\"registry.terraform.io/hashicorp/azurerm\"]",
      "instances": [
        {
          "schema_version": 0,
          "attributes": {
            "id": "/subscriptions/e213a1d7-ec53-43b8-8c56-637302aff6d4/resourceGroups/tf-functionapp-cosmosdb-rg",
            "location": "eastus",
            "name": "tf-functionapp-cosmosdb-rg",
            "tags": {},
            "timeouts": null
          },
          "sensitive_attributes": [],
          "private": "eyJlMmJmYjczMC1lY2FhLTExZTYtOGY4OC0zNDM2M2JjN2M0YzAiOnsiY3JlYXRlIjo1NDAwMDAwMDAwMDAwLCJkZWxldGUiOjU0MDAwMDAwMDAwMDAsInJlYWQiOjMwMDAwMDAwMDAwMCwidXBkYXRlIjo1NDAwMDAwMDAwMDAwfX0="
        }
      ]
    },
    {
      "mode": "managed",
      "type": "azurerm_service_plan",
      "name": "app-service-plan",
      "provider": "provider[\"registry.terraform.io/hashicorp/azurerm\"]",
      "instances": [
        {
          "schema_version": 0,
          "attributes": {
            "app_service_environment_id": "",
            "id": "/subscriptions/e213a1d7-ec53-43b8-8c56-637302aff6d4/resourceGroups/tf-functionapp-cosmosdb-rg/providers/Microsoft.Web/serverfarms/linux-app-service-plan",
            "kind": "functionapp",
            "location": "eastus",
            "maximum_elastic_worker_count": 1,
            "name": "linux-app-service-plan",
            "os_type": "Linux",
            "per_site_scaling_enabled": false,
            "reserved": true,
            "resource_group_name": "tf-functionapp-cosmosdb-rg",
            "sku_name": "Y1",
            "tags": null,
            "timeouts": null,
            "worker_count": 0,
            "zone_balancing_enabled": false
          },
          "sensitive_attributes": [],
          "private": "eyJlMmJmYjczMC1lY2FhLTExZTYtOGY4OC0zNDM2M2JjN2M0YzAiOnsiY3JlYXRlIjozNjAwMDAwMDAwMDAwLCJkZWxldGUiOjM2MDAwMDAwMDAwMDAsInJlYWQiOjMwMDAwMDAwMDAwMCwidXBkYXRlIjozNjAwMDAwMDAwMDAwfX0=",
          "dependencies": [
            "azurerm_resource_group.tf-functionapp-cosmosdb-rg"
          ]
        }
      ]
    },
    {
      "mode": "managed",
      "type": "azurerm_storage_account",
      "name": "functionappstorage",
      "provider": "provider[\"registry.terraform.io/hashicorp/azurerm\"]",
      "instances": [
        {
          "schema_version": 3,
          "attributes": {
            "access_tier": "Hot",
            "account_kind": "StorageV2",
            "account_replication_type": "LRS",
            "account_tier": "Standard",
            "allow_nested_items_to_be_public": true,
            "allowed_copy_scope": "",
            "azure_files_authentication": [],
            "blob_properties": [
              {
                "change_feed_enabled": false,
                "change_feed_retention_in_days": 0,
                "container_delete_retention_policy": [],
                "cors_rule": [],
                "default_service_version": "",
                "delete_retention_policy": [],
                "last_access_time_enabled": false,
                "restore_policy": [],
                "versioning_enabled": false
              }
            ],
            "cross_tenant_replication_enabled": true,
            "custom_domain": [],
            "customer_managed_key": [],
            "default_to_oauth_authentication": false,
            "edge_zone": "",
            "enable_https_traffic_only": true,
            "id": "/subscriptions/e213a1d7-ec53-43b8-8c56-637302aff6d4/resourceGroups/tf-functionapp-cosmosdb-rg/providers/Microsoft.Storage/storageAccounts/vastagonfunctionapp",
            "identity": [],
            "immutability_policy": [],
            "infrastructure_encryption_enabled": false,
            "is_hns_enabled": false,
            "large_file_share_enabled": null,
            "location": "eastus",
            "min_tls_version": "TLS1_2",
            "name": "vastagonfunctionapp",
            "network_rules": [
              {
                "bypass": [
                  "AzureServices"
                ],
                "default_action": "Allow",
                "ip_rules": [],
                "private_link_access": [],
                "virtual_network_subnet_ids": []
              }
            ],
            "nfsv3_enabled": false,
            "primary_access_key": "Jwjv7iUS9RmkWwhzdJg7gmq9c4+DT6Xoo20zFBuru9d5MPTs+8eJiSIKqp3uNlGy43dyt1GFK6Uu+ASt6fhNUw==",
            "primary_blob_connection_string": "DefaultEndpointsProtocol=https;BlobEndpoint=https://vastagonfunctionapp.blob.core.windows.net/;AccountName=vastagonfunctionapp;AccountKey=Jwjv7iUS9RmkWwhzdJg7gmq9c4+DT6Xoo20zFBuru9d5MPTs+8eJiSIKqp3uNlGy43dyt1GFK6Uu+ASt6fhNUw==",
            "primary_blob_endpoint": "https://vastagonfunctionapp.blob.core.windows.net/",
            "primary_blob_host": "vastagonfunctionapp.blob.core.windows.net",
            "primary_connection_string": "DefaultEndpointsProtocol=https;AccountName=vastagonfunctionapp;AccountKey=Jwjv7iUS9RmkWwhzdJg7gmq9c4+DT6Xoo20zFBuru9d5MPTs+8eJiSIKqp3uNlGy43dyt1GFK6Uu+ASt6fhNUw==;EndpointSuffix=core.windows.net",
            "primary_dfs_endpoint": "https://vastagonfunctionapp.dfs.core.windows.net/",
            "primary_dfs_host": "vastagonfunctionapp.dfs.core.windows.net",
            "primary_file_endpoint": "https://vastagonfunctionapp.file.core.windows.net/",
            "primary_file_host": "vastagonfunctionapp.file.core.windows.net",
            "primary_location": "eastus",
            "primary_queue_endpoint": "https://vastagonfunctionapp.queue.core.windows.net/",
            "primary_queue_host": "vastagonfunctionapp.queue.core.windows.net",
            "primary_table_endpoint": "https://vastagonfunctionapp.table.core.windows.net/",
            "primary_table_host": "vastagonfunctionapp.table.core.windows.net",
            "primary_web_endpoint": "https://vastagonfunctionapp.z13.web.core.windows.net/",
            "primary_web_host": "vastagonfunctionapp.z13.web.core.windows.net",
            "public_network_access_enabled": true,
            "queue_encryption_key_type": "Service",
            "queue_properties": [
              {
                "cors_rule": [],
                "hour_metrics": [
                  {
                    "enabled": true,
                    "include_apis": true,
                    "retention_policy_days": 7,
                    "version": "1.0"
                  }
                ],
                "logging": [
                  {
                    "delete": false,
                    "read": false,
                    "retention_policy_days": 0,
                    "version": "1.0",
                    "write": false
                  }
                ],
                "minute_metrics": [
                  {
                    "enabled": false,
                    "include_apis": false,
                    "retention_policy_days": 0,
                    "version": "1.0"
                  }
                ]
              }
            ],
            "resource_group_name": "tf-functionapp-cosmosdb-rg",
            "routing": [],
            "sas_policy": [],
            "secondary_access_key": "D6VC1YNbxKATErBjfQiG5H5Vn4J5FgzmAaTe2uPAoycjS4PUldsI9sEGWJgB7D/SVK8BxahQ5n1i+AStMi18qw==",
            "secondary_blob_connection_string": "",
            "secondary_blob_endpoint": null,
            "secondary_blob_host": null,
            "secondary_connection_string": "DefaultEndpointsProtocol=https;AccountName=vastagonfunctionapp;AccountKey=D6VC1YNbxKATErBjfQiG5H5Vn4J5FgzmAaTe2uPAoycjS4PUldsI9sEGWJgB7D/SVK8BxahQ5n1i+AStMi18qw==;EndpointSuffix=core.windows.net",
            "secondary_dfs_endpoint": null,
            "secondary_dfs_host": null,
            "secondary_file_endpoint": null,
            "secondary_file_host": null,
            "secondary_location": "",
            "secondary_queue_endpoint": null,
            "secondary_queue_host": null,
            "secondary_table_endpoint": null,
            "secondary_table_host": null,
            "secondary_web_endpoint": null,
            "secondary_web_host": null,
            "sftp_enabled": false,
            "share_properties": [
              {
                "cors_rule": [],
                "retention_policy": [
                  {
                    "days": 7
                  }
                ],
                "smb": []
              }
            ],
            "shared_access_key_enabled": true,
            "static_website": [],
            "table_encryption_key_type": "Service",
            "tags": {},
            "timeouts": null
          },
          "sensitive_attributes": [],
          "private": "eyJlMmJmYjczMC1lY2FhLTExZTYtOGY4OC0zNDM2M2JjN2M0YzAiOnsiY3JlYXRlIjozNjAwMDAwMDAwMDAwLCJkZWxldGUiOjM2MDAwMDAwMDAwMDAsInJlYWQiOjMwMDAwMDAwMDAwMCwidXBkYXRlIjozNjAwMDAwMDAwMDAwfSwic2NoZW1hX3ZlcnNpb24iOiIzIn0=",
          "dependencies": [
            "azurerm_resource_group.tf-functionapp-cosmosdb-rg"
          ]
        }
      ]
    },
    {
      "mode": "managed",
      "type": "azurerm_storage_blob",
      "name": "function-app-blob",
      "provider": "provider[\"registry.terraform.io/hashicorp/azurerm\"]",
      "instances": [
        {
          "schema_version": 1,
          "attributes": {
            "access_tier": "Hot",
            "cache_control": "",
            "content_md5": "",
            "content_type": "application/octet-stream",
            "id": "https://vastagonfunctionapp.blob.core.windows.net/function-releases/functionapp.zip",
            "metadata": {},
            "name": "functionapp.zip",
            "parallelism": 8,
            "size": 0,
            "source": "/home/azureuser/cloud-challenge-terraform/FunctionAppTF/FunctionTriggers/testzip.zip",
            "source_content": null,
            "source_uri": null,
            "storage_account_name": "vastagonfunctionapp",
            "storage_container_name": "function-releases",
            "timeouts": null,
            "type": "Block",
            "url": "https://vastagonfunctionapp.blob.core.windows.net/function-releases/functionapp.zip"
          },
          "sensitive_attributes": [],
          "private": "eyJlMmJmYjczMC1lY2FhLTExZTYtOGY4OC0zNDM2M2JjN2M0YzAiOnsiY3JlYXRlIjoxODAwMDAwMDAwMDAwLCJkZWxldGUiOjE4MDAwMDAwMDAwMDAsInJlYWQiOjMwMDAwMDAwMDAwMCwidXBkYXRlIjoxODAwMDAwMDAwMDAwfSwic2NoZW1hX3ZlcnNpb24iOiIxIn0=",
          "dependencies": [
            "azurerm_resource_group.tf-functionapp-cosmosdb-rg",
            "azurerm_storage_account.functionappstorage",
            "azurerm_storage_container.function-app-container"
          ]
        }
      ]
    },
    {
      "mode": "managed",
      "type": "azurerm_storage_container",
      "name": "function-app-container",
      "provider": "provider[\"registry.terraform.io/hashicorp/azurerm\"]",
      "instances": [
        {
          "schema_version": 1,
          "attributes": {
            "container_access_type": "private",
            "has_immutability_policy": false,
            "has_legal_hold": false,
            "id": "https://vastagonfunctionapp.blob.core.windows.net/function-releases",
            "metadata": {},
            "name": "function-releases",
            "resource_manager_id": "/subscriptions/e213a1d7-ec53-43b8-8c56-637302aff6d4/resourceGroups/tf-functionapp-cosmosdb-rg/providers/Microsoft.Storage/storageAccounts/vastagonfunctionapp/blobServices/default/containers/function-releases",
            "storage_account_name": "vastagonfunctionapp",
            "timeouts": null
          },
          "sensitive_attributes": [],
          "private": "eyJlMmJmYjczMC1lY2FhLTExZTYtOGY4OC0zNDM2M2JjN2M0YzAiOnsiY3JlYXRlIjoxODAwMDAwMDAwMDAwLCJkZWxldGUiOjE4MDAwMDAwMDAwMDAsInJlYWQiOjMwMDAwMDAwMDAwMCwidXBkYXRlIjoxODAwMDAwMDAwMDAwfSwic2NoZW1hX3ZlcnNpb24iOiIxIn0=",
          "dependencies": [
            "azurerm_resource_group.tf-functionapp-cosmosdb-rg",
            "azurerm_storage_account.functionappstorage"
          ]
        }
      ]
    }
  ],
  "check_results": null
}
